// !$*UTF8*$!
{
	archiveVersion = 1;
	classes = {
	};
	objectVersion = 50;
	objects = {

/* Begin PBXBuildFile section */
		A2040BA3262A13B000D9667E /* Persistence.swift in Sources */ = {isa = PBXBuildFile; fileRef = A2040BA2262A13B000D9667E /* Persistence.swift */; };
		A20B38D025D4680800DA2DE2 /* TimingProtocol.swift in Sources */ = {isa = PBXBuildFile; fileRef = A20B38CF25D4680800DA2DE2 /* TimingProtocol.swift */; };
		A20C87D92636312000CC6AEF /* LogsInformationViewController.swift in Sources */ = {isa = PBXBuildFile; fileRef = A20C87D82636312000CC6AEF /* LogsInformationViewController.swift */; };
		A20C87DE263633C300CC6AEF /* HomeInformationViewController.swift in Sources */ = {isa = PBXBuildFile; fileRef = A20C87DD263633C300CC6AEF /* HomeInformationViewController.swift */; };
		A20C87E32636358D00CC6AEF /* DogsInformationViewController.swift in Sources */ = {isa = PBXBuildFile; fileRef = A20C87E22636358D00CC6AEF /* DogsInformationViewController.swift */; };
		A20C87E72636630B00CC6AEF /* Logs.swift in Sources */ = {isa = PBXBuildFile; fileRef = A20C87E62636630B00CC6AEF /* Logs.swift */; };
		A20C99972568671F00E2C9C8 /* RequirementManager.swift in Sources */ = {isa = PBXBuildFile; fileRef = A20C99962568671F00E2C9C8 /* RequirementManager.swift */; };
		A20C999925686B7600E2C9C8 /* TimingManager.swift in Sources */ = {isa = PBXBuildFile; fileRef = A20C999825686B7600E2C9C8 /* TimingManager.swift */; };
		A226736225CDC36800904032 /* StringExtension.swift in Sources */ = {isa = PBXBuildFile; fileRef = A226736125CDC36800904032 /* StringExtension.swift */; };
		A226736C25CDC59300904032 /* HomeViewController.swift in Sources */ = {isa = PBXBuildFile; fileRef = A226736B25CDC59300904032 /* HomeViewController.swift */; };
		A226737025CDC5D000904032 /* HomeMainScreenTableViewController.swift in Sources */ = {isa = PBXBuildFile; fileRef = A226736F25CDC5D000904032 /* HomeMainScreenTableViewController.swift */; };
		A226737425CDC60C00904032 /* SettingsViewController.swift in Sources */ = {isa = PBXBuildFile; fileRef = A226737325CDC60C00904032 /* SettingsViewController.swift */; };
		A231ACE525DEEA3B00B11E84 /* UIExtension.swift in Sources */ = {isa = PBXBuildFile; fileRef = A231ACE425DEEA3B00B11E84 /* UIExtension.swift */; };
		A24725952614F3BF00259691 /* ToolTipView.swift in Sources */ = {isa = PBXBuildFile; fileRef = A24725942614F3BF00259691 /* ToolTipView.swift */; };
		A247B96425C87F300017FE66 /* MainTabBarViewController.swift in Sources */ = {isa = PBXBuildFile; fileRef = A247B96325C87F300017FE66 /* MainTabBarViewController.swift */; };
		A247B96825C883680017FE66 /* DogsMainScreenTableViewController.swift in Sources */ = {isa = PBXBuildFile; fileRef = A247B96725C883680017FE66 /* DogsMainScreenTableViewController.swift */; };
		A24F1326264064D70023BB84 /* BorderedLabel.swift in Sources */ = {isa = PBXBuildFile; fileRef = A24F1325264064D70023BB84 /* BorderedLabel.swift */; };
		A2536B3C2608364F00E2FF6A /* RequirementComponets.swift in Sources */ = {isa = PBXBuildFile; fileRef = A2536B3B2608364F00E2FF6A /* RequirementComponets.swift */; };
		A2536B4E26083C4E00E2FF6A /* Formatting in Resources */ = {isa = PBXBuildFile; fileRef = A2536B4D26083C4E00E2FF6A /* Formatting */; };
		A2536B54260843E900E2FF6A /* Requirement.swift in Sources */ = {isa = PBXBuildFile; fileRef = A2536B53260843E900E2FF6A /* Requirement.swift */; };
		A258AEEF25661580005242E4 /* Dog.swift in Sources */ = {isa = PBXBuildFile; fileRef = A258AEEE25661580005242E4 /* Dog.swift */; };
		A25C432225D8A89600B05C8D /* HomeMainScreenTableViewCellRequirementDisplay.swift in Sources */ = {isa = PBXBuildFile; fileRef = A25C432125D8A89600B05C8D /* HomeMainScreenTableViewCellRequirementDisplay.swift */; };
		A25FC7A9262E6334007AD1B3 /* LogsMainScreenTableViewCellHeader.swift in Sources */ = {isa = PBXBuildFile; fileRef = A25FC7A8262E6334007AD1B3 /* LogsMainScreenTableViewCellHeader.swift */; };
		A263B2F72638A54F00E1DCE6 /* Sender.swift in Sources */ = {isa = PBXBuildFile; fileRef = A263B2F62638A54F00E1DCE6 /* Sender.swift */; };
		A263B2FB2638A59700E1DCE6 /* Storyboard Subclasses.swift in Sources */ = {isa = PBXBuildFile; fileRef = A263B2FA2638A59700E1DCE6 /* Storyboard Subclasses.swift */; };
		A263B2FE2638A62E00E1DCE6 /* MakeDropDown.swift in Sources */ = {isa = PBXBuildFile; fileRef = A263B2FD2638A62E00E1DCE6 /* MakeDropDown.swift */; };
		A263B30E2638AADD00E1DCE6 /* XXXXXDropDownTableViewCell.xib in Resources */ = {isa = PBXBuildFile; fileRef = A263B30D2638AADD00E1DCE6 /* XXXXXDropDownTableViewCell.xib */; };
		A265848D25E8128400E8B812 /* CHECKLIST Future Implementation Needed in Resources */ = {isa = PBXBuildFile; fileRef = A265848C25E8128400E8B812 /* CHECKLIST Future Implementation Needed */; };
		A26A7585263CFF8C0026DE34 /* LogsAddLogViewController.swift in Sources */ = {isa = PBXBuildFile; fileRef = A26A7584263CFF8C0026DE34 /* LogsAddLogViewController.swift */; };
		A26AF36E25807887005D5DAB /* DateExtension.swift in Sources */ = {isa = PBXBuildFile; fileRef = A26AF36D25807887005D5DAB /* DateExtension.swift */; };
		A278ED882610FF05000575FC /* DogsRequirementManagerViewController.swift in Sources */ = {isa = PBXBuildFile; fileRef = A278ED872610FF05000575FC /* DogsRequirementManagerViewController.swift */; };
		A278ED8C2610FF3D000575FC /* DogsRequirementCountDownViewController.swift in Sources */ = {isa = PBXBuildFile; fileRef = A278ED8B2610FF3D000575FC /* DogsRequirementCountDownViewController.swift */; };
		A278ED942610FF89000575FC /* DogsRequirementTimeOfDayViewController.swift in Sources */ = {isa = PBXBuildFile; fileRef = A278ED932610FF89000575FC /* DogsRequirementTimeOfDayViewController.swift */; };
		A27C139725AD2BD70031B6A0 /* DogsMainScreenTableViewCellDogDescription.swift in Sources */ = {isa = PBXBuildFile; fileRef = A27C139625AD2BD70031B6A0 /* DogsMainScreenTableViewCellDogDescription.swift */; };
		A27C3D8B25B781B4005F46BA /* DogsAddDogViewController.swift in Sources */ = {isa = PBXBuildFile; fileRef = A27C3D8A25B781B4005F46BA /* DogsAddDogViewController.swift */; };
		A27C3D8F25B8A213005F46BA /* DogsNestedRequirementViewController.swift in Sources */ = {isa = PBXBuildFile; fileRef = A27C3D8E25B8A213005F46BA /* DogsNestedRequirementViewController.swift */; };
		A2853D8F25CFB4AD0068AEE3 /* GeneralManagementProtocols.swift in Sources */ = {isa = PBXBuildFile; fileRef = A2853D8E25CFB4AD0068AEE3 /* GeneralManagementProtocols.swift */; };
		A286934925769EEB00C0C06E /* Constants.swift in Sources */ = {isa = PBXBuildFile; fileRef = A286934825769EEB00C0C06E /* Constants.swift */; };
		A286934E2576A4CA00C0C06E /* ORIGINAL Future Implementation in Resources */ = {isa = PBXBuildFile; fileRef = A286934D2576A4CA00C0C06E /* ORIGINAL Future Implementation */; };
		A28A0B4825B922E80057BEC7 /* DogsRequirementTableViewController.swift in Sources */ = {isa = PBXBuildFile; fileRef = A28A0B4725B922E80057BEC7 /* DogsRequirementTableViewController.swift */; };
		A28A0B4C25B923BA0057BEC7 /* DogsRequirementNavigationViewController.swift in Sources */ = {isa = PBXBuildFile; fileRef = A28A0B4B25B923BA0057BEC7 /* DogsRequirementNavigationViewController.swift */; };
		A28A0B5025B924140057BEC7 /* DogsRequirementTableViewCell.swift in Sources */ = {isa = PBXBuildFile; fileRef = A28A0B4F25B924140057BEC7 /* DogsRequirementTableViewCell.swift */; };
		A28AF46D25E9C7C80018B575 /* DogsIndependentRequirementViewController.swift in Sources */ = {isa = PBXBuildFile; fileRef = A28AF46C25E9C7C80018B575 /* DogsIndependentRequirementViewController.swift */; };
		A290F38A25D4B10400429C9D /* Utils.swift in Sources */ = {isa = PBXBuildFile; fileRef = A290F38925D4B10400429C9D /* Utils.swift */; };
		A29390732608480800879C79 /* DogManager.swift in Sources */ = {isa = PBXBuildFile; fileRef = A29390722608480800879C79 /* DogManager.swift */; };
		A293E194262F19E90008A9F7 /* LogsMainScreenTableViewCellBody.swift in Sources */ = {isa = PBXBuildFile; fileRef = A293E193262F19E80008A9F7 /* LogsMainScreenTableViewCellBody.swift */; };
		A2A45CCF2644914A0050E5A1 /* DogsIntroductionViewController.swift in Sources */ = {isa = PBXBuildFile; fileRef = A2A45CCE2644914A0050E5A1 /* DogsIntroductionViewController.swift */; };
		A2AA423225C337C700EAE129 /* DogTraitsManager.swift in Sources */ = {isa = PBXBuildFile; fileRef = A2AA423125C337C700EAE129 /* DogTraitsManager.swift */; };
		A2B18E3825E8A4C000951AC3 /* AlertPresenter.swift in Sources */ = {isa = PBXBuildFile; fileRef = A2B18E3525E8A4C000951AC3 /* AlertPresenter.swift */; };
		A2B18E3925E8A4C000951AC3 /* Queue.swift in Sources */ = {isa = PBXBuildFile; fileRef = A2B18E3625E8A4C000951AC3 /* Queue.swift */; };
		A2B2CA2D25F858380095D15B /* HomeMainScreenTableViewCellEmpty.swift in Sources */ = {isa = PBXBuildFile; fileRef = A2B2CA2C25F858380095D15B /* HomeMainScreenTableViewCellEmpty.swift */; };
		A2B9A92726291AD800626FAE /* radar_ios_7.wav in Resources */ = {isa = PBXBuildFile; fileRef = A2B9A92626291AD800626FAE /* radar_ios_7.wav */; };
		A2B9A92B2629213800626FAE /* AlertControllers.swift in Sources */ = {isa = PBXBuildFile; fileRef = A2B9A92A2629213800626FAE /* AlertControllers.swift */; };
		A2B9DAE9262B2DFA00A47D57 /* LogsNavigationViewController.swift in Sources */ = {isa = PBXBuildFile; fileRef = A2B9DAE8262B2DFA00A47D57 /* LogsNavigationViewController.swift */; };
		A2B9DAED262B2E0A00A47D57 /* LogsViewController.swift in Sources */ = {isa = PBXBuildFile; fileRef = A2B9DAEC262B2E0A00A47D57 /* LogsViewController.swift */; };
		A2B9DAF1262B2F2D00A47D57 /* LogsMainScreenTableViewController.swift in Sources */ = {isa = PBXBuildFile; fileRef = A2B9DAF0262B2F2D00A47D57 /* LogsMainScreenTableViewController.swift */; };
		A2C014C92628ABA500DDE288 /* HomeNavigationViewController.swift in Sources */ = {isa = PBXBuildFile; fileRef = A2C014C82628ABA500DDE288 /* HomeNavigationViewController.swift */; };
		A2C014CF2628AD2F00DDE288 /* SettingsNavigationViewController.swift in Sources */ = {isa = PBXBuildFile; fileRef = A2C014CE2628AD2F00DDE288 /* SettingsNavigationViewController.swift */; };
		A2C014D52628AEEE00DDE288 /* DogsNavigationViewController.swift in Sources */ = {isa = PBXBuildFile; fileRef = A2C014D42628AEEE00DDE288 /* DogsNavigationViewController.swift */; };
		A2E44707263701A90087B1A3 /* IntroductionViewController.swift in Sources */ = {isa = PBXBuildFile; fileRef = A2E44706263701A90087B1A3 /* IntroductionViewController.swift */; };
		A2E66C9B25534A880068CCA6 /* AppDelegate.swift in Sources */ = {isa = PBXBuildFile; fileRef = A2E66C9A25534A880068CCA6 /* AppDelegate.swift */; };
		A2E66C9D25534A880068CCA6 /* SceneDelegate.swift in Sources */ = {isa = PBXBuildFile; fileRef = A2E66C9C25534A880068CCA6 /* SceneDelegate.swift */; };
		A2E66CA125534A880068CCA6 /* DogsViewController.swift in Sources */ = {isa = PBXBuildFile; fileRef = A2E66CA025534A880068CCA6 /* DogsViewController.swift */; };
		A2E66CA425534A880068CCA6 /* Main.storyboard in Resources */ = {isa = PBXBuildFile; fileRef = A2E66CA225534A880068CCA6 /* Main.storyboard */; };
		A2E66CA625534A8A0068CCA6 /* Assets.xcassets in Resources */ = {isa = PBXBuildFile; fileRef = A2E66CA525534A8A0068CCA6 /* Assets.xcassets */; };
		A2E66CA925534A8A0068CCA6 /* LaunchScreen.storyboard in Resources */ = {isa = PBXBuildFile; fileRef = A2E66CA725534A8A0068CCA6 /* LaunchScreen.storyboard */; };
		A2EAF17D25C9D45E0022BBDD /* DogsMainScreenTableViewCellDogRequirement.swift in Sources */ = {isa = PBXBuildFile; fileRef = A2EAF17C25C9D45E0022BBDD /* DogsMainScreenTableViewCellDogRequirement.swift */; };
		A2F1791C263F3E5C006824A7 /* DropDownDefaultTableViewCell.swift in Sources */ = {isa = PBXBuildFile; fileRef = A2F1791B263F3E5C006824A7 /* DropDownDefaultTableViewCell.swift */; };
		A2F1791F263F3FE3006824A7 /* DropDownDefaultTableViewCell.xib in Resources */ = {isa = PBXBuildFile; fileRef = A2F1791E263F3FE3006824A7 /* DropDownDefaultTableViewCell.xib */; };
/* End PBXBuildFile section */

/* Begin PBXFileReference section */
		A2040BA2262A13B000D9667E /* Persistence.swift */ = {isa = PBXFileReference; lastKnownFileType = sourcecode.swift; path = Persistence.swift; sourceTree = "<group>"; };
		A20B38CF25D4680800DA2DE2 /* TimingProtocol.swift */ = {isa = PBXFileReference; lastKnownFileType = sourcecode.swift; path = TimingProtocol.swift; sourceTree = "<group>"; };
		A20C87D82636312000CC6AEF /* LogsInformationViewController.swift */ = {isa = PBXFileReference; lastKnownFileType = sourcecode.swift; path = LogsInformationViewController.swift; sourceTree = "<group>"; };
		A20C87DD263633C300CC6AEF /* HomeInformationViewController.swift */ = {isa = PBXFileReference; lastKnownFileType = sourcecode.swift; path = HomeInformationViewController.swift; sourceTree = "<group>"; };
		A20C87E22636358D00CC6AEF /* DogsInformationViewController.swift */ = {isa = PBXFileReference; lastKnownFileType = sourcecode.swift; path = DogsInformationViewController.swift; sourceTree = "<group>"; };
		A20C87E62636630B00CC6AEF /* Logs.swift */ = {isa = PBXFileReference; lastKnownFileType = sourcecode.swift; path = Logs.swift; sourceTree = "<group>"; };
		A20C99962568671F00E2C9C8 /* RequirementManager.swift */ = {isa = PBXFileReference; lastKnownFileType = sourcecode.swift; path = RequirementManager.swift; sourceTree = "<group>"; };
		A20C999825686B7600E2C9C8 /* TimingManager.swift */ = {isa = PBXFileReference; lastKnownFileType = sourcecode.swift; path = TimingManager.swift; sourceTree = "<group>"; };
		A226736125CDC36800904032 /* StringExtension.swift */ = {isa = PBXFileReference; lastKnownFileType = sourcecode.swift; path = StringExtension.swift; sourceTree = "<group>"; };
		A226736B25CDC59300904032 /* HomeViewController.swift */ = {isa = PBXFileReference; lastKnownFileType = sourcecode.swift; path = HomeViewController.swift; sourceTree = "<group>"; };
		A226736F25CDC5D000904032 /* HomeMainScreenTableViewController.swift */ = {isa = PBXFileReference; lastKnownFileType = sourcecode.swift; path = HomeMainScreenTableViewController.swift; sourceTree = "<group>"; };
		A226737325CDC60C00904032 /* SettingsViewController.swift */ = {isa = PBXFileReference; lastKnownFileType = sourcecode.swift; name = SettingsViewController.swift; path = "Pupotty/View Controller/Settings/SettingsViewController.swift"; sourceTree = SOURCE_ROOT; };
		A231ACE425DEEA3B00B11E84 /* UIExtension.swift */ = {isa = PBXFileReference; lastKnownFileType = sourcecode.swift; path = UIExtension.swift; sourceTree = "<group>"; };
		A24725942614F3BF00259691 /* ToolTipView.swift */ = {isa = PBXFileReference; lastKnownFileType = sourcecode.swift; name = ToolTipView.swift; path = "../New Group/ToolTipView.swift"; sourceTree = "<group>"; };
		A247B96325C87F300017FE66 /* MainTabBarViewController.swift */ = {isa = PBXFileReference; lastKnownFileType = sourcecode.swift; path = MainTabBarViewController.swift; sourceTree = "<group>"; };
		A247B96725C883680017FE66 /* DogsMainScreenTableViewController.swift */ = {isa = PBXFileReference; lastKnownFileType = sourcecode.swift; path = DogsMainScreenTableViewController.swift; sourceTree = "<group>"; };
		A24F1325264064D70023BB84 /* BorderedLabel.swift */ = {isa = PBXFileReference; lastKnownFileType = sourcecode.swift; path = BorderedLabel.swift; sourceTree = "<group>"; };
		A2536B3B2608364F00E2FF6A /* RequirementComponets.swift */ = {isa = PBXFileReference; lastKnownFileType = sourcecode.swift; path = RequirementComponets.swift; sourceTree = "<group>"; };
		A2536B4D26083C4E00E2FF6A /* Formatting */ = {isa = PBXFileReference; lastKnownFileType = text; path = Formatting; sourceTree = "<group>"; };
		A2536B53260843E900E2FF6A /* Requirement.swift */ = {isa = PBXFileReference; lastKnownFileType = sourcecode.swift; path = Requirement.swift; sourceTree = "<group>"; };
		A258AEEE25661580005242E4 /* Dog.swift */ = {isa = PBXFileReference; lastKnownFileType = sourcecode.swift; path = Dog.swift; sourceTree = "<group>"; };
		A25C432125D8A89600B05C8D /* HomeMainScreenTableViewCellRequirementDisplay.swift */ = {isa = PBXFileReference; lastKnownFileType = sourcecode.swift; path = HomeMainScreenTableViewCellRequirementDisplay.swift; sourceTree = "<group>"; };
		A25FC7A8262E6334007AD1B3 /* LogsMainScreenTableViewCellHeader.swift */ = {isa = PBXFileReference; lastKnownFileType = sourcecode.swift; path = LogsMainScreenTableViewCellHeader.swift; sourceTree = "<group>"; };
		A263B2F62638A54F00E1DCE6 /* Sender.swift */ = {isa = PBXFileReference; lastKnownFileType = sourcecode.swift; path = Sender.swift; sourceTree = "<group>"; };
		A263B2FA2638A59700E1DCE6 /* Storyboard Subclasses.swift */ = {isa = PBXFileReference; lastKnownFileType = sourcecode.swift; path = "Storyboard Subclasses.swift"; sourceTree = "<group>"; };
		A263B2FD2638A62E00E1DCE6 /* MakeDropDown.swift */ = {isa = PBXFileReference; fileEncoding = 4; lastKnownFileType = sourcecode.swift; name = MakeDropDown.swift; path = "../New Group/MakeDropDown.swift"; sourceTree = "<group>"; };
		A263B30D2638AADD00E1DCE6 /* XXXXXDropDownTableViewCell.xib */ = {isa = PBXFileReference; fileEncoding = 4; lastKnownFileType = file.xib; path = XXXXXDropDownTableViewCell.xib; sourceTree = "<group>"; };
		A265848C25E8128400E8B812 /* CHECKLIST Future Implementation Needed */ = {isa = PBXFileReference; lastKnownFileType = text; path = "CHECKLIST Future Implementation Needed"; sourceTree = "<group>"; };
		A26A7584263CFF8C0026DE34 /* LogsAddLogViewController.swift */ = {isa = PBXFileReference; lastKnownFileType = sourcecode.swift; path = LogsAddLogViewController.swift; sourceTree = "<group>"; };
		A26AF36D25807887005D5DAB /* DateExtension.swift */ = {isa = PBXFileReference; lastKnownFileType = sourcecode.swift; path = DateExtension.swift; sourceTree = "<group>"; };
		A278ED872610FF05000575FC /* DogsRequirementManagerViewController.swift */ = {isa = PBXFileReference; lastKnownFileType = sourcecode.swift; path = DogsRequirementManagerViewController.swift; sourceTree = "<group>"; };
		A278ED8B2610FF3D000575FC /* DogsRequirementCountDownViewController.swift */ = {isa = PBXFileReference; lastKnownFileType = sourcecode.swift; path = DogsRequirementCountDownViewController.swift; sourceTree = "<group>"; };
		A278ED932610FF89000575FC /* DogsRequirementTimeOfDayViewController.swift */ = {isa = PBXFileReference; lastKnownFileType = sourcecode.swift; path = DogsRequirementTimeOfDayViewController.swift; sourceTree = "<group>"; };
		A27C139625AD2BD70031B6A0 /* DogsMainScreenTableViewCellDogDescription.swift */ = {isa = PBXFileReference; lastKnownFileType = sourcecode.swift; name = DogsMainScreenTableViewCellDogDescription.swift; path = "../New Group/DogsMainScreenTableViewCellDogDescription.swift"; sourceTree = "<group>"; };
		A27C3D8A25B781B4005F46BA /* DogsAddDogViewController.swift */ = {isa = PBXFileReference; lastKnownFileType = sourcecode.swift; path = DogsAddDogViewController.swift; sourceTree = "<group>"; };
		A27C3D8E25B8A213005F46BA /* DogsNestedRequirementViewController.swift */ = {isa = PBXFileReference; lastKnownFileType = sourcecode.swift; path = DogsNestedRequirementViewController.swift; sourceTree = "<group>"; };
		A2853D8E25CFB4AD0068AEE3 /* GeneralManagementProtocols.swift */ = {isa = PBXFileReference; lastKnownFileType = sourcecode.swift; path = GeneralManagementProtocols.swift; sourceTree = "<group>"; };
		A286934825769EEB00C0C06E /* Constants.swift */ = {isa = PBXFileReference; lastKnownFileType = sourcecode.swift; path = Constants.swift; sourceTree = "<group>"; };
		A286934D2576A4CA00C0C06E /* ORIGINAL Future Implementation */ = {isa = PBXFileReference; lastKnownFileType = text; path = "ORIGINAL Future Implementation"; sourceTree = "<group>"; };
		A28A0B4725B922E80057BEC7 /* DogsRequirementTableViewController.swift */ = {isa = PBXFileReference; lastKnownFileType = sourcecode.swift; path = DogsRequirementTableViewController.swift; sourceTree = "<group>"; };
		A28A0B4B25B923BA0057BEC7 /* DogsRequirementNavigationViewController.swift */ = {isa = PBXFileReference; lastKnownFileType = sourcecode.swift; path = DogsRequirementNavigationViewController.swift; sourceTree = "<group>"; };
		A28A0B4F25B924140057BEC7 /* DogsRequirementTableViewCell.swift */ = {isa = PBXFileReference; lastKnownFileType = sourcecode.swift; path = DogsRequirementTableViewCell.swift; sourceTree = "<group>"; };
		A28AF46C25E9C7C80018B575 /* DogsIndependentRequirementViewController.swift */ = {isa = PBXFileReference; lastKnownFileType = sourcecode.swift; path = DogsIndependentRequirementViewController.swift; sourceTree = "<group>"; };
		A290F38925D4B10400429C9D /* Utils.swift */ = {isa = PBXFileReference; lastKnownFileType = sourcecode.swift; path = Utils.swift; sourceTree = "<group>"; };
		A29390722608480800879C79 /* DogManager.swift */ = {isa = PBXFileReference; lastKnownFileType = sourcecode.swift; path = DogManager.swift; sourceTree = "<group>"; };
		A293E193262F19E80008A9F7 /* LogsMainScreenTableViewCellBody.swift */ = {isa = PBXFileReference; lastKnownFileType = sourcecode.swift; path = LogsMainScreenTableViewCellBody.swift; sourceTree = "<group>"; };
		A2A45CCE2644914A0050E5A1 /* DogsIntroductionViewController.swift */ = {isa = PBXFileReference; lastKnownFileType = sourcecode.swift; path = DogsIntroductionViewController.swift; sourceTree = "<group>"; };
		A2AA423125C337C700EAE129 /* DogTraitsManager.swift */ = {isa = PBXFileReference; lastKnownFileType = sourcecode.swift; path = DogTraitsManager.swift; sourceTree = "<group>"; };
		A2B18E3525E8A4C000951AC3 /* AlertPresenter.swift */ = {isa = PBXFileReference; fileEncoding = 4; lastKnownFileType = sourcecode.swift; path = AlertPresenter.swift; sourceTree = "<group>"; };
		A2B18E3625E8A4C000951AC3 /* Queue.swift */ = {isa = PBXFileReference; fileEncoding = 4; lastKnownFileType = sourcecode.swift; path = Queue.swift; sourceTree = "<group>"; };
		A2B2CA2C25F858380095D15B /* HomeMainScreenTableViewCellEmpty.swift */ = {isa = PBXFileReference; lastKnownFileType = sourcecode.swift; path = HomeMainScreenTableViewCellEmpty.swift; sourceTree = "<group>"; };
		A2B9A92626291AD800626FAE /* radar_ios_7.wav */ = {isa = PBXFileReference; lastKnownFileType = audio.wav; path = radar_ios_7.wav; sourceTree = "<group>"; };
		A2B9A92A2629213800626FAE /* AlertControllers.swift */ = {isa = PBXFileReference; lastKnownFileType = sourcecode.swift; path = AlertControllers.swift; sourceTree = "<group>"; };
		A2B9DAE8262B2DFA00A47D57 /* LogsNavigationViewController.swift */ = {isa = PBXFileReference; lastKnownFileType = sourcecode.swift; path = LogsNavigationViewController.swift; sourceTree = "<group>"; };
		A2B9DAEC262B2E0A00A47D57 /* LogsViewController.swift */ = {isa = PBXFileReference; lastKnownFileType = sourcecode.swift; path = LogsViewController.swift; sourceTree = "<group>"; };
		A2B9DAF0262B2F2D00A47D57 /* LogsMainScreenTableViewController.swift */ = {isa = PBXFileReference; lastKnownFileType = sourcecode.swift; path = LogsMainScreenTableViewController.swift; sourceTree = "<group>"; };
		A2BE1EA32634C6D800A36C57 /* PupottyDebug.entitlements */ = {isa = PBXFileReference; lastKnownFileType = text.plist.entitlements; path = PupottyDebug.entitlements; sourceTree = "<group>"; };
		A2C014C82628ABA500DDE288 /* HomeNavigationViewController.swift */ = {isa = PBXFileReference; lastKnownFileType = sourcecode.swift; path = HomeNavigationViewController.swift; sourceTree = "<group>"; };
		A2C014CE2628AD2F00DDE288 /* SettingsNavigationViewController.swift */ = {isa = PBXFileReference; lastKnownFileType = sourcecode.swift; name = SettingsNavigationViewController.swift; path = "Pupotty/View Controller/Settings/SettingsNavigationViewController.swift"; sourceTree = SOURCE_ROOT; };
		A2C014D42628AEEE00DDE288 /* DogsNavigationViewController.swift */ = {isa = PBXFileReference; lastKnownFileType = sourcecode.swift; path = DogsNavigationViewController.swift; sourceTree = "<group>"; };
		A2E44706263701A90087B1A3 /* IntroductionViewController.swift */ = {isa = PBXFileReference; lastKnownFileType = sourcecode.swift; path = IntroductionViewController.swift; sourceTree = "<group>"; };
		A2E66C9725534A880068CCA6 /* Pupotty.app */ = {isa = PBXFileReference; explicitFileType = wrapper.application; includeInIndex = 0; path = Pupotty.app; sourceTree = BUILT_PRODUCTS_DIR; };
		A2E66C9A25534A880068CCA6 /* AppDelegate.swift */ = {isa = PBXFileReference; lastKnownFileType = sourcecode.swift; path = AppDelegate.swift; sourceTree = "<group>"; };
		A2E66C9C25534A880068CCA6 /* SceneDelegate.swift */ = {isa = PBXFileReference; lastKnownFileType = sourcecode.swift; path = SceneDelegate.swift; sourceTree = "<group>"; };
		A2E66CA025534A880068CCA6 /* DogsViewController.swift */ = {isa = PBXFileReference; lastKnownFileType = sourcecode.swift; path = DogsViewController.swift; sourceTree = "<group>"; };
		A2E66CA325534A880068CCA6 /* Base */ = {isa = PBXFileReference; lastKnownFileType = file.storyboard; name = Base; path = Base.lproj/Main.storyboard; sourceTree = "<group>"; };
		A2E66CA525534A8A0068CCA6 /* Assets.xcassets */ = {isa = PBXFileReference; lastKnownFileType = folder.assetcatalog; path = Assets.xcassets; sourceTree = "<group>"; };
		A2E66CA825534A8A0068CCA6 /* Base */ = {isa = PBXFileReference; lastKnownFileType = file.storyboard; name = Base; path = Base.lproj/LaunchScreen.storyboard; sourceTree = "<group>"; };
		A2E66CAA25534A8A0068CCA6 /* Info.plist */ = {isa = PBXFileReference; lastKnownFileType = text.plist.xml; path = Info.plist; sourceTree = "<group>"; };
		A2EAF17C25C9D45E0022BBDD /* DogsMainScreenTableViewCellDogRequirement.swift */ = {isa = PBXFileReference; lastKnownFileType = sourcecode.swift; path = DogsMainScreenTableViewCellDogRequirement.swift; sourceTree = "<group>"; };
		A2F1791B263F3E5C006824A7 /* DropDownDefaultTableViewCell.swift */ = {isa = PBXFileReference; lastKnownFileType = sourcecode.swift; path = DropDownDefaultTableViewCell.swift; sourceTree = "<group>"; };
		A2F1791E263F3FE3006824A7 /* DropDownDefaultTableViewCell.xib */ = {isa = PBXFileReference; lastKnownFileType = file.xib; path = DropDownDefaultTableViewCell.xib; sourceTree = "<group>"; };
/* End PBXFileReference section */

/* Begin PBXFrameworksBuildPhase section */
		A2E66C9425534A880068CCA6 /* Frameworks */ = {
			isa = PBXFrameworksBuildPhase;
			buildActionMask = 2147483647;
			files = (
			);
			runOnlyForDeploymentPostprocessing = 0;
		};
/* End PBXFrameworksBuildPhase section */

/* Begin PBXGroup section */
		A20C87DB2636338700CC6AEF /* Main */ = {
			isa = PBXGroup;
			children = (
				A2C014D42628AEEE00DDE288 /* DogsNavigationViewController.swift */,
				A2A45CCE2644914A0050E5A1 /* DogsIntroductionViewController.swift */,
				A2E66CA025534A880068CCA6 /* DogsViewController.swift */,
				A20C87E22636358D00CC6AEF /* DogsInformationViewController.swift */,
				A247B96725C883680017FE66 /* DogsMainScreenTableViewController.swift */,
				A20C87E12636355D00CC6AEF /* Cells */,
			);
			path = Main;
			sourceTree = "<group>";
		};
		A20C87DC2636339700CC6AEF /* DogModification */ = {
			isa = PBXGroup;
			children = (
				A27C3D8A25B781B4005F46BA /* DogsAddDogViewController.swift */,
				A28A0B4B25B923BA0057BEC7 /* DogsRequirementNavigationViewController.swift */,
				A28A0B4725B922E80057BEC7 /* DogsRequirementTableViewController.swift */,
				A278ED912610FF45000575FC /* Requirement Modification */,
				A27C139325AD2B210031B6A0 /* Cells */,
			);
			path = DogModification;
			sourceTree = "<group>";
		};
		A20C87E12636355D00CC6AEF /* Cells */ = {
			isa = PBXGroup;
			children = (
				A27C139625AD2BD70031B6A0 /* DogsMainScreenTableViewCellDogDescription.swift */,
				A2EAF17C25C9D45E0022BBDD /* DogsMainScreenTableViewCellDogRequirement.swift */,
			);
			path = Cells;
			sourceTree = "<group>";
		};
		A226737725CDC61800904032 /* Cells */ = {
			isa = PBXGroup;
			children = (
				A25C432125D8A89600B05C8D /* HomeMainScreenTableViewCellRequirementDisplay.swift */,
				A2B2CA2C25F858380095D15B /* HomeMainScreenTableViewCellEmpty.swift */,
			);
			path = Cells;
			sourceTree = "<group>";
		};
		A258AEE9256614F9005242E4 /* View Controller */ = {
			isa = PBXGroup;
			children = (
				A2B9DAE7262B2DD500A47D57 /* Logs */,
				A27C138C25AD2A620031B6A0 /* Settings */,
				A27C138B25AD2A5C0031B6A0 /* Home */,
				A27C138A25AD2A520031B6A0 /* Dogs */,
				A2E447032636FF9A0087B1A3 /* Misc VC */,
			);
			path = "View Controller";
			sourceTree = "<group>";
		};
		A258AEEA25661517005242E4 /* Storyboard */ = {
			isa = PBXGroup;
			children = (
				A2E66CA725534A8A0068CCA6 /* LaunchScreen.storyboard */,
				A2E66CA225534A880068CCA6 /* Main.storyboard */,
			);
			path = Storyboard;
			sourceTree = "<group>";
		};
		A258AEEB25661525005242E4 /* Model */ = {
			isa = PBXGroup;
			children = (
				A2B18E3325E8A4C000951AC3 /* AlertQueue */,
				A26AF36C25807878005D5DAB /* Pure Extensions */,
				A286934A2576A2B900C0C06E /* Notes */,
				A286934725769D4E00C0C06E /* Constants */,
				A263B2F52638A4C000E1DCE6 /* Programic UI Elements */,
				A258AEED25661530005242E4 /* Classes */,
				A258AEEC2566152B005242E4 /* Protocols */,
			);
			path = Model;
			sourceTree = "<group>";
		};
		A258AEEC2566152B005242E4 /* Protocols */ = {
			isa = PBXGroup;
			children = (
				A2853D8E25CFB4AD0068AEE3 /* GeneralManagementProtocols.swift */,
				A20B38CF25D4680800DA2DE2 /* TimingProtocol.swift */,
			);
			path = Protocols;
			sourceTree = "<group>";
		};
		A258AEED25661530005242E4 /* Classes */ = {
			isa = PBXGroup;
			children = (
				A2B9A92A2629213800626FAE /* AlertControllers.swift */,
				A263B2FA2638A59700E1DCE6 /* Storyboard Subclasses.swift */,
				A263B2F62638A54F00E1DCE6 /* Sender.swift */,
				A290F38925D4B10400429C9D /* Utils.swift */,
				A2040BA2262A13B000D9667E /* Persistence.swift */,
				A20C999825686B7600E2C9C8 /* TimingManager.swift */,
			);
			path = Classes;
			sourceTree = "<group>";
		};
		A25FC7A7262E631E007AD1B3 /* Cells */ = {
			isa = PBXGroup;
			children = (
				A25FC7A8262E6334007AD1B3 /* LogsMainScreenTableViewCellHeader.swift */,
				A293E193262F19E80008A9F7 /* LogsMainScreenTableViewCellBody.swift */,
			);
			path = Cells;
			sourceTree = "<group>";
		};
		A263B2F52638A4C000E1DCE6 /* Programic UI Elements */ = {
			isa = PBXGroup;
			children = (
				A24725942614F3BF00259691 /* ToolTipView.swift */,
				A24F1325264064D70023BB84 /* BorderedLabel.swift */,
				A263B30C2638AACA00E1DCE6 /* DropDown */,
			);
			path = "Programic UI Elements";
			sourceTree = "<group>";
		};
		A263B30C2638AACA00E1DCE6 /* DropDown */ = {
			isa = PBXGroup;
			children = (
				A263B2FD2638A62E00E1DCE6 /* MakeDropDown.swift */,
				A2F1791B263F3E5C006824A7 /* DropDownDefaultTableViewCell.swift */,
				A263B30D2638AADD00E1DCE6 /* XXXXXDropDownTableViewCell.xib */,
				A2F1791E263F3FE3006824A7 /* DropDownDefaultTableViewCell.xib */,
			);
			path = DropDown;
			sourceTree = "<group>";
		};
		A26A7583263CFF4E0026DE34 /* Nested */ = {
			isa = PBXGroup;
			children = (
				A20C87D82636312000CC6AEF /* LogsInformationViewController.swift */,
				A26A7584263CFF8C0026DE34 /* LogsAddLogViewController.swift */,
			);
			path = Nested;
			sourceTree = "<group>";
		};
		A26AF36C25807878005D5DAB /* Pure Extensions */ = {
			isa = PBXGroup;
			children = (
				A26AF36D25807887005D5DAB /* DateExtension.swift */,
				A226736125CDC36800904032 /* StringExtension.swift */,
				A231ACE425DEEA3B00B11E84 /* UIExtension.swift */,
			);
			path = "Pure Extensions";
			sourceTree = "<group>";
		};
		A278ED912610FF45000575FC /* Requirement Modification */ = {
			isa = PBXGroup;
			children = (
				A27C3D8E25B8A213005F46BA /* DogsNestedRequirementViewController.swift */,
				A28AF46C25E9C7C80018B575 /* DogsIndependentRequirementViewController.swift */,
				A278ED922610FF55000575FC /* Requirement Modification Base */,
			);
			path = "Requirement Modification";
			sourceTree = "<group>";
		};
		A278ED922610FF55000575FC /* Requirement Modification Base */ = {
			isa = PBXGroup;
			children = (
				A278ED872610FF05000575FC /* DogsRequirementManagerViewController.swift */,
				A278ED8B2610FF3D000575FC /* DogsRequirementCountDownViewController.swift */,
				A278ED932610FF89000575FC /* DogsRequirementTimeOfDayViewController.swift */,
			);
			path = "Requirement Modification Base";
			sourceTree = "<group>";
		};
		A27C138A25AD2A520031B6A0 /* Dogs */ = {
			isa = PBXGroup;
			children = (
				A20C87DB2636338700CC6AEF /* Main */,
				A20C87DC2636339700CC6AEF /* DogModification */,
			);
			path = Dogs;
			sourceTree = "<group>";
		};
		A27C138B25AD2A5C0031B6A0 /* Home */ = {
			isa = PBXGroup;
			children = (
				A2C014C82628ABA500DDE288 /* HomeNavigationViewController.swift */,
				A226736B25CDC59300904032 /* HomeViewController.swift */,
				A20C87DD263633C300CC6AEF /* HomeInformationViewController.swift */,
				A226736F25CDC5D000904032 /* HomeMainScreenTableViewController.swift */,
				A226737725CDC61800904032 /* Cells */,
			);
			path = Home;
			sourceTree = "<group>";
		};
		A27C138C25AD2A620031B6A0 /* Settings */ = {
			isa = PBXGroup;
			children = (
				A2C014CE2628AD2F00DDE288 /* SettingsNavigationViewController.swift */,
				A226737325CDC60C00904032 /* SettingsViewController.swift */,
			);
			path = Settings;
			sourceTree = "<group>";
		};
		A27C139325AD2B210031B6A0 /* Cells */ = {
			isa = PBXGroup;
			children = (
				A28A0B4F25B924140057BEC7 /* DogsRequirementTableViewCell.swift */,
			);
			path = Cells;
			sourceTree = "<group>";
		};
		A286934725769D4E00C0C06E /* Constants */ = {
			isa = PBXGroup;
			children = (
				A286934825769EEB00C0C06E /* Constants.swift */,
			);
			path = Constants;
			sourceTree = "<group>";
		};
		A286934A2576A2B900C0C06E /* Notes */ = {
			isa = PBXGroup;
			children = (
				A286934D2576A4CA00C0C06E /* ORIGINAL Future Implementation */,
				A265848C25E8128400E8B812 /* CHECKLIST Future Implementation Needed */,
				A2536B4D26083C4E00E2FF6A /* Formatting */,
			);
			path = Notes;
			sourceTree = "<group>";
		};
		A29390762608491100879C79 /* Requirement */ = {
			isa = PBXGroup;
			children = (
				A20C99962568671F00E2C9C8 /* RequirementManager.swift */,
				A2536B53260843E900E2FF6A /* Requirement.swift */,
				A20C87E62636630B00CC6AEF /* Logs.swift */,
				A2536B3B2608364F00E2FF6A /* RequirementComponets.swift */,
			);
			path = Requirement;
			sourceTree = "<group>";
		};
		A2B18E3325E8A4C000951AC3 /* AlertQueue */ = {
			isa = PBXGroup;
			children = (
				A2B18E3525E8A4C000951AC3 /* AlertPresenter.swift */,
				A2B18E3625E8A4C000951AC3 /* Queue.swift */,
			);
			path = AlertQueue;
			sourceTree = "<group>";
		};
		A2B9A92526291A6000626FAE /* Sound Effects */ = {
			isa = PBXGroup;
			children = (
				A2B9A92626291AD800626FAE /* radar_ios_7.wav */,
			);
			path = "Sound Effects";
			sourceTree = "<group>";
		};
		A2B9DAE7262B2DD500A47D57 /* Logs */ = {
			isa = PBXGroup;
			children = (
				A2B9DAE8262B2DFA00A47D57 /* LogsNavigationViewController.swift */,
				A2B9DAEC262B2E0A00A47D57 /* LogsViewController.swift */,
				A2B9DAF0262B2F2D00A47D57 /* LogsMainScreenTableViewController.swift */,
				A26A7583263CFF4E0026DE34 /* Nested */,
				A25FC7A7262E631E007AD1B3 /* Cells */,
			);
			path = Logs;
			sourceTree = "<group>";
		};
		A2E447022636FF6B0087B1A3 /* Dog */ = {
			isa = PBXGroup;
			children = (
				A29390722608480800879C79 /* DogManager.swift */,
				A258AEEE25661580005242E4 /* Dog.swift */,
				A2AA423125C337C700EAE129 /* DogTraitsManager.swift */,
				A29390762608491100879C79 /* Requirement */,
			);
			path = Dog;
			sourceTree = "<group>";
		};
		A2E447032636FF9A0087B1A3 /* Misc VC */ = {
			isa = PBXGroup;
			children = (
				A247B96325C87F300017FE66 /* MainTabBarViewController.swift */,
				A2E44706263701A90087B1A3 /* IntroductionViewController.swift */,
			);
			path = "Misc VC";
			sourceTree = "<group>";
		};
		A2E66C8E25534A880068CCA6 = {
			isa = PBXGroup;
			children = (
				A2E66C9925534A880068CCA6 /* Pupotty */,
				A2E66C9825534A880068CCA6 /* Products */,
			);
			sourceTree = "<group>";
		};
		A2E66C9825534A880068CCA6 /* Products */ = {
			isa = PBXGroup;
			children = (
				A2E66C9725534A880068CCA6 /* Pupotty.app */,
			);
			name = Products;
			sourceTree = "<group>";
		};
		A2E66C9925534A880068CCA6 /* Pupotty */ = {
			isa = PBXGroup;
			children = (
				A2BE1EA32634C6D800A36C57 /* PupottyDebug.entitlements */,
				A2B9A92526291A6000626FAE /* Sound Effects */,
				A258AEEB25661525005242E4 /* Model */,
				A2E447022636FF6B0087B1A3 /* Dog */,
				A258AEEA25661517005242E4 /* Storyboard */,
				A258AEE9256614F9005242E4 /* View Controller */,
				A2E66C9A25534A880068CCA6 /* AppDelegate.swift */,
				A2E66C9C25534A880068CCA6 /* SceneDelegate.swift */,
				A2E66CA525534A8A0068CCA6 /* Assets.xcassets */,
				A2E66CAA25534A8A0068CCA6 /* Info.plist */,
			);
			path = Pupotty;
			sourceTree = "<group>";
		};
/* End PBXGroup section */

/* Begin PBXNativeTarget section */
		A2E66C9625534A880068CCA6 /* Pupotty */ = {
			isa = PBXNativeTarget;
			buildConfigurationList = A2E66CB825534A8A0068CCA6 /* Build configuration list for PBXNativeTarget "Pupotty" */;
			buildPhases = (
				A2E66C9325534A880068CCA6 /* Sources */,
				A2E66C9425534A880068CCA6 /* Frameworks */,
				A2E66C9525534A880068CCA6 /* Resources */,
				A2F4C0192635D17F001E05D0 /* ShellScript */,
			);
			buildRules = (
			);
			dependencies = (
			);
			name = Pupotty;
			productName = "Who Let The Dogs Out";
			productReference = A2E66C9725534A880068CCA6 /* Pupotty.app */;
			productType = "com.apple.product-type.application";
		};
/* End PBXNativeTarget section */

/* Begin PBXProject section */
		A2E66C8F25534A880068CCA6 /* Project object */ = {
			isa = PBXProject;
			attributes = {
				LastSwiftUpdateCheck = 1170;
				LastUpgradeCheck = 1240;
				ORGANIZATIONNAME = "Jonathan Xakellis";
				TargetAttributes = {
					A2E66C9625534A880068CCA6 = {
						CreatedOnToolsVersion = 11.7;
					};
				};
			};
			buildConfigurationList = A2E66C9225534A880068CCA6 /* Build configuration list for PBXProject "Pupotty" */;
			compatibilityVersion = "Xcode 9.3";
			developmentRegion = en;
			hasScannedForEncodings = 0;
			knownRegions = (
				en,
				Base,
			);
			mainGroup = A2E66C8E25534A880068CCA6;
			productRefGroup = A2E66C9825534A880068CCA6 /* Products */;
			projectDirPath = "";
			projectRoot = "";
			targets = (
				A2E66C9625534A880068CCA6 /* Pupotty */,
			);
		};
/* End PBXProject section */

/* Begin PBXResourcesBuildPhase section */
		A2E66C9525534A880068CCA6 /* Resources */ = {
			isa = PBXResourcesBuildPhase;
			buildActionMask = 2147483647;
			files = (
				A2E66CA925534A8A0068CCA6 /* LaunchScreen.storyboard in Resources */,
				A2536B4E26083C4E00E2FF6A /* Formatting in Resources */,
				A263B30E2638AADD00E1DCE6 /* XXXXXDropDownTableViewCell.xib in Resources */,
				A2E66CA625534A8A0068CCA6 /* Assets.xcassets in Resources */,
				A2E66CA425534A880068CCA6 /* Main.storyboard in Resources */,
				A265848D25E8128400E8B812 /* CHECKLIST Future Implementation Needed in Resources */,
				A2F1791F263F3FE3006824A7 /* DropDownDefaultTableViewCell.xib in Resources */,
				A286934E2576A4CA00C0C06E /* ORIGINAL Future Implementation in Resources */,
				A2B9A92726291AD800626FAE /* radar_ios_7.wav in Resources */,
			);
			runOnlyForDeploymentPostprocessing = 0;
		};
/* End PBXResourcesBuildPhase section */

/* Begin PBXShellScriptBuildPhase section */
		A2F4C0192635D17F001E05D0 /* ShellScript */ = {
			isa = PBXShellScriptBuildPhase;
			buildActionMask = 2147483647;
			files = (
			);
			inputFileListPaths = (
			);
			inputPaths = (
			);
			outputFileListPaths = (
			);
			outputPaths = (
			);
			runOnlyForDeploymentPostprocessing = 0;
			shellPath = /bin/sh;
			shellScript = "buildNumber=$(/usr/libexec/PlistBuddy -c \"Print CFBundleVersion\" \"$INFOPLIST_FILE\")\nbuildNumber=$(($buildNumber + 1))\n/usr/libexec/PlistBuddy -c \"Set :CFBundleVersion $buildNumber\" \"$INFOPLIST_FILE\"\n";
		};
/* End PBXShellScriptBuildPhase section */

/* Begin PBXSourcesBuildPhase section */
		A2E66C9325534A880068CCA6 /* Sources */ = {
			isa = PBXSourcesBuildPhase;
			buildActionMask = 2147483647;
			files = (
				A28AF46D25E9C7C80018B575 /* DogsIndependentRequirementViewController.swift in Sources */,
				A2853D8F25CFB4AD0068AEE3 /* GeneralManagementProtocols.swift in Sources */,
				A24725952614F3BF00259691 /* ToolTipView.swift in Sources */,
				A27C3D8F25B8A213005F46BA /* DogsNestedRequirementViewController.swift in Sources */,
				A278ED942610FF89000575FC /* DogsRequirementTimeOfDayViewController.swift in Sources */,
				A2A45CCF2644914A0050E5A1 /* DogsIntroductionViewController.swift in Sources */,
				A2B9DAF1262B2F2D00A47D57 /* LogsMainScreenTableViewController.swift in Sources */,
				A263B2FB2638A59700E1DCE6 /* Storyboard Subclasses.swift in Sources */,
				A20C87DE263633C300CC6AEF /* HomeInformationViewController.swift in Sources */,
				A231ACE525DEEA3B00B11E84 /* UIExtension.swift in Sources */,
				A29390732608480800879C79 /* DogManager.swift in Sources */,
				A2536B3C2608364F00E2FF6A /* RequirementComponets.swift in Sources */,
				A28A0B4C25B923BA0057BEC7 /* DogsRequirementNavigationViewController.swift in Sources */,
				A2C014C92628ABA500DDE288 /* HomeNavigationViewController.swift in Sources */,
				A27C3D8B25B781B4005F46BA /* DogsAddDogViewController.swift in Sources */,
				A26AF36E25807887005D5DAB /* DateExtension.swift in Sources */,
				A20C87D92636312000CC6AEF /* LogsInformationViewController.swift in Sources */,
				A263B2FE2638A62E00E1DCE6 /* MakeDropDown.swift in Sources */,
				A25FC7A9262E6334007AD1B3 /* LogsMainScreenTableViewCellHeader.swift in Sources */,
				A2E66CA125534A880068CCA6 /* DogsViewController.swift in Sources */,
				A2B2CA2D25F858380095D15B /* HomeMainScreenTableViewCellEmpty.swift in Sources */,
				A24F1326264064D70023BB84 /* BorderedLabel.swift in Sources */,
				A20B38D025D4680800DA2DE2 /* TimingProtocol.swift in Sources */,
				A226736225CDC36800904032 /* StringExtension.swift in Sources */,
				A2040BA3262A13B000D9667E /* Persistence.swift in Sources */,
				A2E44707263701A90087B1A3 /* IntroductionViewController.swift in Sources */,
				A263B2F72638A54F00E1DCE6 /* Sender.swift in Sources */,
				A2E66C9B25534A880068CCA6 /* AppDelegate.swift in Sources */,
				A2536B54260843E900E2FF6A /* Requirement.swift in Sources */,
				A2F1791C263F3E5C006824A7 /* DropDownDefaultTableViewCell.swift in Sources */,
				A247B96425C87F300017FE66 /* MainTabBarViewController.swift in Sources */,
				A2B9DAED262B2E0A00A47D57 /* LogsViewController.swift in Sources */,
				A226736C25CDC59300904032 /* HomeViewController.swift in Sources */,
				A20C87E72636630B00CC6AEF /* Logs.swift in Sources */,
				A2C014D52628AEEE00DDE288 /* DogsNavigationViewController.swift in Sources */,
				A20C999925686B7600E2C9C8 /* TimingManager.swift in Sources */,
				A28A0B4825B922E80057BEC7 /* DogsRequirementTableViewController.swift in Sources */,
				A293E194262F19E90008A9F7 /* LogsMainScreenTableViewCellBody.swift in Sources */,
				A2B9A92B2629213800626FAE /* AlertControllers.swift in Sources */,
				A258AEEF25661580005242E4 /* Dog.swift in Sources */,
				A226737025CDC5D000904032 /* HomeMainScreenTableViewController.swift in Sources */,
				A26A7585263CFF8C0026DE34 /* LogsAddLogViewController.swift in Sources */,
				A247B96825C883680017FE66 /* DogsMainScreenTableViewController.swift in Sources */,
				A2EAF17D25C9D45E0022BBDD /* DogsMainScreenTableViewCellDogRequirement.swift in Sources */,
				A2B9DAE9262B2DFA00A47D57 /* LogsNavigationViewController.swift in Sources */,
				A25C432225D8A89600B05C8D /* HomeMainScreenTableViewCellRequirementDisplay.swift in Sources */,
				A286934925769EEB00C0C06E /* Constants.swift in Sources */,
				A290F38A25D4B10400429C9D /* Utils.swift in Sources */,
				A20C99972568671F00E2C9C8 /* RequirementManager.swift in Sources */,
				A278ED882610FF05000575FC /* DogsRequirementManagerViewController.swift in Sources */,
				A2B18E3925E8A4C000951AC3 /* Queue.swift in Sources */,
				A2E66C9D25534A880068CCA6 /* SceneDelegate.swift in Sources */,
				A20C87E32636358D00CC6AEF /* DogsInformationViewController.swift in Sources */,
				A2C014CF2628AD2F00DDE288 /* SettingsNavigationViewController.swift in Sources */,
				A278ED8C2610FF3D000575FC /* DogsRequirementCountDownViewController.swift in Sources */,
				A226737425CDC60C00904032 /* SettingsViewController.swift in Sources */,
				A2AA423225C337C700EAE129 /* DogTraitsManager.swift in Sources */,
				A27C139725AD2BD70031B6A0 /* DogsMainScreenTableViewCellDogDescription.swift in Sources */,
				A28A0B5025B924140057BEC7 /* DogsRequirementTableViewCell.swift in Sources */,
				A2B18E3825E8A4C000951AC3 /* AlertPresenter.swift in Sources */,
			);
			runOnlyForDeploymentPostprocessing = 0;
		};
/* End PBXSourcesBuildPhase section */

/* Begin PBXVariantGroup section */
		A2E66CA225534A880068CCA6 /* Main.storyboard */ = {
			isa = PBXVariantGroup;
			children = (
				A2E66CA325534A880068CCA6 /* Base */,
			);
			name = Main.storyboard;
			sourceTree = "<group>";
		};
		A2E66CA725534A8A0068CCA6 /* LaunchScreen.storyboard */ = {
			isa = PBXVariantGroup;
			children = (
				A2E66CA825534A8A0068CCA6 /* Base */,
			);
			name = LaunchScreen.storyboard;
			sourceTree = "<group>";
		};
/* End PBXVariantGroup section */

/* Begin XCBuildConfiguration section */
		A2E66CB625534A8A0068CCA6 /* Debug */ = {
			isa = XCBuildConfiguration;
			buildSettings = {
				ALWAYS_SEARCH_USER_PATHS = NO;
				CLANG_ANALYZER_NONNULL = YES;
				CLANG_ANALYZER_NUMBER_OBJECT_CONVERSION = YES_AGGRESSIVE;
				CLANG_CXX_LANGUAGE_STANDARD = "gnu++14";
				CLANG_CXX_LIBRARY = "libc++";
				CLANG_ENABLE_MODULES = YES;
				CLANG_ENABLE_OBJC_ARC = YES;
				CLANG_ENABLE_OBJC_WEAK = YES;
				CLANG_WARN_BLOCK_CAPTURE_AUTORELEASING = YES;
				CLANG_WARN_BOOL_CONVERSION = YES;
				CLANG_WARN_COMMA = YES;
				CLANG_WARN_CONSTANT_CONVERSION = YES;
				CLANG_WARN_DEPRECATED_OBJC_IMPLEMENTATIONS = YES;
				CLANG_WARN_DIRECT_OBJC_ISA_USAGE = YES_ERROR;
				CLANG_WARN_DOCUMENTATION_COMMENTS = YES;
				CLANG_WARN_EMPTY_BODY = YES;
				CLANG_WARN_ENUM_CONVERSION = YES;
				CLANG_WARN_INFINITE_RECURSION = YES;
				CLANG_WARN_INT_CONVERSION = YES;
				CLANG_WARN_NON_LITERAL_NULL_CONVERSION = YES;
				CLANG_WARN_OBJC_IMPLICIT_RETAIN_SELF = YES;
				CLANG_WARN_OBJC_LITERAL_CONVERSION = YES;
				CLANG_WARN_OBJC_ROOT_CLASS = YES_ERROR;
				CLANG_WARN_QUOTED_INCLUDE_IN_FRAMEWORK_HEADER = YES;
				CLANG_WARN_RANGE_LOOP_ANALYSIS = YES;
				CLANG_WARN_STRICT_PROTOTYPES = YES;
				CLANG_WARN_SUSPICIOUS_MOVE = YES;
				CLANG_WARN_UNGUARDED_AVAILABILITY = YES_AGGRESSIVE;
				CLANG_WARN_UNREACHABLE_CODE = YES;
				CLANG_WARN__DUPLICATE_METHOD_MATCH = YES;
				COPY_PHASE_STRIP = NO;
				DEBUG_INFORMATION_FORMAT = dwarf;
				ENABLE_STRICT_OBJC_MSGSEND = YES;
				ENABLE_TESTABILITY = YES;
				GCC_C_LANGUAGE_STANDARD = gnu11;
				GCC_DYNAMIC_NO_PIC = NO;
				GCC_NO_COMMON_BLOCKS = YES;
				GCC_OPTIMIZATION_LEVEL = 0;
				GCC_PREPROCESSOR_DEFINITIONS = (
					"DEBUG=1",
					"$(inherited)",
				);
				GCC_WARN_64_TO_32_BIT_CONVERSION = YES;
				GCC_WARN_ABOUT_RETURN_TYPE = YES_ERROR;
				GCC_WARN_UNDECLARED_SELECTOR = YES;
				GCC_WARN_UNINITIALIZED_AUTOS = YES_AGGRESSIVE;
				GCC_WARN_UNUSED_FUNCTION = YES;
				GCC_WARN_UNUSED_VARIABLE = YES;
				IPHONEOS_DEPLOYMENT_TARGET = 14.1;
				MTL_ENABLE_DEBUG_INFO = INCLUDE_SOURCE;
				MTL_FAST_MATH = YES;
				ONLY_ACTIVE_ARCH = YES;
				SDKROOT = iphoneos;
				SWIFT_ACTIVE_COMPILATION_CONDITIONS = DEBUG;
				SWIFT_OPTIMIZATION_LEVEL = "-Onone";
			};
			name = Debug;
		};
		A2E66CB725534A8A0068CCA6 /* Release */ = {
			isa = XCBuildConfiguration;
			buildSettings = {
				ALWAYS_SEARCH_USER_PATHS = NO;
				CLANG_ANALYZER_NONNULL = YES;
				CLANG_ANALYZER_NUMBER_OBJECT_CONVERSION = YES_AGGRESSIVE;
				CLANG_CXX_LANGUAGE_STANDARD = "gnu++14";
				CLANG_CXX_LIBRARY = "libc++";
				CLANG_ENABLE_MODULES = YES;
				CLANG_ENABLE_OBJC_ARC = YES;
				CLANG_ENABLE_OBJC_WEAK = YES;
				CLANG_WARN_BLOCK_CAPTURE_AUTORELEASING = YES;
				CLANG_WARN_BOOL_CONVERSION = YES;
				CLANG_WARN_COMMA = YES;
				CLANG_WARN_CONSTANT_CONVERSION = YES;
				CLANG_WARN_DEPRECATED_OBJC_IMPLEMENTATIONS = YES;
				CLANG_WARN_DIRECT_OBJC_ISA_USAGE = YES_ERROR;
				CLANG_WARN_DOCUMENTATION_COMMENTS = YES;
				CLANG_WARN_EMPTY_BODY = YES;
				CLANG_WARN_ENUM_CONVERSION = YES;
				CLANG_WARN_INFINITE_RECURSION = YES;
				CLANG_WARN_INT_CONVERSION = YES;
				CLANG_WARN_NON_LITERAL_NULL_CONVERSION = YES;
				CLANG_WARN_OBJC_IMPLICIT_RETAIN_SELF = YES;
				CLANG_WARN_OBJC_LITERAL_CONVERSION = YES;
				CLANG_WARN_OBJC_ROOT_CLASS = YES_ERROR;
				CLANG_WARN_QUOTED_INCLUDE_IN_FRAMEWORK_HEADER = YES;
				CLANG_WARN_RANGE_LOOP_ANALYSIS = YES;
				CLANG_WARN_STRICT_PROTOTYPES = YES;
				CLANG_WARN_SUSPICIOUS_MOVE = YES;
				CLANG_WARN_UNGUARDED_AVAILABILITY = YES_AGGRESSIVE;
				CLANG_WARN_UNREACHABLE_CODE = YES;
				CLANG_WARN__DUPLICATE_METHOD_MATCH = YES;
				COPY_PHASE_STRIP = NO;
				DEBUG_INFORMATION_FORMAT = "dwarf-with-dsym";
				ENABLE_NS_ASSERTIONS = NO;
				ENABLE_STRICT_OBJC_MSGSEND = YES;
				GCC_C_LANGUAGE_STANDARD = gnu11;
				GCC_NO_COMMON_BLOCKS = YES;
				GCC_WARN_64_TO_32_BIT_CONVERSION = YES;
				GCC_WARN_ABOUT_RETURN_TYPE = YES_ERROR;
				GCC_WARN_UNDECLARED_SELECTOR = YES;
				GCC_WARN_UNINITIALIZED_AUTOS = YES_AGGRESSIVE;
				GCC_WARN_UNUSED_FUNCTION = YES;
				GCC_WARN_UNUSED_VARIABLE = YES;
				IPHONEOS_DEPLOYMENT_TARGET = 14.1;
				MTL_ENABLE_DEBUG_INFO = NO;
				MTL_FAST_MATH = YES;
				SDKROOT = iphoneos;
				SWIFT_COMPILATION_MODE = wholemodule;
				SWIFT_OPTIMIZATION_LEVEL = "-O";
				VALIDATE_PRODUCT = YES;
			};
			name = Release;
		};
		A2E66CB925534A8A0068CCA6 /* Debug */ = {
			isa = XCBuildConfiguration;
			buildSettings = {
				ASSETCATALOG_COMPILER_APPICON_NAME = AppIcon;
				CODE_SIGN_ENTITLEMENTS = Pupotty/PupottyDebug.entitlements;
				CODE_SIGN_STYLE = Automatic;
				DEVELOPMENT_TEAM = 9L3M99FST5;
				INFOPLIST_FILE = "$(SRCROOT)/Pupotty/Info.plist";
				IPHONEOS_DEPLOYMENT_TARGET = 14.1;
				LD_RUNPATH_SEARCH_PATHS = (
					"$(inherited)",
					"@executable_path/Frameworks",
				);
				MARKETING_VERSION = 1.0.3;
				PRODUCT_BUNDLE_IDENTIFIER = com.example.Pupotty;
				PRODUCT_NAME = "$(TARGET_NAME)";
				SWIFT_VERSION = 5.0;
				TARGETED_DEVICE_FAMILY = "1,2";
			};
			name = Debug;
		};
		A2E66CBA25534A8A0068CCA6 /* Release */ = {
			isa = XCBuildConfiguration;
			buildSettings = {
				ASSETCATALOG_COMPILER_APPICON_NAME = AppIcon;
				CODE_SIGN_STYLE = Automatic;
				DEVELOPMENT_TEAM = 9L3M99FST5;
				INFOPLIST_FILE = "$(SRCROOT)/Pupotty/Info.plist";
				IPHONEOS_DEPLOYMENT_TARGET = 14.1;
				LD_RUNPATH_SEARCH_PATHS = (
					"$(inherited)",
					"@executable_path/Frameworks",
				);
				MARKETING_VERSION = 1.0.3;
				PRODUCT_BUNDLE_IDENTIFIER = com.example.Pupotty;
				PRODUCT_NAME = "$(TARGET_NAME)";
				SWIFT_VERSION = 5.0;
				TARGETED_DEVICE_FAMILY = "1,2";
			};
			name = Release;
		};
/* End XCBuildConfiguration section */

/* Begin XCConfigurationList section */
		A2E66C9225534A880068CCA6 /* Build configuration list for PBXProject "Pupotty" */ = {
			isa = XCConfigurationList;
			buildConfigurations = (
				A2E66CB625534A8A0068CCA6 /* Debug */,
				A2E66CB725534A8A0068CCA6 /* Release */,
			);
			defaultConfigurationIsVisible = 0;
			defaultConfigurationName = Release;
		};
		A2E66CB825534A8A0068CCA6 /* Build configuration list for PBXNativeTarget "Pupotty" */ = {
			isa = XCConfigurationList;
			buildConfigurations = (
				A2E66CB925534A8A0068CCA6 /* Debug */,
				A2E66CBA25534A8A0068CCA6 /* Release */,
			);
			defaultConfigurationIsVisible = 0;
			defaultConfigurationName = Release;
		};
/* End XCConfigurationList section */
	};
	rootObject = A2E66C8F25534A880068CCA6 /* Project object */;
}
