// !$*UTF8*$!
{
	archiveVersion = 1;
	classes = {
	};
	objectVersion = 50;
	objects = {

/* Begin PBXBuildFile section */
		A2B1A09F255CD9F700E92995 /* AppDelegate.swift in Sources */ = {isa = PBXBuildFile; fileRef = A2B1A09E255CD9F700E92995 /* AppDelegate.swift */; };
		A2B1A0A1255CD9F700E92995 /* SceneDelegate.swift in Sources */ = {isa = PBXBuildFile; fileRef = A2B1A0A0255CD9F700E92995 /* SceneDelegate.swift */; };
		A2B1A0A3255CD9F700E92995 /* MasterViewController.swift in Sources */ = {isa = PBXBuildFile; fileRef = A2B1A0A2255CD9F700E92995 /* MasterViewController.swift */; };
		A2B1A0A5255CD9F700E92995 /* DetailViewController.swift in Sources */ = {isa = PBXBuildFile; fileRef = A2B1A0A4255CD9F700E92995 /* DetailViewController.swift */; };
		A2B1A0A8255CD9F700E92995 /* Main.storyboard in Resources */ = {isa = PBXBuildFile; fileRef = A2B1A0A6255CD9F700E92995 /* Main.storyboard */; };
		A2B1A0AA255CD9F800E92995 /* Assets.xcassets in Resources */ = {isa = PBXBuildFile; fileRef = A2B1A0A9255CD9F800E92995 /* Assets.xcassets */; };
		A2B1A0AD255CD9F800E92995 /* LaunchScreen.storyboard in Resources */ = {isa = PBXBuildFile; fileRef = A2B1A0AB255CD9F800E92995 /* LaunchScreen.storyboard */; };
		A2B1A0B8255CD9F800E92995 /* MasterDetailTests.swift in Sources */ = {isa = PBXBuildFile; fileRef = A2B1A0B7255CD9F800E92995 /* MasterDetailTests.swift */; };
		A2B1A0C3255CD9F800E92995 /* MasterDetailUITests.swift in Sources */ = {isa = PBXBuildFile; fileRef = A2B1A0C2255CD9F800E92995 /* MasterDetailUITests.swift */; };
/* End PBXBuildFile section */

/* Begin PBXContainerItemProxy section */
		A2B1A0B4255CD9F800E92995 /* PBXContainerItemProxy */ = {
			isa = PBXContainerItemProxy;
			containerPortal = A2B1A093255CD9F700E92995 /* Project object */;
			proxyType = 1;
			remoteGlobalIDString = A2B1A09A255CD9F700E92995;
			remoteInfo = MasterDetail;
		};
		A2B1A0BF255CD9F800E92995 /* PBXContainerItemProxy */ = {
			isa = PBXContainerItemProxy;
			containerPortal = A2B1A093255CD9F700E92995 /* Project object */;
			proxyType = 1;
			remoteGlobalIDString = A2B1A09A255CD9F700E92995;
			remoteInfo = MasterDetail;
		};
/* End PBXContainerItemProxy section */

/* Begin PBXFileReference section */
		A2B1A09B255CD9F700E92995 /* MasterDetail.app */ = {isa = PBXFileReference; explicitFileType = wrapper.application; includeInIndex = 0; path = MasterDetail.app; sourceTree = BUILT_PRODUCTS_DIR; };
		A2B1A09E255CD9F700E92995 /* AppDelegate.swift */ = {isa = PBXFileReference; lastKnownFileType = sourcecode.swift; path = AppDelegate.swift; sourceTree = "<group>"; };
		A2B1A0A0255CD9F700E92995 /* SceneDelegate.swift */ = {isa = PBXFileReference; lastKnownFileType = sourcecode.swift; path = SceneDelegate.swift; sourceTree = "<group>"; };
		A2B1A0A2255CD9F700E92995 /* MasterViewController.swift */ = {isa = PBXFileReference; lastKnownFileType = sourcecode.swift; path = MasterViewController.swift; sourceTree = "<group>"; };
		A2B1A0A4255CD9F700E92995 /* DetailViewController.swift */ = {isa = PBXFileReference; lastKnownFileType = sourcecode.swift; path = DetailViewController.swift; sourceTree = "<group>"; };
		A2B1A0A7255CD9F700E92995 /* Base */ = {isa = PBXFileReference; lastKnownFileType = file.storyboard; name = Base; path = Base.lproj/Main.storyboard; sourceTree = "<group>"; };
		A2B1A0A9255CD9F800E92995 /* Assets.xcassets */ = {isa = PBXFileReference; lastKnownFileType = folder.assetcatalog; path = Assets.xcassets; sourceTree = "<group>"; };
		A2B1A0AC255CD9F800E92995 /* Base */ = {isa = PBXFileReference; lastKnownFileType = file.storyboard; name = Base; path = Base.lproj/LaunchScreen.storyboard; sourceTree = "<group>"; };
		A2B1A0AE255CD9F800E92995 /* Info.plist */ = {isa = PBXFileReference; lastKnownFileType = text.plist.xml; path = Info.plist; sourceTree = "<group>"; };
		A2B1A0B3255CD9F800E92995 /* MasterDetailTests.xctest */ = {isa = PBXFileReference; explicitFileType = wrapper.cfbundle; includeInIndex = 0; path = MasterDetailTests.xctest; sourceTree = BUILT_PRODUCTS_DIR; };
		A2B1A0B7255CD9F800E92995 /* MasterDetailTests.swift */ = {isa = PBXFileReference; lastKnownFileType = sourcecode.swift; path = MasterDetailTests.swift; sourceTree = "<group>"; };
		A2B1A0B9255CD9F800E92995 /* Info.plist */ = {isa = PBXFileReference; lastKnownFileType = text.plist.xml; path = Info.plist; sourceTree = "<group>"; };
		A2B1A0BE255CD9F800E92995 /* MasterDetailUITests.xctest */ = {isa = PBXFileReference; explicitFileType = wrapper.cfbundle; includeInIndex = 0; path = MasterDetailUITests.xctest; sourceTree = BUILT_PRODUCTS_DIR; };
		A2B1A0C2255CD9F800E92995 /* MasterDetailUITests.swift */ = {isa = PBXFileReference; lastKnownFileType = sourcecode.swift; path = MasterDetailUITests.swift; sourceTree = "<group>"; };
		A2B1A0C4255CD9F800E92995 /* Info.plist */ = {isa = PBXFileReference; lastKnownFileType = text.plist.xml; path = Info.plist; sourceTree = "<group>"; };
/* End PBXFileReference section */

/* Begin PBXFrameworksBuildPhase section */
		A2B1A098255CD9F700E92995 /* Frameworks */ = {
			isa = PBXFrameworksBuildPhase;
			buildActionMask = 2147483647;
			files = (
			);
			runOnlyForDeploymentPostprocessing = 0;
		};
		A2B1A0B0255CD9F800E92995 /* Frameworks */ = {
			isa = PBXFrameworksBuildPhase;
			buildActionMask = 2147483647;
			files = (
			);
			runOnlyForDeploymentPostprocessing = 0;
		};
		A2B1A0BB255CD9F800E92995 /* Frameworks */ = {
			isa = PBXFrameworksBuildPhase;
			buildActionMask = 2147483647;
			files = (
			);
			runOnlyForDeploymentPostprocessing = 0;
		};
/* End PBXFrameworksBuildPhase section */

/* Begin PBXGroup section */
		A2B1A092255CD9F700E92995 = {
			isa = PBXGroup;
			children = (
				A2B1A09D255CD9F700E92995 /* MasterDetail */,
				A2B1A0B6255CD9F800E92995 /* MasterDetailTests */,
				A2B1A0C1255CD9F800E92995 /* MasterDetailUITests */,
				A2B1A09C255CD9F700E92995 /* Products */,
			);
			sourceTree = "<group>";
		};
		A2B1A09C255CD9F700E92995 /* Products */ = {
			isa = PBXGroup;
			children = (
				A2B1A09B255CD9F700E92995 /* MasterDetail.app */,
				A2B1A0B3255CD9F800E92995 /* MasterDetailTests.xctest */,
				A2B1A0BE255CD9F800E92995 /* MasterDetailUITests.xctest */,
			);
			name = Products;
			sourceTree = "<group>";
		};
		A2B1A09D255CD9F700E92995 /* MasterDetail */ = {
			isa = PBXGroup;
			children = (
				A2B1A09E255CD9F700E92995 /* AppDelegate.swift */,
				A2B1A0A0255CD9F700E92995 /* SceneDelegate.swift */,
				A2B1A0A2255CD9F700E92995 /* MasterViewController.swift */,
				A2B1A0A4255CD9F700E92995 /* DetailViewController.swift */,
				A2B1A0A6255CD9F700E92995 /* Main.storyboard */,
				A2B1A0A9255CD9F800E92995 /* Assets.xcassets */,
				A2B1A0AB255CD9F800E92995 /* LaunchScreen.storyboard */,
				A2B1A0AE255CD9F800E92995 /* Info.plist */,
			);
			path = MasterDetail;
			sourceTree = "<group>";
		};
		A2B1A0B6255CD9F800E92995 /* MasterDetailTests */ = {
			isa = PBXGroup;
			children = (
				A2B1A0B7255CD9F800E92995 /* MasterDetailTests.swift */,
				A2B1A0B9255CD9F800E92995 /* Info.plist */,
			);
			path = MasterDetailTests;
			sourceTree = "<group>";
		};
		A2B1A0C1255CD9F800E92995 /* MasterDetailUITests */ = {
			isa = PBXGroup;
			children = (
				A2B1A0C2255CD9F800E92995 /* MasterDetailUITests.swift */,
				A2B1A0C4255CD9F800E92995 /* Info.plist */,
			);
			path = MasterDetailUITests;
			sourceTree = "<group>";
		};
/* End PBXGroup section */

/* Begin PBXNativeTarget section */
		A2B1A09A255CD9F700E92995 /* MasterDetail */ = {
			isa = PBXNativeTarget;
			buildConfigurationList = A2B1A0C7255CD9F800E92995 /* Build configuration list for PBXNativeTarget "MasterDetail" */;
			buildPhases = (
				A2B1A097255CD9F700E92995 /* Sources */,
				A2B1A098255CD9F700E92995 /* Frameworks */,
				A2B1A099255CD9F700E92995 /* Resources */,
			);
			buildRules = (
			);
			dependencies = (
			);
			name = MasterDetail;
			productName = MasterDetail;
			productReference = A2B1A09B255CD9F700E92995 /* MasterDetail.app */;
			productType = "com.apple.product-type.application";
		};
		A2B1A0B2255CD9F800E92995 /* MasterDetailTests */ = {
			isa = PBXNativeTarget;
			buildConfigurationList = A2B1A0CA255CD9F800E92995 /* Build configuration list for PBXNativeTarget "MasterDetailTests" */;
			buildPhases = (
				A2B1A0AF255CD9F800E92995 /* Sources */,
				A2B1A0B0255CD9F800E92995 /* Frameworks */,
				A2B1A0B1255CD9F800E92995 /* Resources */,
			);
			buildRules = (
			);
			dependencies = (
				A2B1A0B5255CD9F800E92995 /* PBXTargetDependency */,
			);
			name = MasterDetailTests;
			productName = MasterDetailTests;
			productReference = A2B1A0B3255CD9F800E92995 /* MasterDetailTests.xctest */;
			productType = "com.apple.product-type.bundle.unit-test";
		};
		A2B1A0BD255CD9F800E92995 /* MasterDetailUITests */ = {
			isa = PBXNativeTarget;
			buildConfigurationList = A2B1A0CD255CD9F800E92995 /* Build configuration list for PBXNativeTarget "MasterDetailUITests" */;
			buildPhases = (
				A2B1A0BA255CD9F800E92995 /* Sources */,
				A2B1A0BB255CD9F800E92995 /* Frameworks */,
				A2B1A0BC255CD9F800E92995 /* Resources */,
			);
			buildRules = (
			);
			dependencies = (
				A2B1A0C0255CD9F800E92995 /* PBXTargetDependency */,
			);
			name = MasterDetailUITests;
			productName = MasterDetailUITests;
			productReference = A2B1A0BE255CD9F800E92995 /* MasterDetailUITests.xctest */;
			productType = "com.apple.product-type.bundle.ui-testing";
		};
/* End PBXNativeTarget section */

/* Begin PBXProject section */
		A2B1A093255CD9F700E92995 /* Project object */ = {
			isa = PBXProject;
			attributes = {
				LastSwiftUpdateCheck = 1170;
				LastUpgradeCheck = 1170;
				ORGANIZATIONNAME = "Jonathan Xakellis";
				TargetAttributes = {
					A2B1A09A255CD9F700E92995 = {
						CreatedOnToolsVersion = 11.7;
					};
					A2B1A0B2255CD9F800E92995 = {
						CreatedOnToolsVersion = 11.7;
						TestTargetID = A2B1A09A255CD9F700E92995;
					};
					A2B1A0BD255CD9F800E92995 = {
						CreatedOnToolsVersion = 11.7;
						TestTargetID = A2B1A09A255CD9F700E92995;
					};
				};
			};
			buildConfigurationList = A2B1A096255CD9F700E92995 /* Build configuration list for PBXProject "MasterDetail" */;
			compatibilityVersion = "Xcode 9.3";
			developmentRegion = en;
			hasScannedForEncodings = 0;
			knownRegions = (
				en,
				Base,
			);
			mainGroup = A2B1A092255CD9F700E92995;
			productRefGroup = A2B1A09C255CD9F700E92995 /* Products */;
			projectDirPath = "";
			projectRoot = "";
			targets = (
				A2B1A09A255CD9F700E92995 /* MasterDetail */,
				A2B1A0B2255CD9F800E92995 /* MasterDetailTests */,
				A2B1A0BD255CD9F800E92995 /* MasterDetailUITests */,
			);
		};
/* End PBXProject section */

/* Begin PBXResourcesBuildPhase section */
		A2B1A099255CD9F700E92995 /* Resources */ = {
			isa = PBXResourcesBuildPhase;
			buildActionMask = 2147483647;
			files = (
				A2B1A0AD255CD9F800E92995 /* LaunchScreen.storyboard in Resources */,
				A2B1A0AA255CD9F800E92995 /* Assets.xcassets in Resources */,
				A2B1A0A8255CD9F700E92995 /* Main.storyboard in Resources */,
			);
			runOnlyForDeploymentPostprocessing = 0;
		};
		A2B1A0B1255CD9F800E92995 /* Resources */ = {
			isa = PBXResourcesBuildPhase;
			buildActionMask = 2147483647;
			files = (
			);
			runOnlyForDeploymentPostprocessing = 0;
		};
		A2B1A0BC255CD9F800E92995 /* Resources */ = {
			isa = PBXResourcesBuildPhase;
			buildActionMask = 2147483647;
			files = (
			);
			runOnlyForDeploymentPostprocessing = 0;
		};
/* End PBXResourcesBuildPhase section */

/* Begin PBXSourcesBuildPhase section */
		A2B1A097255CD9F700E92995 /* Sources */ = {
			isa = PBXSourcesBuildPhase;
			buildActionMask = 2147483647;
			files = (
				A2B1A09F255CD9F700E92995 /* AppDelegate.swift in Sources */,
				A2B1A0A1255CD9F700E92995 /* SceneDelegate.swift in Sources */,
				A2B1A0A3255CD9F700E92995 /* MasterViewController.swift in Sources */,
				A2B1A0A5255CD9F700E92995 /* DetailViewController.swift in Sources */,
			);
			runOnlyForDeploymentPostprocessing = 0;
		};
		A2B1A0AF255CD9F800E92995 /* Sources */ = {
			isa = PBXSourcesBuildPhase;
			buildActionMask = 2147483647;
			files = (
				A2B1A0B8255CD9F800E92995 /* MasterDetailTests.swift in Sources */,
			);
			runOnlyForDeploymentPostprocessing = 0;
		};
		A2B1A0BA255CD9F800E92995 /* Sources */ = {
			isa = PBXSourcesBuildPhase;
			buildActionMask = 2147483647;
			files = (
				A2B1A0C3255CD9F800E92995 /* MasterDetailUITests.swift in Sources */,
			);
			runOnlyForDeploymentPostprocessing = 0;
		};
/* End PBXSourcesBuildPhase section */

/* Begin PBXTargetDependency section */
		A2B1A0B5255CD9F800E92995 /* PBXTargetDependency */ = {
			isa = PBXTargetDependency;
			target = A2B1A09A255CD9F700E92995 /* MasterDetail */;
			targetProxy = A2B1A0B4255CD9F800E92995 /* PBXContainerItemProxy */;
		};
		A2B1A0C0255CD9F800E92995 /* PBXTargetDependency */ = {
			isa = PBXTargetDependency;
			target = A2B1A09A255CD9F700E92995 /* MasterDetail */;
			targetProxy = A2B1A0BF255CD9F800E92995 /* PBXContainerItemProxy */;
		};
/* End PBXTargetDependency section */

/* Begin PBXVariantGroup section */
		A2B1A0A6255CD9F700E92995 /* Main.storyboard */ = {
			isa = PBXVariantGroup;
			children = (
				A2B1A0A7255CD9F700E92995 /* Base */,
			);
			name = Main.storyboard;
			sourceTree = "<group>";
		};
		A2B1A0AB255CD9F800E92995 /* LaunchScreen.storyboard */ = {
			isa = PBXVariantGroup;
			children = (
				A2B1A0AC255CD9F800E92995 /* Base */,
			);
			name = LaunchScreen.storyboard;
			sourceTree = "<group>";
		};
/* End PBXVariantGroup section */

/* Begin XCBuildConfiguration section */
		A2B1A0C5255CD9F800E92995 /* Debug */ = {
			isa = XCBuildConfiguration;
			buildSettings = {
				ALWAYS_SEARCH_USER_PATHS = NO;
				CLANG_ANALYZER_NONNULL = YES;
				CLANG_ANALYZER_NUMBER_OBJECT_CONVERSION = YES_AGGRESSIVE;
				CLANG_CXX_LANGUAGE_STANDARD = "gnu++14";
				CLANG_CXX_LIBRARY = "libc++";
				CLANG_ENABLE_MODULES = YES;
				CLANG_ENABLE_OBJC_ARC = YES;
				CLANG_ENABLE_OBJC_WEAK = YES;
				CLANG_WARN_BLOCK_CAPTURE_AUTORELEASING = YES;
				CLANG_WARN_BOOL_CONVERSION = YES;
				CLANG_WARN_COMMA = YES;
				CLANG_WARN_CONSTANT_CONVERSION = YES;
				CLANG_WARN_DEPRECATED_OBJC_IMPLEMENTATIONS = YES;
				CLANG_WARN_DIRECT_OBJC_ISA_USAGE = YES_ERROR;
				CLANG_WARN_DOCUMENTATION_COMMENTS = YES;
				CLANG_WARN_EMPTY_BODY = YES;
				CLANG_WARN_ENUM_CONVERSION = YES;
				CLANG_WARN_INFINITE_RECURSION = YES;
				CLANG_WARN_INT_CONVERSION = YES;
				CLANG_WARN_NON_LITERAL_NULL_CONVERSION = YES;
				CLANG_WARN_OBJC_IMPLICIT_RETAIN_SELF = YES;
				CLANG_WARN_OBJC_LITERAL_CONVERSION = YES;
				CLANG_WARN_OBJC_ROOT_CLASS = YES_ERROR;
				CLANG_WARN_RANGE_LOOP_ANALYSIS = YES;
				CLANG_WARN_STRICT_PROTOTYPES = YES;
				CLANG_WARN_SUSPICIOUS_MOVE = YES;
				CLANG_WARN_UNGUARDED_AVAILABILITY = YES_AGGRESSIVE;
				CLANG_WARN_UNREACHABLE_CODE = YES;
				CLANG_WARN__DUPLICATE_METHOD_MATCH = YES;
				COPY_PHASE_STRIP = NO;
				DEBUG_INFORMATION_FORMAT = dwarf;
				ENABLE_STRICT_OBJC_MSGSEND = YES;
				ENABLE_TESTABILITY = YES;
				GCC_C_LANGUAGE_STANDARD = gnu11;
				GCC_DYNAMIC_NO_PIC = NO;
				GCC_NO_COMMON_BLOCKS = YES;
				GCC_OPTIMIZATION_LEVEL = 0;
				GCC_PREPROCESSOR_DEFINITIONS = (
					"DEBUG=1",
					"$(inherited)",
				);
				GCC_WARN_64_TO_32_BIT_CONVERSION = YES;
				GCC_WARN_ABOUT_RETURN_TYPE = YES_ERROR;
				GCC_WARN_UNDECLARED_SELECTOR = YES;
				GCC_WARN_UNINITIALIZED_AUTOS = YES_AGGRESSIVE;
				GCC_WARN_UNUSED_FUNCTION = YES;
				GCC_WARN_UNUSED_VARIABLE = YES;
				IPHONEOS_DEPLOYMENT_TARGET = 13.7;
				MTL_ENABLE_DEBUG_INFO = INCLUDE_SOURCE;
				MTL_FAST_MATH = YES;
				ONLY_ACTIVE_ARCH = YES;
				SDKROOT = iphoneos;
				SWIFT_ACTIVE_COMPILATION_CONDITIONS = DEBUG;
				SWIFT_OPTIMIZATION_LEVEL = "-Onone";
			};
			name = Debug;
		};
		A2B1A0C6255CD9F800E92995 /* Release */ = {
			isa = XCBuildConfiguration;
			buildSettings = {
				ALWAYS_SEARCH_USER_PATHS = NO;
				CLANG_ANALYZER_NONNULL = YES;
				CLANG_ANALYZER_NUMBER_OBJECT_CONVERSION = YES_AGGRESSIVE;
				CLANG_CXX_LANGUAGE_STANDARD = "gnu++14";
				CLANG_CXX_LIBRARY = "libc++";
				CLANG_ENABLE_MODULES = YES;
				CLANG_ENABLE_OBJC_ARC = YES;
				CLANG_ENABLE_OBJC_WEAK = YES;
				CLANG_WARN_BLOCK_CAPTURE_AUTORELEASING = YES;
				CLANG_WARN_BOOL_CONVERSION = YES;
				CLANG_WARN_COMMA = YES;
				CLANG_WARN_CONSTANT_CONVERSION = YES;
				CLANG_WARN_DEPRECATED_OBJC_IMPLEMENTATIONS = YES;
				CLANG_WARN_DIRECT_OBJC_ISA_USAGE = YES_ERROR;
				CLANG_WARN_DOCUMENTATION_COMMENTS = YES;
				CLANG_WARN_EMPTY_BODY = YES;
				CLANG_WARN_ENUM_CONVERSION = YES;
				CLANG_WARN_INFINITE_RECURSION = YES;
				CLANG_WARN_INT_CONVERSION = YES;
				CLANG_WARN_NON_LITERAL_NULL_CONVERSION = YES;
				CLANG_WARN_OBJC_IMPLICIT_RETAIN_SELF = YES;
				CLANG_WARN_OBJC_LITERAL_CONVERSION = YES;
				CLANG_WARN_OBJC_ROOT_CLASS = YES_ERROR;
				CLANG_WARN_RANGE_LOOP_ANALYSIS = YES;
				CLANG_WARN_STRICT_PROTOTYPES = YES;
				CLANG_WARN_SUSPICIOUS_MOVE = YES;
				CLANG_WARN_UNGUARDED_AVAILABILITY = YES_AGGRESSIVE;
				CLANG_WARN_UNREACHABLE_CODE = YES;
				CLANG_WARN__DUPLICATE_METHOD_MATCH = YES;
				COPY_PHASE_STRIP = NO;
				DEBUG_INFORMATION_FORMAT = "dwarf-with-dsym";
				ENABLE_NS_ASSERTIONS = NO;
				ENABLE_STRICT_OBJC_MSGSEND = YES;
				GCC_C_LANGUAGE_STANDARD = gnu11;
				GCC_NO_COMMON_BLOCKS = YES;
				GCC_WARN_64_TO_32_BIT_CONVERSION = YES;
				GCC_WARN_ABOUT_RETURN_TYPE = YES_ERROR;
				GCC_WARN_UNDECLARED_SELECTOR = YES;
				GCC_WARN_UNINITIALIZED_AUTOS = YES_AGGRESSIVE;
				GCC_WARN_UNUSED_FUNCTION = YES;
				GCC_WARN_UNUSED_VARIABLE = YES;
				IPHONEOS_DEPLOYMENT_TARGET = 13.7;
				MTL_ENABLE_DEBUG_INFO = NO;
				MTL_FAST_MATH = YES;
				SDKROOT = iphoneos;
				SWIFT_COMPILATION_MODE = wholemodule;
				SWIFT_OPTIMIZATION_LEVEL = "-O";
				VALIDATE_PRODUCT = YES;
			};
			name = Release;
		};
		A2B1A0C8255CD9F800E92995 /* Debug */ = {
			isa = XCBuildConfiguration;
			buildSettings = {
				ASSETCATALOG_COMPILER_APPICON_NAME = AppIcon;
				CODE_SIGN_STYLE = Automatic;
				INFOPLIST_FILE = MasterDetail/Info.plist;
				LD_RUNPATH_SEARCH_PATHS = (
					"$(inherited)",
					"@executable_path/Frameworks",
				);
				PRODUCT_BUNDLE_IDENTIFIER = com.example.MasterDetail;
				PRODUCT_NAME = "$(TARGET_NAME)";
				SWIFT_VERSION = 5.0;
				TARGETED_DEVICE_FAMILY = "1,2";
			};
			name = Debug;
		};
		A2B1A0C9255CD9F800E92995 /* Release */ = {
			isa = XCBuildConfiguration;
			buildSettings = {
				ASSETCATALOG_COMPILER_APPICON_NAME = AppIcon;
				CODE_SIGN_STYLE = Automatic;
				INFOPLIST_FILE = MasterDetail/Info.plist;
				LD_RUNPATH_SEARCH_PATHS = (
					"$(inherited)",
					"@executable_path/Frameworks",
				);
				PRODUCT_BUNDLE_IDENTIFIER = com.example.MasterDetail;
				PRODUCT_NAME = "$(TARGET_NAME)";
				SWIFT_VERSION = 5.0;
				TARGETED_DEVICE_FAMILY = "1,2";
			};
			name = Release;
		};
		A2B1A0CB255CD9F800E92995 /* Debug */ = {
			isa = XCBuildConfiguration;
			buildSettings = {
				ALWAYS_EMBED_SWIFT_STANDARD_LIBRARIES = YES;
				BUNDLE_LOADER = "$(TEST_HOST)";
				CODE_SIGN_STYLE = Automatic;
				INFOPLIST_FILE = MasterDetailTests/Info.plist;
				IPHONEOS_DEPLOYMENT_TARGET = 13.7;
				LD_RUNPATH_SEARCH_PATHS = (
					"$(inherited)",
					"@executable_path/Frameworks",
					"@loader_path/Frameworks",
				);
				PRODUCT_BUNDLE_IDENTIFIER = com.example.MasterDetailTests;
				PRODUCT_NAME = "$(TARGET_NAME)";
				SWIFT_VERSION = 5.0;
				TARGETED_DEVICE_FAMILY = "1,2";
				TEST_HOST = "$(BUILT_PRODUCTS_DIR)/MasterDetail.app/MasterDetail";
			};
			name = Debug;
		};
		A2B1A0CC255CD9F800E92995 /* Release */ = {
			isa = XCBuildConfiguration;
			buildSettings = {
				ALWAYS_EMBED_SWIFT_STANDARD_LIBRARIES = YES;
				BUNDLE_LOADER = "$(TEST_HOST)";
				CODE_SIGN_STYLE = Automatic;
				INFOPLIST_FILE = MasterDetailTests/Info.plist;
				IPHONEOS_DEPLOYMENT_TARGET = 13.7;
				LD_RUNPATH_SEARCH_PATHS = (
					"$(inherited)",
					"@executable_path/Frameworks",
					"@loader_path/Frameworks",
				);
				PRODUCT_BUNDLE_IDENTIFIER = com.example.MasterDetailTests;
				PRODUCT_NAME = "$(TARGET_NAME)";
				SWIFT_VERSION = 5.0;
				TARGETED_DEVICE_FAMILY = "1,2";
				TEST_HOST = "$(BUILT_PRODUCTS_DIR)/MasterDetail.app/MasterDetail";
			};
			name = Release;
		};
		A2B1A0CE255CD9F800E92995 /* Debug */ = {
			isa = XCBuildConfiguration;
			buildSettings = {
				ALWAYS_EMBED_SWIFT_STANDARD_LIBRARIES = YES;
				CODE_SIGN_STYLE = Automatic;
				INFOPLIST_FILE = MasterDetailUITests/Info.plist;
				LD_RUNPATH_SEARCH_PATHS = (
					"$(inherited)",
					"@executable_path/Frameworks",
					"@loader_path/Frameworks",
				);
				PRODUCT_BUNDLE_IDENTIFIER = com.example.MasterDetailUITests;
				PRODUCT_NAME = "$(TARGET_NAME)";
				SWIFT_VERSION = 5.0;
				TARGETED_DEVICE_FAMILY = "1,2";
				TEST_TARGET_NAME = MasterDetail;
			};
			name = Debug;
		};
		A2B1A0CF255CD9F800E92995 /* Release */ = {
			isa = XCBuildConfiguration;
			buildSettings = {
				ALWAYS_EMBED_SWIFT_STANDARD_LIBRARIES = YES;
				CODE_SIGN_STYLE = Automatic;
				INFOPLIST_FILE = MasterDetailUITests/Info.plist;
				LD_RUNPATH_SEARCH_PATHS = (
					"$(inherited)",
					"@executable_path/Frameworks",
					"@loader_path/Frameworks",
				);
				PRODUCT_BUNDLE_IDENTIFIER = com.example.MasterDetailUITests;
				PRODUCT_NAME = "$(TARGET_NAME)";
				SWIFT_VERSION = 5.0;
				TARGETED_DEVICE_FAMILY = "1,2";
				TEST_TARGET_NAME = MasterDetail;
			};
			name = Release;
		};
/* End XCBuildConfiguration section */

/* Begin XCConfigurationList section */
		A2B1A096255CD9F700E92995 /* Build configuration list for PBXProject "MasterDetail" */ = {
			isa = XCConfigurationList;
			buildConfigurations = (
				A2B1A0C5255CD9F800E92995 /* Debug */,
				A2B1A0C6255CD9F800E92995 /* Release */,
			);
			defaultConfigurationIsVisible = 0;
			defaultConfigurationName = Release;
		};
		A2B1A0C7255CD9F800E92995 /* Build configuration list for PBXNativeTarget "MasterDetail" */ = {
			isa = XCConfigurationList;
			buildConfigurations = (
				A2B1A0C8255CD9F800E92995 /* Debug */,
				A2B1A0C9255CD9F800E92995 /* Release */,
			);
			defaultConfigurationIsVisible = 0;
			defaultConfigurationName = Release;
		};
		A2B1A0CA255CD9F800E92995 /* Build configuration list for PBXNativeTarget "MasterDetailTests" */ = {
			isa = XCConfigurationList;
			buildConfigurations = (
				A2B1A0CB255CD9F800E92995 /* Debug */,
				A2B1A0CC255CD9F800E92995 /* Release */,
			);
			defaultConfigurationIsVisible = 0;
			defaultConfigurationName = Release;
		};
		A2B1A0CD255CD9F800E92995 /* Build configuration list for PBXNativeTarget "MasterDetailUITests" */ = {
			isa = XCConfigurationList;
			buildConfigurations = (
				A2B1A0CE255CD9F800E92995 /* Debug */,
				A2B1A0CF255CD9F800E92995 /* Release */,
			);
			defaultConfigurationIsVisible = 0;
			defaultConfigurationName = Release;
		};
/* End XCConfigurationList section */
	};
	rootObject = A2B1A093255CD9F700E92995 /* Project object */;
}
