// !$*UTF8*$!
{
	archiveVersion = 1;
	classes = {
	};
	objectVersion = 50;
	objects = {

/* Begin PBXBuildFile section */
		A231C4122548803A00738AE3 /* TableViewController.swift in Sources */ = {isa = PBXBuildFile; fileRef = A231C4112548803A00738AE3 /* TableViewController.swift */; };
		A265E938253683CF000CB7C0 /* AppDelegate.swift in Sources */ = {isa = PBXBuildFile; fileRef = A265E937253683CF000CB7C0 /* AppDelegate.swift */; };
		A265E93A253683CF000CB7C0 /* SceneDelegate.swift in Sources */ = {isa = PBXBuildFile; fileRef = A265E939253683CF000CB7C0 /* SceneDelegate.swift */; };
		A265E93C253683CF000CB7C0 /* MainViewController.swift in Sources */ = {isa = PBXBuildFile; fileRef = A265E93B253683CF000CB7C0 /* MainViewController.swift */; };
		A265E93F253683CF000CB7C0 /* Main.storyboard in Resources */ = {isa = PBXBuildFile; fileRef = A265E93D253683CF000CB7C0 /* Main.storyboard */; };
		A265E941253683D1000CB7C0 /* Assets.xcassets in Resources */ = {isa = PBXBuildFile; fileRef = A265E940253683D1000CB7C0 /* Assets.xcassets */; };
		A265E944253683D1000CB7C0 /* LaunchScreen.storyboard in Resources */ = {isa = PBXBuildFile; fileRef = A265E942253683D1000CB7C0 /* LaunchScreen.storyboard */; };
		A265E94F253683D1000CB7C0 /* DelegateTestingTests.swift in Sources */ = {isa = PBXBuildFile; fileRef = A265E94E253683D1000CB7C0 /* DelegateTestingTests.swift */; };
		A265E95F253686BA000CB7C0 /* ItemModel.swift in Sources */ = {isa = PBXBuildFile; fileRef = A265E95E253686BA000CB7C0 /* ItemModel.swift */; };
		A265E96325368BBE000CB7C0 /* ShopViewController.swift in Sources */ = {isa = PBXBuildFile; fileRef = A265E96225368BBE000CB7C0 /* ShopViewController.swift */; };
/* End PBXBuildFile section */

/* Begin PBXContainerItemProxy section */
		A265E94B253683D1000CB7C0 /* PBXContainerItemProxy */ = {
			isa = PBXContainerItemProxy;
			containerPortal = A265E92C253683CF000CB7C0 /* Project object */;
			proxyType = 1;
			remoteGlobalIDString = A265E933253683CF000CB7C0;
			remoteInfo = DelegateTesting;
		};
/* End PBXContainerItemProxy section */

/* Begin PBXFileReference section */
		A231C4112548803A00738AE3 /* TableViewController.swift */ = {isa = PBXFileReference; lastKnownFileType = sourcecode.swift; path = TableViewController.swift; sourceTree = "<group>"; };
		A265E934253683CF000CB7C0 /* DelegateTesting.app */ = {isa = PBXFileReference; explicitFileType = wrapper.application; includeInIndex = 0; path = DelegateTesting.app; sourceTree = BUILT_PRODUCTS_DIR; };
		A265E937253683CF000CB7C0 /* AppDelegate.swift */ = {isa = PBXFileReference; lastKnownFileType = sourcecode.swift; path = AppDelegate.swift; sourceTree = "<group>"; };
		A265E939253683CF000CB7C0 /* SceneDelegate.swift */ = {isa = PBXFileReference; lastKnownFileType = sourcecode.swift; path = SceneDelegate.swift; sourceTree = "<group>"; };
		A265E93B253683CF000CB7C0 /* MainViewController.swift */ = {isa = PBXFileReference; lastKnownFileType = sourcecode.swift; path = MainViewController.swift; sourceTree = "<group>"; };
		A265E93E253683CF000CB7C0 /* Base */ = {isa = PBXFileReference; lastKnownFileType = file.storyboard; name = Base; path = Base.lproj/Main.storyboard; sourceTree = "<group>"; };
		A265E940253683D1000CB7C0 /* Assets.xcassets */ = {isa = PBXFileReference; lastKnownFileType = folder.assetcatalog; path = Assets.xcassets; sourceTree = "<group>"; };
		A265E943253683D1000CB7C0 /* Base */ = {isa = PBXFileReference; lastKnownFileType = file.storyboard; name = Base; path = Base.lproj/LaunchScreen.storyboard; sourceTree = "<group>"; };
		A265E945253683D1000CB7C0 /* Info.plist */ = {isa = PBXFileReference; lastKnownFileType = text.plist.xml; path = Info.plist; sourceTree = "<group>"; };
		A265E94A253683D1000CB7C0 /* DelegateTestingTests.xctest */ = {isa = PBXFileReference; explicitFileType = wrapper.cfbundle; includeInIndex = 0; path = DelegateTestingTests.xctest; sourceTree = BUILT_PRODUCTS_DIR; };
		A265E94E253683D1000CB7C0 /* DelegateTestingTests.swift */ = {isa = PBXFileReference; lastKnownFileType = sourcecode.swift; path = DelegateTestingTests.swift; sourceTree = "<group>"; };
		A265E950253683D1000CB7C0 /* Info.plist */ = {isa = PBXFileReference; lastKnownFileType = text.plist.xml; path = Info.plist; sourceTree = "<group>"; };
		A265E95E253686BA000CB7C0 /* ItemModel.swift */ = {isa = PBXFileReference; lastKnownFileType = sourcecode.swift; path = ItemModel.swift; sourceTree = "<group>"; };
		A265E96225368BBE000CB7C0 /* ShopViewController.swift */ = {isa = PBXFileReference; lastKnownFileType = sourcecode.swift; path = ShopViewController.swift; sourceTree = "<group>"; };
/* End PBXFileReference section */

/* Begin PBXFrameworksBuildPhase section */
		A265E931253683CF000CB7C0 /* Frameworks */ = {
			isa = PBXFrameworksBuildPhase;
			buildActionMask = 2147483647;
			files = (
			);
			runOnlyForDeploymentPostprocessing = 0;
		};
		A265E947253683D1000CB7C0 /* Frameworks */ = {
			isa = PBXFrameworksBuildPhase;
			buildActionMask = 2147483647;
			files = (
			);
			runOnlyForDeploymentPostprocessing = 0;
		};
/* End PBXFrameworksBuildPhase section */

/* Begin PBXGroup section */
		A265E92B253683CF000CB7C0 = {
			isa = PBXGroup;
			children = (
				A265E936253683CF000CB7C0 /* DelegateTesting */,
				A265E94D253683D1000CB7C0 /* DelegateTestingTests */,
				A265E935253683CF000CB7C0 /* Products */,
			);
			sourceTree = "<group>";
		};
		A265E935253683CF000CB7C0 /* Products */ = {
			isa = PBXGroup;
			children = (
				A265E934253683CF000CB7C0 /* DelegateTesting.app */,
				A265E94A253683D1000CB7C0 /* DelegateTestingTests.xctest */,
			);
			name = Products;
			sourceTree = "<group>";
		};
		A265E936253683CF000CB7C0 /* DelegateTesting */ = {
			isa = PBXGroup;
			children = (
				A265E95B25368415000CB7C0 /* Controllers */,
				A265E95A2536840D000CB7C0 /* Models */,
				A265E959253683F5000CB7C0 /* Views */,
				A265E945253683D1000CB7C0 /* Info.plist */,
			);
			path = DelegateTesting;
			sourceTree = "<group>";
		};
		A265E94D253683D1000CB7C0 /* DelegateTestingTests */ = {
			isa = PBXGroup;
			children = (
				A265E94E253683D1000CB7C0 /* DelegateTestingTests.swift */,
				A265E950253683D1000CB7C0 /* Info.plist */,
			);
			path = DelegateTestingTests;
			sourceTree = "<group>";
		};
		A265E959253683F5000CB7C0 /* Views */ = {
			isa = PBXGroup;
			children = (
				A265E942253683D1000CB7C0 /* LaunchScreen.storyboard */,
				A265E940253683D1000CB7C0 /* Assets.xcassets */,
				A265E93D253683CF000CB7C0 /* Main.storyboard */,
			);
			path = Views;
			sourceTree = "<group>";
		};
		A265E95A2536840D000CB7C0 /* Models */ = {
			isa = PBXGroup;
			children = (
				A265E95E253686BA000CB7C0 /* ItemModel.swift */,
			);
			path = Models;
			sourceTree = "<group>";
		};
		A265E95B25368415000CB7C0 /* Controllers */ = {
			isa = PBXGroup;
			children = (
				A265E939253683CF000CB7C0 /* SceneDelegate.swift */,
				A265E93B253683CF000CB7C0 /* MainViewController.swift */,
				A265E937253683CF000CB7C0 /* AppDelegate.swift */,
				A265E96225368BBE000CB7C0 /* ShopViewController.swift */,
				A231C4112548803A00738AE3 /* TableViewController.swift */,
			);
			path = Controllers;
			sourceTree = "<group>";
		};
/* End PBXGroup section */

/* Begin PBXNativeTarget section */
		A265E933253683CF000CB7C0 /* DelegateTesting */ = {
			isa = PBXNativeTarget;
			buildConfigurationList = A265E953253683D1000CB7C0 /* Build configuration list for PBXNativeTarget "DelegateTesting" */;
			buildPhases = (
				A265E930253683CF000CB7C0 /* Sources */,
				A265E931253683CF000CB7C0 /* Frameworks */,
				A265E932253683CF000CB7C0 /* Resources */,
			);
			buildRules = (
			);
			dependencies = (
			);
			name = DelegateTesting;
			productName = DelegateTesting;
			productReference = A265E934253683CF000CB7C0 /* DelegateTesting.app */;
			productType = "com.apple.product-type.application";
		};
		A265E949253683D1000CB7C0 /* DelegateTestingTests */ = {
			isa = PBXNativeTarget;
			buildConfigurationList = A265E956253683D1000CB7C0 /* Build configuration list for PBXNativeTarget "DelegateTestingTests" */;
			buildPhases = (
				A265E946253683D1000CB7C0 /* Sources */,
				A265E947253683D1000CB7C0 /* Frameworks */,
				A265E948253683D1000CB7C0 /* Resources */,
			);
			buildRules = (
			);
			dependencies = (
				A265E94C253683D1000CB7C0 /* PBXTargetDependency */,
			);
			name = DelegateTestingTests;
			productName = DelegateTestingTests;
			productReference = A265E94A253683D1000CB7C0 /* DelegateTestingTests.xctest */;
			productType = "com.apple.product-type.bundle.unit-test";
		};
/* End PBXNativeTarget section */

/* Begin PBXProject section */
		A265E92C253683CF000CB7C0 /* Project object */ = {
			isa = PBXProject;
			attributes = {
				LastSwiftUpdateCheck = 1170;
				LastUpgradeCheck = 1170;
				ORGANIZATIONNAME = "Jonathan Xakellis";
				TargetAttributes = {
					A265E933253683CF000CB7C0 = {
						CreatedOnToolsVersion = 11.7;
					};
					A265E949253683D1000CB7C0 = {
						CreatedOnToolsVersion = 11.7;
						TestTargetID = A265E933253683CF000CB7C0;
					};
				};
			};
			buildConfigurationList = A265E92F253683CF000CB7C0 /* Build configuration list for PBXProject "DelegateTesting" */;
			compatibilityVersion = "Xcode 9.3";
			developmentRegion = en;
			hasScannedForEncodings = 0;
			knownRegions = (
				en,
				Base,
			);
			mainGroup = A265E92B253683CF000CB7C0;
			productRefGroup = A265E935253683CF000CB7C0 /* Products */;
			projectDirPath = "";
			projectRoot = "";
			targets = (
				A265E933253683CF000CB7C0 /* DelegateTesting */,
				A265E949253683D1000CB7C0 /* DelegateTestingTests */,
			);
		};
/* End PBXProject section */

/* Begin PBXResourcesBuildPhase section */
		A265E932253683CF000CB7C0 /* Resources */ = {
			isa = PBXResourcesBuildPhase;
			buildActionMask = 2147483647;
			files = (
				A265E944253683D1000CB7C0 /* LaunchScreen.storyboard in Resources */,
				A265E941253683D1000CB7C0 /* Assets.xcassets in Resources */,
				A265E93F253683CF000CB7C0 /* Main.storyboard in Resources */,
			);
			runOnlyForDeploymentPostprocessing = 0;
		};
		A265E948253683D1000CB7C0 /* Resources */ = {
			isa = PBXResourcesBuildPhase;
			buildActionMask = 2147483647;
			files = (
			);
			runOnlyForDeploymentPostprocessing = 0;
		};
/* End PBXResourcesBuildPhase section */

/* Begin PBXSourcesBuildPhase section */
		A265E930253683CF000CB7C0 /* Sources */ = {
			isa = PBXSourcesBuildPhase;
			buildActionMask = 2147483647;
			files = (
				A265E95F253686BA000CB7C0 /* ItemModel.swift in Sources */,
				A231C4122548803A00738AE3 /* TableViewController.swift in Sources */,
				A265E96325368BBE000CB7C0 /* ShopViewController.swift in Sources */,
				A265E93C253683CF000CB7C0 /* MainViewController.swift in Sources */,
				A265E938253683CF000CB7C0 /* AppDelegate.swift in Sources */,
				A265E93A253683CF000CB7C0 /* SceneDelegate.swift in Sources */,
			);
			runOnlyForDeploymentPostprocessing = 0;
		};
		A265E946253683D1000CB7C0 /* Sources */ = {
			isa = PBXSourcesBuildPhase;
			buildActionMask = 2147483647;
			files = (
				A265E94F253683D1000CB7C0 /* DelegateTestingTests.swift in Sources */,
			);
			runOnlyForDeploymentPostprocessing = 0;
		};
/* End PBXSourcesBuildPhase section */

/* Begin PBXTargetDependency section */
		A265E94C253683D1000CB7C0 /* PBXTargetDependency */ = {
			isa = PBXTargetDependency;
			target = A265E933253683CF000CB7C0 /* DelegateTesting */;
			targetProxy = A265E94B253683D1000CB7C0 /* PBXContainerItemProxy */;
		};
/* End PBXTargetDependency section */

/* Begin PBXVariantGroup section */
		A265E93D253683CF000CB7C0 /* Main.storyboard */ = {
			isa = PBXVariantGroup;
			children = (
				A265E93E253683CF000CB7C0 /* Base */,
			);
			name = Main.storyboard;
			sourceTree = "<group>";
		};
		A265E942253683D1000CB7C0 /* LaunchScreen.storyboard */ = {
			isa = PBXVariantGroup;
			children = (
				A265E943253683D1000CB7C0 /* Base */,
			);
			name = LaunchScreen.storyboard;
			sourceTree = "<group>";
		};
/* End PBXVariantGroup section */

/* Begin XCBuildConfiguration section */
		A265E951253683D1000CB7C0 /* Debug */ = {
			isa = XCBuildConfiguration;
			buildSettings = {
				ALWAYS_SEARCH_USER_PATHS = NO;
				CLANG_ANALYZER_NONNULL = YES;
				CLANG_ANALYZER_NUMBER_OBJECT_CONVERSION = YES_AGGRESSIVE;
				CLANG_CXX_LANGUAGE_STANDARD = "gnu++14";
				CLANG_CXX_LIBRARY = "libc++";
				CLANG_ENABLE_MODULES = YES;
				CLANG_ENABLE_OBJC_ARC = YES;
				CLANG_ENABLE_OBJC_WEAK = YES;
				CLANG_WARN_BLOCK_CAPTURE_AUTORELEASING = YES;
				CLANG_WARN_BOOL_CONVERSION = YES;
				CLANG_WARN_COMMA = YES;
				CLANG_WARN_CONSTANT_CONVERSION = YES;
				CLANG_WARN_DEPRECATED_OBJC_IMPLEMENTATIONS = YES;
				CLANG_WARN_DIRECT_OBJC_ISA_USAGE = YES_ERROR;
				CLANG_WARN_DOCUMENTATION_COMMENTS = YES;
				CLANG_WARN_EMPTY_BODY = YES;
				CLANG_WARN_ENUM_CONVERSION = YES;
				CLANG_WARN_INFINITE_RECURSION = YES;
				CLANG_WARN_INT_CONVERSION = YES;
				CLANG_WARN_NON_LITERAL_NULL_CONVERSION = YES;
				CLANG_WARN_OBJC_IMPLICIT_RETAIN_SELF = YES;
				CLANG_WARN_OBJC_LITERAL_CONVERSION = YES;
				CLANG_WARN_OBJC_ROOT_CLASS = YES_ERROR;
				CLANG_WARN_RANGE_LOOP_ANALYSIS = YES;
				CLANG_WARN_STRICT_PROTOTYPES = YES;
				CLANG_WARN_SUSPICIOUS_MOVE = YES;
				CLANG_WARN_UNGUARDED_AVAILABILITY = YES_AGGRESSIVE;
				CLANG_WARN_UNREACHABLE_CODE = YES;
				CLANG_WARN__DUPLICATE_METHOD_MATCH = YES;
				COPY_PHASE_STRIP = NO;
				DEBUG_INFORMATION_FORMAT = dwarf;
				ENABLE_STRICT_OBJC_MSGSEND = YES;
				ENABLE_TESTABILITY = YES;
				GCC_C_LANGUAGE_STANDARD = gnu11;
				GCC_DYNAMIC_NO_PIC = NO;
				GCC_NO_COMMON_BLOCKS = YES;
				GCC_OPTIMIZATION_LEVEL = 0;
				GCC_PREPROCESSOR_DEFINITIONS = (
					"DEBUG=1",
					"$(inherited)",
				);
				GCC_WARN_64_TO_32_BIT_CONVERSION = YES;
				GCC_WARN_ABOUT_RETURN_TYPE = YES_ERROR;
				GCC_WARN_UNDECLARED_SELECTOR = YES;
				GCC_WARN_UNINITIALIZED_AUTOS = YES_AGGRESSIVE;
				GCC_WARN_UNUSED_FUNCTION = YES;
				GCC_WARN_UNUSED_VARIABLE = YES;
				IPHONEOS_DEPLOYMENT_TARGET = 13.7;
				MTL_ENABLE_DEBUG_INFO = INCLUDE_SOURCE;
				MTL_FAST_MATH = YES;
				ONLY_ACTIVE_ARCH = YES;
				SDKROOT = iphoneos;
				SWIFT_ACTIVE_COMPILATION_CONDITIONS = DEBUG;
				SWIFT_OPTIMIZATION_LEVEL = "-Onone";
			};
			name = Debug;
		};
		A265E952253683D1000CB7C0 /* Release */ = {
			isa = XCBuildConfiguration;
			buildSettings = {
				ALWAYS_SEARCH_USER_PATHS = NO;
				CLANG_ANALYZER_NONNULL = YES;
				CLANG_ANALYZER_NUMBER_OBJECT_CONVERSION = YES_AGGRESSIVE;
				CLANG_CXX_LANGUAGE_STANDARD = "gnu++14";
				CLANG_CXX_LIBRARY = "libc++";
				CLANG_ENABLE_MODULES = YES;
				CLANG_ENABLE_OBJC_ARC = YES;
				CLANG_ENABLE_OBJC_WEAK = YES;
				CLANG_WARN_BLOCK_CAPTURE_AUTORELEASING = YES;
				CLANG_WARN_BOOL_CONVERSION = YES;
				CLANG_WARN_COMMA = YES;
				CLANG_WARN_CONSTANT_CONVERSION = YES;
				CLANG_WARN_DEPRECATED_OBJC_IMPLEMENTATIONS = YES;
				CLANG_WARN_DIRECT_OBJC_ISA_USAGE = YES_ERROR;
				CLANG_WARN_DOCUMENTATION_COMMENTS = YES;
				CLANG_WARN_EMPTY_BODY = YES;
				CLANG_WARN_ENUM_CONVERSION = YES;
				CLANG_WARN_INFINITE_RECURSION = YES;
				CLANG_WARN_INT_CONVERSION = YES;
				CLANG_WARN_NON_LITERAL_NULL_CONVERSION = YES;
				CLANG_WARN_OBJC_IMPLICIT_RETAIN_SELF = YES;
				CLANG_WARN_OBJC_LITERAL_CONVERSION = YES;
				CLANG_WARN_OBJC_ROOT_CLASS = YES_ERROR;
				CLANG_WARN_RANGE_LOOP_ANALYSIS = YES;
				CLANG_WARN_STRICT_PROTOTYPES = YES;
				CLANG_WARN_SUSPICIOUS_MOVE = YES;
				CLANG_WARN_UNGUARDED_AVAILABILITY = YES_AGGRESSIVE;
				CLANG_WARN_UNREACHABLE_CODE = YES;
				CLANG_WARN__DUPLICATE_METHOD_MATCH = YES;
				COPY_PHASE_STRIP = NO;
				DEBUG_INFORMATION_FORMAT = "dwarf-with-dsym";
				ENABLE_NS_ASSERTIONS = NO;
				ENABLE_STRICT_OBJC_MSGSEND = YES;
				GCC_C_LANGUAGE_STANDARD = gnu11;
				GCC_NO_COMMON_BLOCKS = YES;
				GCC_WARN_64_TO_32_BIT_CONVERSION = YES;
				GCC_WARN_ABOUT_RETURN_TYPE = YES_ERROR;
				GCC_WARN_UNDECLARED_SELECTOR = YES;
				GCC_WARN_UNINITIALIZED_AUTOS = YES_AGGRESSIVE;
				GCC_WARN_UNUSED_FUNCTION = YES;
				GCC_WARN_UNUSED_VARIABLE = YES;
				IPHONEOS_DEPLOYMENT_TARGET = 13.7;
				MTL_ENABLE_DEBUG_INFO = NO;
				MTL_FAST_MATH = YES;
				SDKROOT = iphoneos;
				SWIFT_COMPILATION_MODE = wholemodule;
				SWIFT_OPTIMIZATION_LEVEL = "-O";
				VALIDATE_PRODUCT = YES;
			};
			name = Release;
		};
		A265E954253683D1000CB7C0 /* Debug */ = {
			isa = XCBuildConfiguration;
			buildSettings = {
				ASSETCATALOG_COMPILER_APPICON_NAME = AppIcon;
				CODE_SIGN_STYLE = Automatic;
				INFOPLIST_FILE = DelegateTesting/Info.plist;
				LD_RUNPATH_SEARCH_PATHS = (
					"$(inherited)",
					"@executable_path/Frameworks",
				);
				PRODUCT_BUNDLE_IDENTIFIER = com.example.DelegateTesting;
				PRODUCT_NAME = "$(TARGET_NAME)";
				SWIFT_VERSION = 5.0;
				TARGETED_DEVICE_FAMILY = "1,2";
			};
			name = Debug;
		};
		A265E955253683D1000CB7C0 /* Release */ = {
			isa = XCBuildConfiguration;
			buildSettings = {
				ASSETCATALOG_COMPILER_APPICON_NAME = AppIcon;
				CODE_SIGN_STYLE = Automatic;
				INFOPLIST_FILE = DelegateTesting/Info.plist;
				LD_RUNPATH_SEARCH_PATHS = (
					"$(inherited)",
					"@executable_path/Frameworks",
				);
				PRODUCT_BUNDLE_IDENTIFIER = com.example.DelegateTesting;
				PRODUCT_NAME = "$(TARGET_NAME)";
				SWIFT_VERSION = 5.0;
				TARGETED_DEVICE_FAMILY = "1,2";
			};
			name = Release;
		};
		A265E957253683D1000CB7C0 /* Debug */ = {
			isa = XCBuildConfiguration;
			buildSettings = {
				ALWAYS_EMBED_SWIFT_STANDARD_LIBRARIES = YES;
				BUNDLE_LOADER = "$(TEST_HOST)";
				CODE_SIGN_STYLE = Automatic;
				INFOPLIST_FILE = DelegateTestingTests/Info.plist;
				IPHONEOS_DEPLOYMENT_TARGET = 13.7;
				LD_RUNPATH_SEARCH_PATHS = (
					"$(inherited)",
					"@executable_path/Frameworks",
					"@loader_path/Frameworks",
				);
				PRODUCT_BUNDLE_IDENTIFIER = com.example.DelegateTestingTests;
				PRODUCT_NAME = "$(TARGET_NAME)";
				SWIFT_VERSION = 5.0;
				TARGETED_DEVICE_FAMILY = "1,2";
				TEST_HOST = "$(BUILT_PRODUCTS_DIR)/DelegateTesting.app/DelegateTesting";
			};
			name = Debug;
		};
		A265E958253683D1000CB7C0 /* Release */ = {
			isa = XCBuildConfiguration;
			buildSettings = {
				ALWAYS_EMBED_SWIFT_STANDARD_LIBRARIES = YES;
				BUNDLE_LOADER = "$(TEST_HOST)";
				CODE_SIGN_STYLE = Automatic;
				INFOPLIST_FILE = DelegateTestingTests/Info.plist;
				IPHONEOS_DEPLOYMENT_TARGET = 13.7;
				LD_RUNPATH_SEARCH_PATHS = (
					"$(inherited)",
					"@executable_path/Frameworks",
					"@loader_path/Frameworks",
				);
				PRODUCT_BUNDLE_IDENTIFIER = com.example.DelegateTestingTests;
				PRODUCT_NAME = "$(TARGET_NAME)";
				SWIFT_VERSION = 5.0;
				TARGETED_DEVICE_FAMILY = "1,2";
				TEST_HOST = "$(BUILT_PRODUCTS_DIR)/DelegateTesting.app/DelegateTesting";
			};
			name = Release;
		};
/* End XCBuildConfiguration section */

/* Begin XCConfigurationList section */
		A265E92F253683CF000CB7C0 /* Build configuration list for PBXProject "DelegateTesting" */ = {
			isa = XCConfigurationList;
			buildConfigurations = (
				A265E951253683D1000CB7C0 /* Debug */,
				A265E952253683D1000CB7C0 /* Release */,
			);
			defaultConfigurationIsVisible = 0;
			defaultConfigurationName = Release;
		};
		A265E953253683D1000CB7C0 /* Build configuration list for PBXNativeTarget "DelegateTesting" */ = {
			isa = XCConfigurationList;
			buildConfigurations = (
				A265E954253683D1000CB7C0 /* Debug */,
				A265E955253683D1000CB7C0 /* Release */,
			);
			defaultConfigurationIsVisible = 0;
			defaultConfigurationName = Release;
		};
		A265E956253683D1000CB7C0 /* Build configuration list for PBXNativeTarget "DelegateTestingTests" */ = {
			isa = XCConfigurationList;
			buildConfigurations = (
				A265E957253683D1000CB7C0 /* Debug */,
				A265E958253683D1000CB7C0 /* Release */,
			);
			defaultConfigurationIsVisible = 0;
			defaultConfigurationName = Release;
		};
/* End XCConfigurationList section */
	};
	rootObject = A265E92C253683CF000CB7C0 /* Project object */;
}
