// !$*UTF8*$!
{
	archiveVersion = 1;
	classes = {
	};
	objectVersion = 50;
	objects = {

/* Begin PBXBuildFile section */
		2F2F8C3720C9D3D6006D4167 /* Foo.swift in Sources */ = {isa = PBXBuildFile; fileRef = 2F2F8C3620C9D3D6006D4167 /* Foo.swift */; };
		370A338920C984B900D57009 /* AppDelegate.swift in Sources */ = {isa = PBXBuildFile; fileRef = 370A338820C984B900D57009 /* AppDelegate.swift */; };
		370A338B20C984B900D57009 /* ViewController.swift in Sources */ = {isa = PBXBuildFile; fileRef = 370A338A20C984B900D57009 /* ViewController.swift */; };
		370A338E20C984B900D57009 /* Main.storyboard in Resources */ = {isa = PBXBuildFile; fileRef = 370A338C20C984B900D57009 /* Main.storyboard */; };
		370A339020C984BA00D57009 /* Assets.xcassets in Resources */ = {isa = PBXBuildFile; fileRef = 370A338F20C984BA00D57009 /* Assets.xcassets */; };
		370A339320C984BA00D57009 /* LaunchScreen.storyboard in Resources */ = {isa = PBXBuildFile; fileRef = 370A339120C984BA00D57009 /* LaunchScreen.storyboard */; };
/* End PBXBuildFile section */

/* Begin PBXFileReference section */
		2F2F8C3620C9D3D6006D4167 /* Foo.swift */ = {isa = PBXFileReference; lastKnownFileType = sourcecode.swift; path = Foo.swift; sourceTree = "<group>"; };
		370A338520C984B900D57009 /* MemoryWarnings.app */ = {isa = PBXFileReference; explicitFileType = wrapper.application; includeInIndex = 0; path = MemoryWarnings.app; sourceTree = BUILT_PRODUCTS_DIR; };
		370A338820C984B900D57009 /* AppDelegate.swift */ = {isa = PBXFileReference; lastKnownFileType = sourcecode.swift; path = AppDelegate.swift; sourceTree = "<group>"; };
		370A338A20C984B900D57009 /* ViewController.swift */ = {isa = PBXFileReference; lastKnownFileType = sourcecode.swift; path = ViewController.swift; sourceTree = "<group>"; };
		370A338D20C984B900D57009 /* Base */ = {isa = PBXFileReference; lastKnownFileType = file.storyboard; name = Base; path = Base.lproj/Main.storyboard; sourceTree = "<group>"; };
		370A338F20C984BA00D57009 /* Assets.xcassets */ = {isa = PBXFileReference; lastKnownFileType = folder.assetcatalog; path = Assets.xcassets; sourceTree = "<group>"; };
		370A339220C984BA00D57009 /* Base */ = {isa = PBXFileReference; lastKnownFileType = file.storyboard; name = Base; path = Base.lproj/LaunchScreen.storyboard; sourceTree = "<group>"; };
		370A339420C984BA00D57009 /* Info.plist */ = {isa = PBXFileReference; lastKnownFileType = text.plist.xml; path = Info.plist; sourceTree = "<group>"; };
/* End PBXFileReference section */

/* Begin PBXFrameworksBuildPhase section */
		370A338220C984B900D57009 /* Frameworks */ = {
			isa = PBXFrameworksBuildPhase;
			buildActionMask = 2147483647;
			files = (
			);
			runOnlyForDeploymentPostprocessing = 0;
		};
/* End PBXFrameworksBuildPhase section */

/* Begin PBXGroup section */
		370A337C20C984B900D57009 = {
			isa = PBXGroup;
			children = (
				370A338720C984B900D57009 /* MemoryWarnings */,
				370A338620C984B900D57009 /* Products */,
			);
			sourceTree = "<group>";
		};
		370A338620C984B900D57009 /* Products */ = {
			isa = PBXGroup;
			children = (
				370A338520C984B900D57009 /* MemoryWarnings.app */,
			);
			name = Products;
			sourceTree = "<group>";
		};
		370A338720C984B900D57009 /* MemoryWarnings */ = {
			isa = PBXGroup;
			children = (
				370A338820C984B900D57009 /* AppDelegate.swift */,
				370A338A20C984B900D57009 /* ViewController.swift */,
				370A338C20C984B900D57009 /* Main.storyboard */,
				370A338F20C984BA00D57009 /* Assets.xcassets */,
				370A339120C984BA00D57009 /* LaunchScreen.storyboard */,
				370A339420C984BA00D57009 /* Info.plist */,
				2F2F8C3620C9D3D6006D4167 /* Foo.swift */,
			);
			path = MemoryWarnings;
			sourceTree = "<group>";
		};
/* End PBXGroup section */

/* Begin PBXNativeTarget section */
		370A338420C984B900D57009 /* MemoryWarnings */ = {
			isa = PBXNativeTarget;
			buildConfigurationList = 370A339720C984BA00D57009 /* Build configuration list for PBXNativeTarget "MemoryWarnings" */;
			buildPhases = (
				370A338120C984B900D57009 /* Sources */,
				370A338220C984B900D57009 /* Frameworks */,
				370A338320C984B900D57009 /* Resources */,
			);
			buildRules = (
			);
			dependencies = (
			);
			name = MemoryWarnings;
			productName = MemoryWarnings;
			productReference = 370A338520C984B900D57009 /* MemoryWarnings.app */;
			productType = "com.apple.product-type.application";
		};
/* End PBXNativeTarget section */

/* Begin PBXProject section */
		370A337D20C984B900D57009 /* Project object */ = {
			isa = PBXProject;
			attributes = {
				LastSwiftUpdateCheck = 0940;
				LastUpgradeCheck = 0940;
				ORGANIZATIONNAME = "Nyisztor, Karoly";
				TargetAttributes = {
					370A338420C984B900D57009 = {
						CreatedOnToolsVersion = 9.4;
					};
				};
			};
			buildConfigurationList = 370A338020C984B900D57009 /* Build configuration list for PBXProject "MemoryWarnings" */;
			compatibilityVersion = "Xcode 9.3";
			developmentRegion = en;
			hasScannedForEncodings = 0;
			knownRegions = (
				en,
				Base,
			);
			mainGroup = 370A337C20C984B900D57009;
			productRefGroup = 370A338620C984B900D57009 /* Products */;
			projectDirPath = "";
			projectRoot = "";
			targets = (
				370A338420C984B900D57009 /* MemoryWarnings */,
			);
		};
/* End PBXProject section */

/* Begin PBXResourcesBuildPhase section */
		370A338320C984B900D57009 /* Resources */ = {
			isa = PBXResourcesBuildPhase;
			buildActionMask = 2147483647;
			files = (
				370A339320C984BA00D57009 /* LaunchScreen.storyboard in Resources */,
				370A339020C984BA00D57009 /* Assets.xcassets in Resources */,
				370A338E20C984B900D57009 /* Main.storyboard in Resources */,
			);
			runOnlyForDeploymentPostprocessing = 0;
		};
/* End PBXResourcesBuildPhase section */

/* Begin PBXSourcesBuildPhase section */
		370A338120C984B900D57009 /* Sources */ = {
			isa = PBXSourcesBuildPhase;
			buildActionMask = 2147483647;
			files = (
				370A338B20C984B900D57009 /* ViewController.swift in Sources */,
				2F2F8C3720C9D3D6006D4167 /* Foo.swift in Sources */,
				370A338920C984B900D57009 /* AppDelegate.swift in Sources */,
			);
			runOnlyForDeploymentPostprocessing = 0;
		};
/* End PBXSourcesBuildPhase section */

/* Begin PBXVariantGroup section */
		370A338C20C984B900D57009 /* Main.storyboard */ = {
			isa = PBXVariantGroup;
			children = (
				370A338D20C984B900D57009 /* Base */,
			);
			name = Main.storyboard;
			sourceTree = "<group>";
		};
		370A339120C984BA00D57009 /* LaunchScreen.storyboard */ = {
			isa = PBXVariantGroup;
			children = (
				370A339220C984BA00D57009 /* Base */,
			);
			name = LaunchScreen.storyboard;
			sourceTree = "<group>";
		};
/* End PBXVariantGroup section */

/* Begin XCBuildConfiguration section */
		370A339520C984BA00D57009 /* Debug */ = {
			isa = XCBuildConfiguration;
			buildSettings = {
				ALWAYS_SEARCH_USER_PATHS = NO;
				CLANG_ANALYZER_NONNULL = YES;
				CLANG_ANALYZER_NUMBER_OBJECT_CONVERSION = YES_AGGRESSIVE;
				CLANG_CXX_LANGUAGE_STANDARD = "gnu++14";
				CLANG_CXX_LIBRARY = "libc++";
				CLANG_ENABLE_MODULES = YES;
				CLANG_ENABLE_OBJC_ARC = YES;
				CLANG_ENABLE_OBJC_WEAK = YES;
				CLANG_WARN_BLOCK_CAPTURE_AUTORELEASING = YES;
				CLANG_WARN_BOOL_CONVERSION = YES;
				CLANG_WARN_COMMA = YES;
				CLANG_WARN_CONSTANT_CONVERSION = YES;
				CLANG_WARN_DEPRECATED_OBJC_IMPLEMENTATIONS = YES;
				CLANG_WARN_DIRECT_OBJC_ISA_USAGE = YES_ERROR;
				CLANG_WARN_DOCUMENTATION_COMMENTS = YES;
				CLANG_WARN_EMPTY_BODY = YES;
				CLANG_WARN_ENUM_CONVERSION = YES;
				CLANG_WARN_INFINITE_RECURSION = YES;
				CLANG_WARN_INT_CONVERSION = YES;
				CLANG_WARN_NON_LITERAL_NULL_CONVERSION = YES;
				CLANG_WARN_OBJC_IMPLICIT_RETAIN_SELF = YES;
				CLANG_WARN_OBJC_LITERAL_CONVERSION = YES;
				CLANG_WARN_OBJC_ROOT_CLASS = YES_ERROR;
				CLANG_WARN_RANGE_LOOP_ANALYSIS = YES;
				CLANG_WARN_STRICT_PROTOTYPES = YES;
				CLANG_WARN_SUSPICIOUS_MOVE = YES;
				CLANG_WARN_UNGUARDED_AVAILABILITY = YES_AGGRESSIVE;
				CLANG_WARN_UNREACHABLE_CODE = YES;
				CLANG_WARN__DUPLICATE_METHOD_MATCH = YES;
				CODE_SIGN_IDENTITY = "iPhone Developer";
				COPY_PHASE_STRIP = NO;
				DEBUG_INFORMATION_FORMAT = dwarf;
				ENABLE_STRICT_OBJC_MSGSEND = YES;
				ENABLE_TESTABILITY = YES;
				GCC_C_LANGUAGE_STANDARD = gnu11;
				GCC_DYNAMIC_NO_PIC = NO;
				GCC_NO_COMMON_BLOCKS = YES;
				GCC_OPTIMIZATION_LEVEL = 0;
				GCC_PREPROCESSOR_DEFINITIONS = (
					"DEBUG=1",
					"$(inherited)",
				);
				GCC_WARN_64_TO_32_BIT_CONVERSION = YES;
				GCC_WARN_ABOUT_RETURN_TYPE = YES_ERROR;
				GCC_WARN_UNDECLARED_SELECTOR = YES;
				GCC_WARN_UNINITIALIZED_AUTOS = YES_AGGRESSIVE;
				GCC_WARN_UNUSED_FUNCTION = YES;
				GCC_WARN_UNUSED_VARIABLE = YES;
				IPHONEOS_DEPLOYMENT_TARGET = 11.4;
				MTL_ENABLE_DEBUG_INFO = YES;
				ONLY_ACTIVE_ARCH = YES;
				SDKROOT = iphoneos;
				SWIFT_ACTIVE_COMPILATION_CONDITIONS = DEBUG;
				SWIFT_OPTIMIZATION_LEVEL = "-Onone";
			};
			name = Debug;
		};
		370A339620C984BA00D57009 /* Release */ = {
			isa = XCBuildConfiguration;
			buildSettings = {
				ALWAYS_SEARCH_USER_PATHS = NO;
				CLANG_ANALYZER_NONNULL = YES;
				CLANG_ANALYZER_NUMBER_OBJECT_CONVERSION = YES_AGGRESSIVE;
				CLANG_CXX_LANGUAGE_STANDARD = "gnu++14";
				CLANG_CXX_LIBRARY = "libc++";
				CLANG_ENABLE_MODULES = YES;
				CLANG_ENABLE_OBJC_ARC = YES;
				CLANG_ENABLE_OBJC_WEAK = YES;
				CLANG_WARN_BLOCK_CAPTURE_AUTORELEASING = YES;
				CLANG_WARN_BOOL_CONVERSION = YES;
				CLANG_WARN_COMMA = YES;
				CLANG_WARN_CONSTANT_CONVERSION = YES;
				CLANG_WARN_DEPRECATED_OBJC_IMPLEMENTATIONS = YES;
				CLANG_WARN_DIRECT_OBJC_ISA_USAGE = YES_ERROR;
				CLANG_WARN_DOCUMENTATION_COMMENTS = YES;
				CLANG_WARN_EMPTY_BODY = YES;
				CLANG_WARN_ENUM_CONVERSION = YES;
				CLANG_WARN_INFINITE_RECURSION = YES;
				CLANG_WARN_INT_CONVERSION = YES;
				CLANG_WARN_NON_LITERAL_NULL_CONVERSION = YES;
				CLANG_WARN_OBJC_IMPLICIT_RETAIN_SELF = YES;
				CLANG_WARN_OBJC_LITERAL_CONVERSION = YES;
				CLANG_WARN_OBJC_ROOT_CLASS = YES_ERROR;
				CLANG_WARN_RANGE_LOOP_ANALYSIS = YES;
				CLANG_WARN_STRICT_PROTOTYPES = YES;
				CLANG_WARN_SUSPICIOUS_MOVE = YES;
				CLANG_WARN_UNGUARDED_AVAILABILITY = YES_AGGRESSIVE;
				CLANG_WARN_UNREACHABLE_CODE = YES;
				CLANG_WARN__DUPLICATE_METHOD_MATCH = YES;
				CODE_SIGN_IDENTITY = "iPhone Developer";
				COPY_PHASE_STRIP = NO;
				DEBUG_INFORMATION_FORMAT = "dwarf-with-dsym";
				ENABLE_NS_ASSERTIONS = NO;
				ENABLE_STRICT_OBJC_MSGSEND = YES;
				GCC_C_LANGUAGE_STANDARD = gnu11;
				GCC_NO_COMMON_BLOCKS = YES;
				GCC_WARN_64_TO_32_BIT_CONVERSION = YES;
				GCC_WARN_ABOUT_RETURN_TYPE = YES_ERROR;
				GCC_WARN_UNDECLARED_SELECTOR = YES;
				GCC_WARN_UNINITIALIZED_AUTOS = YES_AGGRESSIVE;
				GCC_WARN_UNUSED_FUNCTION = YES;
				GCC_WARN_UNUSED_VARIABLE = YES;
				IPHONEOS_DEPLOYMENT_TARGET = 11.4;
				MTL_ENABLE_DEBUG_INFO = NO;
				SDKROOT = iphoneos;
				SWIFT_COMPILATION_MODE = wholemodule;
				SWIFT_OPTIMIZATION_LEVEL = "-O";
				VALIDATE_PRODUCT = YES;
			};
			name = Release;
		};
		370A339820C984BA00D57009 /* Debug */ = {
			isa = XCBuildConfiguration;
			buildSettings = {
				ASSETCATALOG_COMPILER_APPICON_NAME = AppIcon;
				CODE_SIGN_STYLE = Automatic;
				DEVELOPMENT_TEAM = W44KDF9J7R;
				INFOPLIST_FILE = MemoryWarnings/Info.plist;
				LD_RUNPATH_SEARCH_PATHS = (
					"$(inherited)",
					"@executable_path/Frameworks",
				);
				PRODUCT_BUNDLE_IDENTIFIER = com.leakka.MemoryWarnings;
				PRODUCT_NAME = "$(TARGET_NAME)";
				SWIFT_VERSION = 4.0;
				TARGETED_DEVICE_FAMILY = "1,2";
			};
			name = Debug;
		};
		370A339920C984BA00D57009 /* Release */ = {
			isa = XCBuildConfiguration;
			buildSettings = {
				ASSETCATALOG_COMPILER_APPICON_NAME = AppIcon;
				CODE_SIGN_STYLE = Automatic;
				DEVELOPMENT_TEAM = W44KDF9J7R;
				INFOPLIST_FILE = MemoryWarnings/Info.plist;
				LD_RUNPATH_SEARCH_PATHS = (
					"$(inherited)",
					"@executable_path/Frameworks",
				);
				PRODUCT_BUNDLE_IDENTIFIER = com.leakka.MemoryWarnings;
				PRODUCT_NAME = "$(TARGET_NAME)";
				SWIFT_VERSION = 4.0;
				TARGETED_DEVICE_FAMILY = "1,2";
			};
			name = Release;
		};
/* End XCBuildConfiguration section */

/* Begin XCConfigurationList section */
		370A338020C984B900D57009 /* Build configuration list for PBXProject "MemoryWarnings" */ = {
			isa = XCConfigurationList;
			buildConfigurations = (
				370A339520C984BA00D57009 /* Debug */,
				370A339620C984BA00D57009 /* Release */,
			);
			defaultConfigurationIsVisible = 0;
			defaultConfigurationName = Release;
		};
		370A339720C984BA00D57009 /* Build configuration list for PBXNativeTarget "MemoryWarnings" */ = {
			isa = XCConfigurationList;
			buildConfigurations = (
				370A339820C984BA00D57009 /* Debug */,
				370A339920C984BA00D57009 /* Release */,
			);
			defaultConfigurationIsVisible = 0;
			defaultConfigurationName = Release;
		};
/* End XCConfigurationList section */
	};
	rootObject = 370A337D20C984B900D57009 /* Project object */;
}
