// !$*UTF8*$!
{
	archiveVersion = 1;
	classes = {
	};
	objectVersion = 50;
	objects = {

/* Begin PBXBuildFile section */
		A2B1A061255CD11100E92995 /* AppDelegate.swift in Sources */ = {isa = PBXBuildFile; fileRef = A2B1A060255CD11100E92995 /* AppDelegate.swift */; };
		A2B1A063255CD11100E92995 /* SceneDelegate.swift in Sources */ = {isa = PBXBuildFile; fileRef = A2B1A062255CD11100E92995 /* SceneDelegate.swift */; };
		A2B1A065255CD11100E92995 /* ViewController.swift in Sources */ = {isa = PBXBuildFile; fileRef = A2B1A064255CD11100E92995 /* ViewController.swift */; };
		A2B1A068255CD11100E92995 /* Main.storyboard in Resources */ = {isa = PBXBuildFile; fileRef = A2B1A066255CD11100E92995 /* Main.storyboard */; };
		A2B1A06A255CD11500E92995 /* Assets.xcassets in Resources */ = {isa = PBXBuildFile; fileRef = A2B1A069255CD11500E92995 /* Assets.xcassets */; };
		A2B1A06D255CD11500E92995 /* LaunchScreen.storyboard in Resources */ = {isa = PBXBuildFile; fileRef = A2B1A06B255CD11500E92995 /* LaunchScreen.storyboard */; };
		A2B1A078255CD11500E92995 /* AppStartupTests.swift in Sources */ = {isa = PBXBuildFile; fileRef = A2B1A077255CD11500E92995 /* AppStartupTests.swift */; };
		A2B1A083255CD11500E92995 /* AppStartupUITests.swift in Sources */ = {isa = PBXBuildFile; fileRef = A2B1A082255CD11500E92995 /* AppStartupUITests.swift */; };
		A2B1A091255CD21300E92995 /* main.swift in Sources */ = {isa = PBXBuildFile; fileRef = A2B1A090255CD21300E92995 /* main.swift */; };
/* End PBXBuildFile section */

/* Begin PBXContainerItemProxy section */
		A2B1A074255CD11500E92995 /* PBXContainerItemProxy */ = {
			isa = PBXContainerItemProxy;
			containerPortal = A2B1A055255CD11100E92995 /* Project object */;
			proxyType = 1;
			remoteGlobalIDString = A2B1A05C255CD11100E92995;
			remoteInfo = AppStartup;
		};
		A2B1A07F255CD11500E92995 /* PBXContainerItemProxy */ = {
			isa = PBXContainerItemProxy;
			containerPortal = A2B1A055255CD11100E92995 /* Project object */;
			proxyType = 1;
			remoteGlobalIDString = A2B1A05C255CD11100E92995;
			remoteInfo = AppStartup;
		};
/* End PBXContainerItemProxy section */

/* Begin PBXFileReference section */
		A2B1A05D255CD11100E92995 /* AppStartup.app */ = {isa = PBXFileReference; explicitFileType = wrapper.application; includeInIndex = 0; path = AppStartup.app; sourceTree = BUILT_PRODUCTS_DIR; };
		A2B1A060255CD11100E92995 /* AppDelegate.swift */ = {isa = PBXFileReference; lastKnownFileType = sourcecode.swift; path = AppDelegate.swift; sourceTree = "<group>"; };
		A2B1A062255CD11100E92995 /* SceneDelegate.swift */ = {isa = PBXFileReference; lastKnownFileType = sourcecode.swift; path = SceneDelegate.swift; sourceTree = "<group>"; };
		A2B1A064255CD11100E92995 /* ViewController.swift */ = {isa = PBXFileReference; lastKnownFileType = sourcecode.swift; path = ViewController.swift; sourceTree = "<group>"; };
		A2B1A067255CD11100E92995 /* Base */ = {isa = PBXFileReference; lastKnownFileType = file.storyboard; name = Base; path = Base.lproj/Main.storyboard; sourceTree = "<group>"; };
		A2B1A069255CD11500E92995 /* Assets.xcassets */ = {isa = PBXFileReference; lastKnownFileType = folder.assetcatalog; path = Assets.xcassets; sourceTree = "<group>"; };
		A2B1A06C255CD11500E92995 /* Base */ = {isa = PBXFileReference; lastKnownFileType = file.storyboard; name = Base; path = Base.lproj/LaunchScreen.storyboard; sourceTree = "<group>"; };
		A2B1A06E255CD11500E92995 /* Info.plist */ = {isa = PBXFileReference; lastKnownFileType = text.plist.xml; path = Info.plist; sourceTree = "<group>"; };
		A2B1A073255CD11500E92995 /* AppStartupTests.xctest */ = {isa = PBXFileReference; explicitFileType = wrapper.cfbundle; includeInIndex = 0; path = AppStartupTests.xctest; sourceTree = BUILT_PRODUCTS_DIR; };
		A2B1A077255CD11500E92995 /* AppStartupTests.swift */ = {isa = PBXFileReference; lastKnownFileType = sourcecode.swift; path = AppStartupTests.swift; sourceTree = "<group>"; };
		A2B1A079255CD11500E92995 /* Info.plist */ = {isa = PBXFileReference; lastKnownFileType = text.plist.xml; path = Info.plist; sourceTree = "<group>"; };
		A2B1A07E255CD11500E92995 /* AppStartupUITests.xctest */ = {isa = PBXFileReference; explicitFileType = wrapper.cfbundle; includeInIndex = 0; path = AppStartupUITests.xctest; sourceTree = BUILT_PRODUCTS_DIR; };
		A2B1A082255CD11500E92995 /* AppStartupUITests.swift */ = {isa = PBXFileReference; lastKnownFileType = sourcecode.swift; path = AppStartupUITests.swift; sourceTree = "<group>"; };
		A2B1A084255CD11500E92995 /* Info.plist */ = {isa = PBXFileReference; lastKnownFileType = text.plist.xml; path = Info.plist; sourceTree = "<group>"; };
		A2B1A090255CD21300E92995 /* main.swift */ = {isa = PBXFileReference; lastKnownFileType = sourcecode.swift; path = main.swift; sourceTree = "<group>"; };
/* End PBXFileReference section */

/* Begin PBXFrameworksBuildPhase section */
		A2B1A05A255CD11100E92995 /* Frameworks */ = {
			isa = PBXFrameworksBuildPhase;
			buildActionMask = 2147483647;
			files = (
			);
			runOnlyForDeploymentPostprocessing = 0;
		};
		A2B1A070255CD11500E92995 /* Frameworks */ = {
			isa = PBXFrameworksBuildPhase;
			buildActionMask = 2147483647;
			files = (
			);
			runOnlyForDeploymentPostprocessing = 0;
		};
		A2B1A07B255CD11500E92995 /* Frameworks */ = {
			isa = PBXFrameworksBuildPhase;
			buildActionMask = 2147483647;
			files = (
			);
			runOnlyForDeploymentPostprocessing = 0;
		};
/* End PBXFrameworksBuildPhase section */

/* Begin PBXGroup section */
		A2B1A054255CD11100E92995 = {
			isa = PBXGroup;
			children = (
				A2B1A05F255CD11100E92995 /* AppStartup */,
				A2B1A076255CD11500E92995 /* AppStartupTests */,
				A2B1A081255CD11500E92995 /* AppStartupUITests */,
				A2B1A05E255CD11100E92995 /* Products */,
			);
			sourceTree = "<group>";
		};
		A2B1A05E255CD11100E92995 /* Products */ = {
			isa = PBXGroup;
			children = (
				A2B1A05D255CD11100E92995 /* AppStartup.app */,
				A2B1A073255CD11500E92995 /* AppStartupTests.xctest */,
				A2B1A07E255CD11500E92995 /* AppStartupUITests.xctest */,
			);
			name = Products;
			sourceTree = "<group>";
		};
		A2B1A05F255CD11100E92995 /* AppStartup */ = {
			isa = PBXGroup;
			children = (
				A2B1A060255CD11100E92995 /* AppDelegate.swift */,
				A2B1A062255CD11100E92995 /* SceneDelegate.swift */,
				A2B1A064255CD11100E92995 /* ViewController.swift */,
				A2B1A066255CD11100E92995 /* Main.storyboard */,
				A2B1A069255CD11500E92995 /* Assets.xcassets */,
				A2B1A06B255CD11500E92995 /* LaunchScreen.storyboard */,
				A2B1A06E255CD11500E92995 /* Info.plist */,
				A2B1A090255CD21300E92995 /* main.swift */,
			);
			path = AppStartup;
			sourceTree = "<group>";
		};
		A2B1A076255CD11500E92995 /* AppStartupTests */ = {
			isa = PBXGroup;
			children = (
				A2B1A077255CD11500E92995 /* AppStartupTests.swift */,
				A2B1A079255CD11500E92995 /* Info.plist */,
			);
			path = AppStartupTests;
			sourceTree = "<group>";
		};
		A2B1A081255CD11500E92995 /* AppStartupUITests */ = {
			isa = PBXGroup;
			children = (
				A2B1A082255CD11500E92995 /* AppStartupUITests.swift */,
				A2B1A084255CD11500E92995 /* Info.plist */,
			);
			path = AppStartupUITests;
			sourceTree = "<group>";
		};
/* End PBXGroup section */

/* Begin PBXNativeTarget section */
		A2B1A05C255CD11100E92995 /* AppStartup */ = {
			isa = PBXNativeTarget;
			buildConfigurationList = A2B1A087255CD11500E92995 /* Build configuration list for PBXNativeTarget "AppStartup" */;
			buildPhases = (
				A2B1A059255CD11100E92995 /* Sources */,
				A2B1A05A255CD11100E92995 /* Frameworks */,
				A2B1A05B255CD11100E92995 /* Resources */,
			);
			buildRules = (
			);
			dependencies = (
			);
			name = AppStartup;
			productName = AppStartup;
			productReference = A2B1A05D255CD11100E92995 /* AppStartup.app */;
			productType = "com.apple.product-type.application";
		};
		A2B1A072255CD11500E92995 /* AppStartupTests */ = {
			isa = PBXNativeTarget;
			buildConfigurationList = A2B1A08A255CD11500E92995 /* Build configuration list for PBXNativeTarget "AppStartupTests" */;
			buildPhases = (
				A2B1A06F255CD11500E92995 /* Sources */,
				A2B1A070255CD11500E92995 /* Frameworks */,
				A2B1A071255CD11500E92995 /* Resources */,
			);
			buildRules = (
			);
			dependencies = (
				A2B1A075255CD11500E92995 /* PBXTargetDependency */,
			);
			name = AppStartupTests;
			productName = AppStartupTests;
			productReference = A2B1A073255CD11500E92995 /* AppStartupTests.xctest */;
			productType = "com.apple.product-type.bundle.unit-test";
		};
		A2B1A07D255CD11500E92995 /* AppStartupUITests */ = {
			isa = PBXNativeTarget;
			buildConfigurationList = A2B1A08D255CD11500E92995 /* Build configuration list for PBXNativeTarget "AppStartupUITests" */;
			buildPhases = (
				A2B1A07A255CD11500E92995 /* Sources */,
				A2B1A07B255CD11500E92995 /* Frameworks */,
				A2B1A07C255CD11500E92995 /* Resources */,
			);
			buildRules = (
			);
			dependencies = (
				A2B1A080255CD11500E92995 /* PBXTargetDependency */,
			);
			name = AppStartupUITests;
			productName = AppStartupUITests;
			productReference = A2B1A07E255CD11500E92995 /* AppStartupUITests.xctest */;
			productType = "com.apple.product-type.bundle.ui-testing";
		};
/* End PBXNativeTarget section */

/* Begin PBXProject section */
		A2B1A055255CD11100E92995 /* Project object */ = {
			isa = PBXProject;
			attributes = {
				LastSwiftUpdateCheck = 1170;
				LastUpgradeCheck = 1170;
				ORGANIZATIONNAME = "Jonathan Xakellis";
				TargetAttributes = {
					A2B1A05C255CD11100E92995 = {
						CreatedOnToolsVersion = 11.7;
					};
					A2B1A072255CD11500E92995 = {
						CreatedOnToolsVersion = 11.7;
						TestTargetID = A2B1A05C255CD11100E92995;
					};
					A2B1A07D255CD11500E92995 = {
						CreatedOnToolsVersion = 11.7;
						TestTargetID = A2B1A05C255CD11100E92995;
					};
				};
			};
			buildConfigurationList = A2B1A058255CD11100E92995 /* Build configuration list for PBXProject "AppStartup" */;
			compatibilityVersion = "Xcode 9.3";
			developmentRegion = en;
			hasScannedForEncodings = 0;
			knownRegions = (
				en,
				Base,
			);
			mainGroup = A2B1A054255CD11100E92995;
			productRefGroup = A2B1A05E255CD11100E92995 /* Products */;
			projectDirPath = "";
			projectRoot = "";
			targets = (
				A2B1A05C255CD11100E92995 /* AppStartup */,
				A2B1A072255CD11500E92995 /* AppStartupTests */,
				A2B1A07D255CD11500E92995 /* AppStartupUITests */,
			);
		};
/* End PBXProject section */

/* Begin PBXResourcesBuildPhase section */
		A2B1A05B255CD11100E92995 /* Resources */ = {
			isa = PBXResourcesBuildPhase;
			buildActionMask = 2147483647;
			files = (
				A2B1A06D255CD11500E92995 /* LaunchScreen.storyboard in Resources */,
				A2B1A06A255CD11500E92995 /* Assets.xcassets in Resources */,
				A2B1A068255CD11100E92995 /* Main.storyboard in Resources */,
			);
			runOnlyForDeploymentPostprocessing = 0;
		};
		A2B1A071255CD11500E92995 /* Resources */ = {
			isa = PBXResourcesBuildPhase;
			buildActionMask = 2147483647;
			files = (
			);
			runOnlyForDeploymentPostprocessing = 0;
		};
		A2B1A07C255CD11500E92995 /* Resources */ = {
			isa = PBXResourcesBuildPhase;
			buildActionMask = 2147483647;
			files = (
			);
			runOnlyForDeploymentPostprocessing = 0;
		};
/* End PBXResourcesBuildPhase section */

/* Begin PBXSourcesBuildPhase section */
		A2B1A059255CD11100E92995 /* Sources */ = {
			isa = PBXSourcesBuildPhase;
			buildActionMask = 2147483647;
			files = (
				A2B1A065255CD11100E92995 /* ViewController.swift in Sources */,
				A2B1A061255CD11100E92995 /* AppDelegate.swift in Sources */,
				A2B1A091255CD21300E92995 /* main.swift in Sources */,
				A2B1A063255CD11100E92995 /* SceneDelegate.swift in Sources */,
			);
			runOnlyForDeploymentPostprocessing = 0;
		};
		A2B1A06F255CD11500E92995 /* Sources */ = {
			isa = PBXSourcesBuildPhase;
			buildActionMask = 2147483647;
			files = (
				A2B1A078255CD11500E92995 /* AppStartupTests.swift in Sources */,
			);
			runOnlyForDeploymentPostprocessing = 0;
		};
		A2B1A07A255CD11500E92995 /* Sources */ = {
			isa = PBXSourcesBuildPhase;
			buildActionMask = 2147483647;
			files = (
				A2B1A083255CD11500E92995 /* AppStartupUITests.swift in Sources */,
			);
			runOnlyForDeploymentPostprocessing = 0;
		};
/* End PBXSourcesBuildPhase section */

/* Begin PBXTargetDependency section */
		A2B1A075255CD11500E92995 /* PBXTargetDependency */ = {
			isa = PBXTargetDependency;
			target = A2B1A05C255CD11100E92995 /* AppStartup */;
			targetProxy = A2B1A074255CD11500E92995 /* PBXContainerItemProxy */;
		};
		A2B1A080255CD11500E92995 /* PBXTargetDependency */ = {
			isa = PBXTargetDependency;
			target = A2B1A05C255CD11100E92995 /* AppStartup */;
			targetProxy = A2B1A07F255CD11500E92995 /* PBXContainerItemProxy */;
		};
/* End PBXTargetDependency section */

/* Begin PBXVariantGroup section */
		A2B1A066255CD11100E92995 /* Main.storyboard */ = {
			isa = PBXVariantGroup;
			children = (
				A2B1A067255CD11100E92995 /* Base */,
			);
			name = Main.storyboard;
			sourceTree = "<group>";
		};
		A2B1A06B255CD11500E92995 /* LaunchScreen.storyboard */ = {
			isa = PBXVariantGroup;
			children = (
				A2B1A06C255CD11500E92995 /* Base */,
			);
			name = LaunchScreen.storyboard;
			sourceTree = "<group>";
		};
/* End PBXVariantGroup section */

/* Begin XCBuildConfiguration section */
		A2B1A085255CD11500E92995 /* Debug */ = {
			isa = XCBuildConfiguration;
			buildSettings = {
				ALWAYS_SEARCH_USER_PATHS = NO;
				CLANG_ANALYZER_NONNULL = YES;
				CLANG_ANALYZER_NUMBER_OBJECT_CONVERSION = YES_AGGRESSIVE;
				CLANG_CXX_LANGUAGE_STANDARD = "gnu++14";
				CLANG_CXX_LIBRARY = "libc++";
				CLANG_ENABLE_MODULES = YES;
				CLANG_ENABLE_OBJC_ARC = YES;
				CLANG_ENABLE_OBJC_WEAK = YES;
				CLANG_WARN_BLOCK_CAPTURE_AUTORELEASING = YES;
				CLANG_WARN_BOOL_CONVERSION = YES;
				CLANG_WARN_COMMA = YES;
				CLANG_WARN_CONSTANT_CONVERSION = YES;
				CLANG_WARN_DEPRECATED_OBJC_IMPLEMENTATIONS = YES;
				CLANG_WARN_DIRECT_OBJC_ISA_USAGE = YES_ERROR;
				CLANG_WARN_DOCUMENTATION_COMMENTS = YES;
				CLANG_WARN_EMPTY_BODY = YES;
				CLANG_WARN_ENUM_CONVERSION = YES;
				CLANG_WARN_INFINITE_RECURSION = YES;
				CLANG_WARN_INT_CONVERSION = YES;
				CLANG_WARN_NON_LITERAL_NULL_CONVERSION = YES;
				CLANG_WARN_OBJC_IMPLICIT_RETAIN_SELF = YES;
				CLANG_WARN_OBJC_LITERAL_CONVERSION = YES;
				CLANG_WARN_OBJC_ROOT_CLASS = YES_ERROR;
				CLANG_WARN_RANGE_LOOP_ANALYSIS = YES;
				CLANG_WARN_STRICT_PROTOTYPES = YES;
				CLANG_WARN_SUSPICIOUS_MOVE = YES;
				CLANG_WARN_UNGUARDED_AVAILABILITY = YES_AGGRESSIVE;
				CLANG_WARN_UNREACHABLE_CODE = YES;
				CLANG_WARN__DUPLICATE_METHOD_MATCH = YES;
				COPY_PHASE_STRIP = NO;
				DEBUG_INFORMATION_FORMAT = dwarf;
				ENABLE_STRICT_OBJC_MSGSEND = YES;
				ENABLE_TESTABILITY = YES;
				GCC_C_LANGUAGE_STANDARD = gnu11;
				GCC_DYNAMIC_NO_PIC = NO;
				GCC_NO_COMMON_BLOCKS = YES;
				GCC_OPTIMIZATION_LEVEL = 0;
				GCC_PREPROCESSOR_DEFINITIONS = (
					"DEBUG=1",
					"$(inherited)",
				);
				GCC_WARN_64_TO_32_BIT_CONVERSION = YES;
				GCC_WARN_ABOUT_RETURN_TYPE = YES_ERROR;
				GCC_WARN_UNDECLARED_SELECTOR = YES;
				GCC_WARN_UNINITIALIZED_AUTOS = YES_AGGRESSIVE;
				GCC_WARN_UNUSED_FUNCTION = YES;
				GCC_WARN_UNUSED_VARIABLE = YES;
				IPHONEOS_DEPLOYMENT_TARGET = 13.7;
				MTL_ENABLE_DEBUG_INFO = INCLUDE_SOURCE;
				MTL_FAST_MATH = YES;
				ONLY_ACTIVE_ARCH = YES;
				SDKROOT = iphoneos;
				SWIFT_ACTIVE_COMPILATION_CONDITIONS = DEBUG;
				SWIFT_OPTIMIZATION_LEVEL = "-Onone";
			};
			name = Debug;
		};
		A2B1A086255CD11500E92995 /* Release */ = {
			isa = XCBuildConfiguration;
			buildSettings = {
				ALWAYS_SEARCH_USER_PATHS = NO;
				CLANG_ANALYZER_NONNULL = YES;
				CLANG_ANALYZER_NUMBER_OBJECT_CONVERSION = YES_AGGRESSIVE;
				CLANG_CXX_LANGUAGE_STANDARD = "gnu++14";
				CLANG_CXX_LIBRARY = "libc++";
				CLANG_ENABLE_MODULES = YES;
				CLANG_ENABLE_OBJC_ARC = YES;
				CLANG_ENABLE_OBJC_WEAK = YES;
				CLANG_WARN_BLOCK_CAPTURE_AUTORELEASING = YES;
				CLANG_WARN_BOOL_CONVERSION = YES;
				CLANG_WARN_COMMA = YES;
				CLANG_WARN_CONSTANT_CONVERSION = YES;
				CLANG_WARN_DEPRECATED_OBJC_IMPLEMENTATIONS = YES;
				CLANG_WARN_DIRECT_OBJC_ISA_USAGE = YES_ERROR;
				CLANG_WARN_DOCUMENTATION_COMMENTS = YES;
				CLANG_WARN_EMPTY_BODY = YES;
				CLANG_WARN_ENUM_CONVERSION = YES;
				CLANG_WARN_INFINITE_RECURSION = YES;
				CLANG_WARN_INT_CONVERSION = YES;
				CLANG_WARN_NON_LITERAL_NULL_CONVERSION = YES;
				CLANG_WARN_OBJC_IMPLICIT_RETAIN_SELF = YES;
				CLANG_WARN_OBJC_LITERAL_CONVERSION = YES;
				CLANG_WARN_OBJC_ROOT_CLASS = YES_ERROR;
				CLANG_WARN_RANGE_LOOP_ANALYSIS = YES;
				CLANG_WARN_STRICT_PROTOTYPES = YES;
				CLANG_WARN_SUSPICIOUS_MOVE = YES;
				CLANG_WARN_UNGUARDED_AVAILABILITY = YES_AGGRESSIVE;
				CLANG_WARN_UNREACHABLE_CODE = YES;
				CLANG_WARN__DUPLICATE_METHOD_MATCH = YES;
				COPY_PHASE_STRIP = NO;
				DEBUG_INFORMATION_FORMAT = "dwarf-with-dsym";
				ENABLE_NS_ASSERTIONS = NO;
				ENABLE_STRICT_OBJC_MSGSEND = YES;
				GCC_C_LANGUAGE_STANDARD = gnu11;
				GCC_NO_COMMON_BLOCKS = YES;
				GCC_WARN_64_TO_32_BIT_CONVERSION = YES;
				GCC_WARN_ABOUT_RETURN_TYPE = YES_ERROR;
				GCC_WARN_UNDECLARED_SELECTOR = YES;
				GCC_WARN_UNINITIALIZED_AUTOS = YES_AGGRESSIVE;
				GCC_WARN_UNUSED_FUNCTION = YES;
				GCC_WARN_UNUSED_VARIABLE = YES;
				IPHONEOS_DEPLOYMENT_TARGET = 13.7;
				MTL_ENABLE_DEBUG_INFO = NO;
				MTL_FAST_MATH = YES;
				SDKROOT = iphoneos;
				SWIFT_COMPILATION_MODE = wholemodule;
				SWIFT_OPTIMIZATION_LEVEL = "-O";
				VALIDATE_PRODUCT = YES;
			};
			name = Release;
		};
		A2B1A088255CD11500E92995 /* Debug */ = {
			isa = XCBuildConfiguration;
			buildSettings = {
				ASSETCATALOG_COMPILER_APPICON_NAME = AppIcon;
				CODE_SIGN_STYLE = Automatic;
				INFOPLIST_FILE = AppStartup/Info.plist;
				LD_RUNPATH_SEARCH_PATHS = (
					"$(inherited)",
					"@executable_path/Frameworks",
				);
				PRODUCT_BUNDLE_IDENTIFIER = com.example.AppStartup;
				PRODUCT_NAME = "$(TARGET_NAME)";
				SWIFT_VERSION = 5.0;
				TARGETED_DEVICE_FAMILY = "1,2";
			};
			name = Debug;
		};
		A2B1A089255CD11500E92995 /* Release */ = {
			isa = XCBuildConfiguration;
			buildSettings = {
				ASSETCATALOG_COMPILER_APPICON_NAME = AppIcon;
				CODE_SIGN_STYLE = Automatic;
				INFOPLIST_FILE = AppStartup/Info.plist;
				LD_RUNPATH_SEARCH_PATHS = (
					"$(inherited)",
					"@executable_path/Frameworks",
				);
				PRODUCT_BUNDLE_IDENTIFIER = com.example.AppStartup;
				PRODUCT_NAME = "$(TARGET_NAME)";
				SWIFT_VERSION = 5.0;
				TARGETED_DEVICE_FAMILY = "1,2";
			};
			name = Release;
		};
		A2B1A08B255CD11500E92995 /* Debug */ = {
			isa = XCBuildConfiguration;
			buildSettings = {
				ALWAYS_EMBED_SWIFT_STANDARD_LIBRARIES = YES;
				BUNDLE_LOADER = "$(TEST_HOST)";
				CODE_SIGN_STYLE = Automatic;
				INFOPLIST_FILE = AppStartupTests/Info.plist;
				IPHONEOS_DEPLOYMENT_TARGET = 13.7;
				LD_RUNPATH_SEARCH_PATHS = (
					"$(inherited)",
					"@executable_path/Frameworks",
					"@loader_path/Frameworks",
				);
				PRODUCT_BUNDLE_IDENTIFIER = com.example.AppStartupTests;
				PRODUCT_NAME = "$(TARGET_NAME)";
				SWIFT_VERSION = 5.0;
				TARGETED_DEVICE_FAMILY = "1,2";
				TEST_HOST = "$(BUILT_PRODUCTS_DIR)/AppStartup.app/AppStartup";
			};
			name = Debug;
		};
		A2B1A08C255CD11500E92995 /* Release */ = {
			isa = XCBuildConfiguration;
			buildSettings = {
				ALWAYS_EMBED_SWIFT_STANDARD_LIBRARIES = YES;
				BUNDLE_LOADER = "$(TEST_HOST)";
				CODE_SIGN_STYLE = Automatic;
				INFOPLIST_FILE = AppStartupTests/Info.plist;
				IPHONEOS_DEPLOYMENT_TARGET = 13.7;
				LD_RUNPATH_SEARCH_PATHS = (
					"$(inherited)",
					"@executable_path/Frameworks",
					"@loader_path/Frameworks",
				);
				PRODUCT_BUNDLE_IDENTIFIER = com.example.AppStartupTests;
				PRODUCT_NAME = "$(TARGET_NAME)";
				SWIFT_VERSION = 5.0;
				TARGETED_DEVICE_FAMILY = "1,2";
				TEST_HOST = "$(BUILT_PRODUCTS_DIR)/AppStartup.app/AppStartup";
			};
			name = Release;
		};
		A2B1A08E255CD11500E92995 /* Debug */ = {
			isa = XCBuildConfiguration;
			buildSettings = {
				ALWAYS_EMBED_SWIFT_STANDARD_LIBRARIES = YES;
				CODE_SIGN_STYLE = Automatic;
				INFOPLIST_FILE = AppStartupUITests/Info.plist;
				LD_RUNPATH_SEARCH_PATHS = (
					"$(inherited)",
					"@executable_path/Frameworks",
					"@loader_path/Frameworks",
				);
				PRODUCT_BUNDLE_IDENTIFIER = com.example.AppStartupUITests;
				PRODUCT_NAME = "$(TARGET_NAME)";
				SWIFT_VERSION = 5.0;
				TARGETED_DEVICE_FAMILY = "1,2";
				TEST_TARGET_NAME = AppStartup;
			};
			name = Debug;
		};
		A2B1A08F255CD11500E92995 /* Release */ = {
			isa = XCBuildConfiguration;
			buildSettings = {
				ALWAYS_EMBED_SWIFT_STANDARD_LIBRARIES = YES;
				CODE_SIGN_STYLE = Automatic;
				INFOPLIST_FILE = AppStartupUITests/Info.plist;
				LD_RUNPATH_SEARCH_PATHS = (
					"$(inherited)",
					"@executable_path/Frameworks",
					"@loader_path/Frameworks",
				);
				PRODUCT_BUNDLE_IDENTIFIER = com.example.AppStartupUITests;
				PRODUCT_NAME = "$(TARGET_NAME)";
				SWIFT_VERSION = 5.0;
				TARGETED_DEVICE_FAMILY = "1,2";
				TEST_TARGET_NAME = AppStartup;
			};
			name = Release;
		};
/* End XCBuildConfiguration section */

/* Begin XCConfigurationList section */
		A2B1A058255CD11100E92995 /* Build configuration list for PBXProject "AppStartup" */ = {
			isa = XCConfigurationList;
			buildConfigurations = (
				A2B1A085255CD11500E92995 /* Debug */,
				A2B1A086255CD11500E92995 /* Release */,
			);
			defaultConfigurationIsVisible = 0;
			defaultConfigurationName = Release;
		};
		A2B1A087255CD11500E92995 /* Build configuration list for PBXNativeTarget "AppStartup" */ = {
			isa = XCConfigurationList;
			buildConfigurations = (
				A2B1A088255CD11500E92995 /* Debug */,
				A2B1A089255CD11500E92995 /* Release */,
			);
			defaultConfigurationIsVisible = 0;
			defaultConfigurationName = Release;
		};
		A2B1A08A255CD11500E92995 /* Build configuration list for PBXNativeTarget "AppStartupTests" */ = {
			isa = XCConfigurationList;
			buildConfigurations = (
				A2B1A08B255CD11500E92995 /* Debug */,
				A2B1A08C255CD11500E92995 /* Release */,
			);
			defaultConfigurationIsVisible = 0;
			defaultConfigurationName = Release;
		};
		A2B1A08D255CD11500E92995 /* Build configuration list for PBXNativeTarget "AppStartupUITests" */ = {
			isa = XCConfigurationList;
			buildConfigurations = (
				A2B1A08E255CD11500E92995 /* Debug */,
				A2B1A08F255CD11500E92995 /* Release */,
			);
			defaultConfigurationIsVisible = 0;
			defaultConfigurationName = Release;
		};
/* End XCConfigurationList section */
	};
	rootObject = A2B1A055255CD11100E92995 /* Project object */;
}
