// !$*UTF8*$!
{
	archiveVersion = 1;
	classes = {
	};
	objectVersion = 50;
	objects = {

/* Begin PBXBuildFile section */
		A24D12DA2581E029007CB2A1 /* VariantOneViewController.swift in Sources */ = {isa = PBXBuildFile; fileRef = A24D12D92581E029007CB2A1 /* VariantOneViewController.swift */; };
		A24D12DC2581E046007CB2A1 /* VariantTwoViewController.swift in Sources */ = {isa = PBXBuildFile; fileRef = A24D12DB2581E046007CB2A1 /* VariantTwoViewController.swift */; };
		A24D12DE2581E11C007CB2A1 /* VariantThreeViewController.swift in Sources */ = {isa = PBXBuildFile; fileRef = A24D12DD2581E11C007CB2A1 /* VariantThreeViewController.swift */; };
		A2887BDE25816ADD0026164A /* AppDelegate.swift in Sources */ = {isa = PBXBuildFile; fileRef = A2887BDD25816ADD0026164A /* AppDelegate.swift */; };
		A2887BE025816ADD0026164A /* SceneDelegate.swift in Sources */ = {isa = PBXBuildFile; fileRef = A2887BDF25816ADD0026164A /* SceneDelegate.swift */; };
		A2887BE225816ADD0026164A /* ViewController.swift in Sources */ = {isa = PBXBuildFile; fileRef = A2887BE125816ADD0026164A /* ViewController.swift */; };
		A2887BE525816ADD0026164A /* Main.storyboard in Resources */ = {isa = PBXBuildFile; fileRef = A2887BE325816ADD0026164A /* Main.storyboard */; };
		A2887BE725816AE00026164A /* Assets.xcassets in Resources */ = {isa = PBXBuildFile; fileRef = A2887BE625816AE00026164A /* Assets.xcassets */; };
		A2887BEA25816AE00026164A /* LaunchScreen.storyboard in Resources */ = {isa = PBXBuildFile; fileRef = A2887BE825816AE00026164A /* LaunchScreen.storyboard */; };
		A2887BF225816B8D0026164A /* DateExtension.swift in Sources */ = {isa = PBXBuildFile; fileRef = A2887BF125816B8D0026164A /* DateExtension.swift */; };
/* End PBXBuildFile section */

/* Begin PBXFileReference section */
		A24D12D92581E029007CB2A1 /* VariantOneViewController.swift */ = {isa = PBXFileReference; lastKnownFileType = sourcecode.swift; path = VariantOneViewController.swift; sourceTree = "<group>"; };
		A24D12DB2581E046007CB2A1 /* VariantTwoViewController.swift */ = {isa = PBXFileReference; lastKnownFileType = sourcecode.swift; path = VariantTwoViewController.swift; sourceTree = "<group>"; };
		A24D12DD2581E11C007CB2A1 /* VariantThreeViewController.swift */ = {isa = PBXFileReference; lastKnownFileType = sourcecode.swift; path = VariantThreeViewController.swift; sourceTree = "<group>"; };
		A2887BDA25816ADD0026164A /* TimerDemoProject.app */ = {isa = PBXFileReference; explicitFileType = wrapper.application; includeInIndex = 0; path = TimerDemoProject.app; sourceTree = BUILT_PRODUCTS_DIR; };
		A2887BDD25816ADD0026164A /* AppDelegate.swift */ = {isa = PBXFileReference; lastKnownFileType = sourcecode.swift; path = AppDelegate.swift; sourceTree = "<group>"; };
		A2887BDF25816ADD0026164A /* SceneDelegate.swift */ = {isa = PBXFileReference; lastKnownFileType = sourcecode.swift; path = SceneDelegate.swift; sourceTree = "<group>"; };
		A2887BE125816ADD0026164A /* ViewController.swift */ = {isa = PBXFileReference; lastKnownFileType = sourcecode.swift; path = ViewController.swift; sourceTree = "<group>"; };
		A2887BE425816ADD0026164A /* Base */ = {isa = PBXFileReference; lastKnownFileType = file.storyboard; name = Base; path = Base.lproj/Main.storyboard; sourceTree = "<group>"; };
		A2887BE625816AE00026164A /* Assets.xcassets */ = {isa = PBXFileReference; lastKnownFileType = folder.assetcatalog; path = Assets.xcassets; sourceTree = "<group>"; };
		A2887BE925816AE00026164A /* Base */ = {isa = PBXFileReference; lastKnownFileType = file.storyboard; name = Base; path = Base.lproj/LaunchScreen.storyboard; sourceTree = "<group>"; };
		A2887BEB25816AE00026164A /* Info.plist */ = {isa = PBXFileReference; lastKnownFileType = text.plist.xml; path = Info.plist; sourceTree = "<group>"; };
		A2887BF125816B8D0026164A /* DateExtension.swift */ = {isa = PBXFileReference; lastKnownFileType = sourcecode.swift; path = DateExtension.swift; sourceTree = "<group>"; };
/* End PBXFileReference section */

/* Begin PBXFrameworksBuildPhase section */
		A2887BD725816ADD0026164A /* Frameworks */ = {
			isa = PBXFrameworksBuildPhase;
			buildActionMask = 2147483647;
			files = (
			);
			runOnlyForDeploymentPostprocessing = 0;
		};
/* End PBXFrameworksBuildPhase section */

/* Begin PBXGroup section */
		A2887BD125816ADD0026164A = {
			isa = PBXGroup;
			children = (
				A2887BDC25816ADD0026164A /* TimerDemoProject */,
				A2887BDB25816ADD0026164A /* Products */,
			);
			sourceTree = "<group>";
		};
		A2887BDB25816ADD0026164A /* Products */ = {
			isa = PBXGroup;
			children = (
				A2887BDA25816ADD0026164A /* TimerDemoProject.app */,
			);
			name = Products;
			sourceTree = "<group>";
		};
		A2887BDC25816ADD0026164A /* TimerDemoProject */ = {
			isa = PBXGroup;
			children = (
				A2887BDD25816ADD0026164A /* AppDelegate.swift */,
				A2887BDF25816ADD0026164A /* SceneDelegate.swift */,
				A2887BE125816ADD0026164A /* ViewController.swift */,
				A24D12D92581E029007CB2A1 /* VariantOneViewController.swift */,
				A24D12DB2581E046007CB2A1 /* VariantTwoViewController.swift */,
				A24D12DD2581E11C007CB2A1 /* VariantThreeViewController.swift */,
				A2887BE325816ADD0026164A /* Main.storyboard */,
				A2887BE625816AE00026164A /* Assets.xcassets */,
				A2887BE825816AE00026164A /* LaunchScreen.storyboard */,
				A2887BEB25816AE00026164A /* Info.plist */,
				A2887BF125816B8D0026164A /* DateExtension.swift */,
			);
			path = TimerDemoProject;
			sourceTree = "<group>";
		};
/* End PBXGroup section */

/* Begin PBXNativeTarget section */
		A2887BD925816ADD0026164A /* TimerDemoProject */ = {
			isa = PBXNativeTarget;
			buildConfigurationList = A2887BEE25816AE00026164A /* Build configuration list for PBXNativeTarget "TimerDemoProject" */;
			buildPhases = (
				A2887BD625816ADD0026164A /* Sources */,
				A2887BD725816ADD0026164A /* Frameworks */,
				A2887BD825816ADD0026164A /* Resources */,
			);
			buildRules = (
			);
			dependencies = (
			);
			name = TimerDemoProject;
			productName = TimerDemoProject;
			productReference = A2887BDA25816ADD0026164A /* TimerDemoProject.app */;
			productType = "com.apple.product-type.application";
		};
/* End PBXNativeTarget section */

/* Begin PBXProject section */
		A2887BD225816ADD0026164A /* Project object */ = {
			isa = PBXProject;
			attributes = {
				LastSwiftUpdateCheck = 1170;
				LastUpgradeCheck = 1170;
				ORGANIZATIONNAME = "Jonathan Xakellis";
				TargetAttributes = {
					A2887BD925816ADD0026164A = {
						CreatedOnToolsVersion = 11.7;
					};
				};
			};
			buildConfigurationList = A2887BD525816ADD0026164A /* Build configuration list for PBXProject "TimerDemoProject" */;
			compatibilityVersion = "Xcode 9.3";
			developmentRegion = en;
			hasScannedForEncodings = 0;
			knownRegions = (
				en,
				Base,
			);
			mainGroup = A2887BD125816ADD0026164A;
			productRefGroup = A2887BDB25816ADD0026164A /* Products */;
			projectDirPath = "";
			projectRoot = "";
			targets = (
				A2887BD925816ADD0026164A /* TimerDemoProject */,
			);
		};
/* End PBXProject section */

/* Begin PBXResourcesBuildPhase section */
		A2887BD825816ADD0026164A /* Resources */ = {
			isa = PBXResourcesBuildPhase;
			buildActionMask = 2147483647;
			files = (
				A2887BEA25816AE00026164A /* LaunchScreen.storyboard in Resources */,
				A2887BE725816AE00026164A /* Assets.xcassets in Resources */,
				A2887BE525816ADD0026164A /* Main.storyboard in Resources */,
			);
			runOnlyForDeploymentPostprocessing = 0;
		};
/* End PBXResourcesBuildPhase section */

/* Begin PBXSourcesBuildPhase section */
		A2887BD625816ADD0026164A /* Sources */ = {
			isa = PBXSourcesBuildPhase;
			buildActionMask = 2147483647;
			files = (
				A24D12DA2581E029007CB2A1 /* VariantOneViewController.swift in Sources */,
				A2887BE225816ADD0026164A /* ViewController.swift in Sources */,
				A24D12DE2581E11C007CB2A1 /* VariantThreeViewController.swift in Sources */,
				A2887BF225816B8D0026164A /* DateExtension.swift in Sources */,
				A24D12DC2581E046007CB2A1 /* VariantTwoViewController.swift in Sources */,
				A2887BDE25816ADD0026164A /* AppDelegate.swift in Sources */,
				A2887BE025816ADD0026164A /* SceneDelegate.swift in Sources */,
			);
			runOnlyForDeploymentPostprocessing = 0;
		};
/* End PBXSourcesBuildPhase section */

/* Begin PBXVariantGroup section */
		A2887BE325816ADD0026164A /* Main.storyboard */ = {
			isa = PBXVariantGroup;
			children = (
				A2887BE425816ADD0026164A /* Base */,
			);
			name = Main.storyboard;
			sourceTree = "<group>";
		};
		A2887BE825816AE00026164A /* LaunchScreen.storyboard */ = {
			isa = PBXVariantGroup;
			children = (
				A2887BE925816AE00026164A /* Base */,
			);
			name = LaunchScreen.storyboard;
			sourceTree = "<group>";
		};
/* End PBXVariantGroup section */

/* Begin XCBuildConfiguration section */
		A2887BEC25816AE00026164A /* Debug */ = {
			isa = XCBuildConfiguration;
			buildSettings = {
				ALWAYS_SEARCH_USER_PATHS = NO;
				CLANG_ANALYZER_NONNULL = YES;
				CLANG_ANALYZER_NUMBER_OBJECT_CONVERSION = YES_AGGRESSIVE;
				CLANG_CXX_LANGUAGE_STANDARD = "gnu++14";
				CLANG_CXX_LIBRARY = "libc++";
				CLANG_ENABLE_MODULES = YES;
				CLANG_ENABLE_OBJC_ARC = YES;
				CLANG_ENABLE_OBJC_WEAK = YES;
				CLANG_WARN_BLOCK_CAPTURE_AUTORELEASING = YES;
				CLANG_WARN_BOOL_CONVERSION = YES;
				CLANG_WARN_COMMA = YES;
				CLANG_WARN_CONSTANT_CONVERSION = YES;
				CLANG_WARN_DEPRECATED_OBJC_IMPLEMENTATIONS = YES;
				CLANG_WARN_DIRECT_OBJC_ISA_USAGE = YES_ERROR;
				CLANG_WARN_DOCUMENTATION_COMMENTS = YES;
				CLANG_WARN_EMPTY_BODY = YES;
				CLANG_WARN_ENUM_CONVERSION = YES;
				CLANG_WARN_INFINITE_RECURSION = YES;
				CLANG_WARN_INT_CONVERSION = YES;
				CLANG_WARN_NON_LITERAL_NULL_CONVERSION = YES;
				CLANG_WARN_OBJC_IMPLICIT_RETAIN_SELF = YES;
				CLANG_WARN_OBJC_LITERAL_CONVERSION = YES;
				CLANG_WARN_OBJC_ROOT_CLASS = YES_ERROR;
				CLANG_WARN_RANGE_LOOP_ANALYSIS = YES;
				CLANG_WARN_STRICT_PROTOTYPES = YES;
				CLANG_WARN_SUSPICIOUS_MOVE = YES;
				CLANG_WARN_UNGUARDED_AVAILABILITY = YES_AGGRESSIVE;
				CLANG_WARN_UNREACHABLE_CODE = YES;
				CLANG_WARN__DUPLICATE_METHOD_MATCH = YES;
				COPY_PHASE_STRIP = NO;
				DEBUG_INFORMATION_FORMAT = dwarf;
				ENABLE_STRICT_OBJC_MSGSEND = YES;
				ENABLE_TESTABILITY = YES;
				GCC_C_LANGUAGE_STANDARD = gnu11;
				GCC_DYNAMIC_NO_PIC = NO;
				GCC_NO_COMMON_BLOCKS = YES;
				GCC_OPTIMIZATION_LEVEL = 0;
				GCC_PREPROCESSOR_DEFINITIONS = (
					"DEBUG=1",
					"$(inherited)",
				);
				GCC_WARN_64_TO_32_BIT_CONVERSION = YES;
				GCC_WARN_ABOUT_RETURN_TYPE = YES_ERROR;
				GCC_WARN_UNDECLARED_SELECTOR = YES;
				GCC_WARN_UNINITIALIZED_AUTOS = YES_AGGRESSIVE;
				GCC_WARN_UNUSED_FUNCTION = YES;
				GCC_WARN_UNUSED_VARIABLE = YES;
				IPHONEOS_DEPLOYMENT_TARGET = 13.7;
				MTL_ENABLE_DEBUG_INFO = INCLUDE_SOURCE;
				MTL_FAST_MATH = YES;
				ONLY_ACTIVE_ARCH = YES;
				SDKROOT = iphoneos;
				SWIFT_ACTIVE_COMPILATION_CONDITIONS = DEBUG;
				SWIFT_OPTIMIZATION_LEVEL = "-Onone";
			};
			name = Debug;
		};
		A2887BED25816AE00026164A /* Release */ = {
			isa = XCBuildConfiguration;
			buildSettings = {
				ALWAYS_SEARCH_USER_PATHS = NO;
				CLANG_ANALYZER_NONNULL = YES;
				CLANG_ANALYZER_NUMBER_OBJECT_CONVERSION = YES_AGGRESSIVE;
				CLANG_CXX_LANGUAGE_STANDARD = "gnu++14";
				CLANG_CXX_LIBRARY = "libc++";
				CLANG_ENABLE_MODULES = YES;
				CLANG_ENABLE_OBJC_ARC = YES;
				CLANG_ENABLE_OBJC_WEAK = YES;
				CLANG_WARN_BLOCK_CAPTURE_AUTORELEASING = YES;
				CLANG_WARN_BOOL_CONVERSION = YES;
				CLANG_WARN_COMMA = YES;
				CLANG_WARN_CONSTANT_CONVERSION = YES;
				CLANG_WARN_DEPRECATED_OBJC_IMPLEMENTATIONS = YES;
				CLANG_WARN_DIRECT_OBJC_ISA_USAGE = YES_ERROR;
				CLANG_WARN_DOCUMENTATION_COMMENTS = YES;
				CLANG_WARN_EMPTY_BODY = YES;
				CLANG_WARN_ENUM_CONVERSION = YES;
				CLANG_WARN_INFINITE_RECURSION = YES;
				CLANG_WARN_INT_CONVERSION = YES;
				CLANG_WARN_NON_LITERAL_NULL_CONVERSION = YES;
				CLANG_WARN_OBJC_IMPLICIT_RETAIN_SELF = YES;
				CLANG_WARN_OBJC_LITERAL_CONVERSION = YES;
				CLANG_WARN_OBJC_ROOT_CLASS = YES_ERROR;
				CLANG_WARN_RANGE_LOOP_ANALYSIS = YES;
				CLANG_WARN_STRICT_PROTOTYPES = YES;
				CLANG_WARN_SUSPICIOUS_MOVE = YES;
				CLANG_WARN_UNGUARDED_AVAILABILITY = YES_AGGRESSIVE;
				CLANG_WARN_UNREACHABLE_CODE = YES;
				CLANG_WARN__DUPLICATE_METHOD_MATCH = YES;
				COPY_PHASE_STRIP = NO;
				DEBUG_INFORMATION_FORMAT = "dwarf-with-dsym";
				ENABLE_NS_ASSERTIONS = NO;
				ENABLE_STRICT_OBJC_MSGSEND = YES;
				GCC_C_LANGUAGE_STANDARD = gnu11;
				GCC_NO_COMMON_BLOCKS = YES;
				GCC_WARN_64_TO_32_BIT_CONVERSION = YES;
				GCC_WARN_ABOUT_RETURN_TYPE = YES_ERROR;
				GCC_WARN_UNDECLARED_SELECTOR = YES;
				GCC_WARN_UNINITIALIZED_AUTOS = YES_AGGRESSIVE;
				GCC_WARN_UNUSED_FUNCTION = YES;
				GCC_WARN_UNUSED_VARIABLE = YES;
				IPHONEOS_DEPLOYMENT_TARGET = 13.7;
				MTL_ENABLE_DEBUG_INFO = NO;
				MTL_FAST_MATH = YES;
				SDKROOT = iphoneos;
				SWIFT_COMPILATION_MODE = wholemodule;
				SWIFT_OPTIMIZATION_LEVEL = "-O";
				VALIDATE_PRODUCT = YES;
			};
			name = Release;
		};
		A2887BEF25816AE00026164A /* Debug */ = {
			isa = XCBuildConfiguration;
			buildSettings = {
				ASSETCATALOG_COMPILER_APPICON_NAME = AppIcon;
				CODE_SIGN_STYLE = Automatic;
				INFOPLIST_FILE = TimerDemoProject/Info.plist;
				LD_RUNPATH_SEARCH_PATHS = (
					"$(inherited)",
					"@executable_path/Frameworks",
				);
				PRODUCT_BUNDLE_IDENTIFIER = com.example.TimerDemoProject;
				PRODUCT_NAME = "$(TARGET_NAME)";
				SWIFT_VERSION = 5.0;
				TARGETED_DEVICE_FAMILY = "1,2";
			};
			name = Debug;
		};
		A2887BF025816AE00026164A /* Release */ = {
			isa = XCBuildConfiguration;
			buildSettings = {
				ASSETCATALOG_COMPILER_APPICON_NAME = AppIcon;
				CODE_SIGN_STYLE = Automatic;
				INFOPLIST_FILE = TimerDemoProject/Info.plist;
				LD_RUNPATH_SEARCH_PATHS = (
					"$(inherited)",
					"@executable_path/Frameworks",
				);
				PRODUCT_BUNDLE_IDENTIFIER = com.example.TimerDemoProject;
				PRODUCT_NAME = "$(TARGET_NAME)";
				SWIFT_VERSION = 5.0;
				TARGETED_DEVICE_FAMILY = "1,2";
			};
			name = Release;
		};
/* End XCBuildConfiguration section */

/* Begin XCConfigurationList section */
		A2887BD525816ADD0026164A /* Build configuration list for PBXProject "TimerDemoProject" */ = {
			isa = XCConfigurationList;
			buildConfigurations = (
				A2887BEC25816AE00026164A /* Debug */,
				A2887BED25816AE00026164A /* Release */,
			);
			defaultConfigurationIsVisible = 0;
			defaultConfigurationName = Release;
		};
		A2887BEE25816AE00026164A /* Build configuration list for PBXNativeTarget "TimerDemoProject" */ = {
			isa = XCConfigurationList;
			buildConfigurations = (
				A2887BEF25816AE00026164A /* Debug */,
				A2887BF025816AE00026164A /* Release */,
			);
			defaultConfigurationIsVisible = 0;
			defaultConfigurationName = Release;
		};
/* End XCConfigurationList section */
	};
	rootObject = A2887BD225816ADD0026164A /* Project object */;
}
