// !$*UTF8*$!
{
	archiveVersion = 1;
	classes = {
	};
	objectVersion = 50;
	objects = {

/* Begin PBXBuildFile section */
		5249E475234558CB00063A16 /* AppDelegate.swift in Sources */ = {isa = PBXBuildFile; fileRef = 5249E474234558CB00063A16 /* AppDelegate.swift */; };
		5249E477234558CB00063A16 /* SceneDelegate.swift in Sources */ = {isa = PBXBuildFile; fileRef = 5249E476234558CB00063A16 /* SceneDelegate.swift */; };
		5249E479234558CB00063A16 /* MasterViewController.swift in Sources */ = {isa = PBXBuildFile; fileRef = 5249E478234558CB00063A16 /* MasterViewController.swift */; };
		5249E47B234558CB00063A16 /* DetailViewController.swift in Sources */ = {isa = PBXBuildFile; fileRef = 5249E47A234558CB00063A16 /* DetailViewController.swift */; };
		5249E47E234558CB00063A16 /* Main.storyboard in Resources */ = {isa = PBXBuildFile; fileRef = 5249E47C234558CB00063A16 /* Main.storyboard */; };
		5249E480234558CC00063A16 /* Assets.xcassets in Resources */ = {isa = PBXBuildFile; fileRef = 5249E47F234558CC00063A16 /* Assets.xcassets */; };
		5249E483234558CC00063A16 /* LaunchScreen.storyboard in Resources */ = {isa = PBXBuildFile; fileRef = 5249E481234558CC00063A16 /* LaunchScreen.storyboard */; };
		A2E66C8D255320D70068CCA6 /* TableViewCell.swift in Sources */ = {isa = PBXBuildFile; fileRef = A2E66C8C255320D70068CCA6 /* TableViewCell.swift */; };
/* End PBXBuildFile section */

/* Begin PBXFileReference section */
		5249E471234558CB00063A16 /* MultipleViews.app */ = {isa = PBXFileReference; explicitFileType = wrapper.application; includeInIndex = 0; path = MultipleViews.app; sourceTree = BUILT_PRODUCTS_DIR; };
		5249E474234558CB00063A16 /* AppDelegate.swift */ = {isa = PBXFileReference; lastKnownFileType = sourcecode.swift; path = AppDelegate.swift; sourceTree = "<group>"; };
		5249E476234558CB00063A16 /* SceneDelegate.swift */ = {isa = PBXFileReference; lastKnownFileType = sourcecode.swift; path = SceneDelegate.swift; sourceTree = "<group>"; };
		5249E478234558CB00063A16 /* MasterViewController.swift */ = {isa = PBXFileReference; lastKnownFileType = sourcecode.swift; path = MasterViewController.swift; sourceTree = "<group>"; };
		5249E47A234558CB00063A16 /* DetailViewController.swift */ = {isa = PBXFileReference; lastKnownFileType = sourcecode.swift; path = DetailViewController.swift; sourceTree = "<group>"; };
		5249E47D234558CB00063A16 /* Base */ = {isa = PBXFileReference; lastKnownFileType = file.storyboard; name = Base; path = Base.lproj/Main.storyboard; sourceTree = "<group>"; };
		5249E47F234558CC00063A16 /* Assets.xcassets */ = {isa = PBXFileReference; lastKnownFileType = folder.assetcatalog; path = Assets.xcassets; sourceTree = "<group>"; };
		5249E482234558CC00063A16 /* Base */ = {isa = PBXFileReference; lastKnownFileType = file.storyboard; name = Base; path = Base.lproj/LaunchScreen.storyboard; sourceTree = "<group>"; };
		5249E484234558CC00063A16 /* Info.plist */ = {isa = PBXFileReference; lastKnownFileType = text.plist.xml; path = Info.plist; sourceTree = "<group>"; };
		A2E66C8C255320D70068CCA6 /* TableViewCell.swift */ = {isa = PBXFileReference; lastKnownFileType = sourcecode.swift; path = TableViewCell.swift; sourceTree = "<group>"; };
/* End PBXFileReference section */

/* Begin PBXFrameworksBuildPhase section */
		5249E46E234558CB00063A16 /* Frameworks */ = {
			isa = PBXFrameworksBuildPhase;
			buildActionMask = 2147483647;
			files = (
			);
			runOnlyForDeploymentPostprocessing = 0;
		};
/* End PBXFrameworksBuildPhase section */

/* Begin PBXGroup section */
		5249E468234558CB00063A16 = {
			isa = PBXGroup;
			children = (
				5249E473234558CB00063A16 /* MultipleViews */,
				5249E472234558CB00063A16 /* Products */,
			);
			sourceTree = "<group>";
		};
		5249E472234558CB00063A16 /* Products */ = {
			isa = PBXGroup;
			children = (
				5249E471234558CB00063A16 /* MultipleViews.app */,
			);
			name = Products;
			sourceTree = "<group>";
		};
		5249E473234558CB00063A16 /* MultipleViews */ = {
			isa = PBXGroup;
			children = (
				5249E474234558CB00063A16 /* AppDelegate.swift */,
				5249E476234558CB00063A16 /* SceneDelegate.swift */,
				5249E478234558CB00063A16 /* MasterViewController.swift */,
				5249E47A234558CB00063A16 /* DetailViewController.swift */,
				A2E66C8C255320D70068CCA6 /* TableViewCell.swift */,
				5249E47C234558CB00063A16 /* Main.storyboard */,
				5249E47F234558CC00063A16 /* Assets.xcassets */,
				5249E481234558CC00063A16 /* LaunchScreen.storyboard */,
				5249E484234558CC00063A16 /* Info.plist */,
			);
			path = MultipleViews;
			sourceTree = "<group>";
		};
/* End PBXGroup section */

/* Begin PBXNativeTarget section */
		5249E470234558CB00063A16 /* MultipleViews */ = {
			isa = PBXNativeTarget;
			buildConfigurationList = 5249E487234558CC00063A16 /* Build configuration list for PBXNativeTarget "MultipleViews" */;
			buildPhases = (
				5249E46D234558CB00063A16 /* Sources */,
				5249E46E234558CB00063A16 /* Frameworks */,
				5249E46F234558CB00063A16 /* Resources */,
			);
			buildRules = (
			);
			dependencies = (
			);
			name = MultipleViews;
			productName = MultipleViews;
			productReference = 5249E471234558CB00063A16 /* MultipleViews.app */;
			productType = "com.apple.product-type.application";
		};
/* End PBXNativeTarget section */

/* Begin PBXProject section */
		5249E469234558CB00063A16 /* Project object */ = {
			isa = PBXProject;
			attributes = {
				LastSwiftUpdateCheck = 1100;
				LastUpgradeCheck = 1100;
				ORGANIZATIONNAME = "Todd Perkins";
				TargetAttributes = {
					5249E470234558CB00063A16 = {
						CreatedOnToolsVersion = 11.0;
					};
				};
			};
			buildConfigurationList = 5249E46C234558CB00063A16 /* Build configuration list for PBXProject "MultipleViews" */;
			compatibilityVersion = "Xcode 9.3";
			developmentRegion = en;
			hasScannedForEncodings = 0;
			knownRegions = (
				en,
				Base,
			);
			mainGroup = 5249E468234558CB00063A16;
			productRefGroup = 5249E472234558CB00063A16 /* Products */;
			projectDirPath = "";
			projectRoot = "";
			targets = (
				5249E470234558CB00063A16 /* MultipleViews */,
			);
		};
/* End PBXProject section */

/* Begin PBXResourcesBuildPhase section */
		5249E46F234558CB00063A16 /* Resources */ = {
			isa = PBXResourcesBuildPhase;
			buildActionMask = 2147483647;
			files = (
				5249E483234558CC00063A16 /* LaunchScreen.storyboard in Resources */,
				5249E480234558CC00063A16 /* Assets.xcassets in Resources */,
				5249E47E234558CB00063A16 /* Main.storyboard in Resources */,
			);
			runOnlyForDeploymentPostprocessing = 0;
		};
/* End PBXResourcesBuildPhase section */

/* Begin PBXSourcesBuildPhase section */
		5249E46D234558CB00063A16 /* Sources */ = {
			isa = PBXSourcesBuildPhase;
			buildActionMask = 2147483647;
			files = (
				A2E66C8D255320D70068CCA6 /* TableViewCell.swift in Sources */,
				5249E475234558CB00063A16 /* AppDelegate.swift in Sources */,
				5249E477234558CB00063A16 /* SceneDelegate.swift in Sources */,
				5249E479234558CB00063A16 /* MasterViewController.swift in Sources */,
				5249E47B234558CB00063A16 /* DetailViewController.swift in Sources */,
			);
			runOnlyForDeploymentPostprocessing = 0;
		};
/* End PBXSourcesBuildPhase section */

/* Begin PBXVariantGroup section */
		5249E47C234558CB00063A16 /* Main.storyboard */ = {
			isa = PBXVariantGroup;
			children = (
				5249E47D234558CB00063A16 /* Base */,
			);
			name = Main.storyboard;
			sourceTree = "<group>";
		};
		5249E481234558CC00063A16 /* LaunchScreen.storyboard */ = {
			isa = PBXVariantGroup;
			children = (
				5249E482234558CC00063A16 /* Base */,
			);
			name = LaunchScreen.storyboard;
			sourceTree = "<group>";
		};
/* End PBXVariantGroup section */

/* Begin XCBuildConfiguration section */
		5249E485234558CC00063A16 /* Debug */ = {
			isa = XCBuildConfiguration;
			buildSettings = {
				ALWAYS_SEARCH_USER_PATHS = NO;
				CLANG_ANALYZER_NONNULL = YES;
				CLANG_ANALYZER_NUMBER_OBJECT_CONVERSION = YES_AGGRESSIVE;
				CLANG_CXX_LANGUAGE_STANDARD = "gnu++14";
				CLANG_CXX_LIBRARY = "libc++";
				CLANG_ENABLE_MODULES = YES;
				CLANG_ENABLE_OBJC_ARC = YES;
				CLANG_ENABLE_OBJC_WEAK = YES;
				CLANG_WARN_BLOCK_CAPTURE_AUTORELEASING = YES;
				CLANG_WARN_BOOL_CONVERSION = YES;
				CLANG_WARN_COMMA = YES;
				CLANG_WARN_CONSTANT_CONVERSION = YES;
				CLANG_WARN_DEPRECATED_OBJC_IMPLEMENTATIONS = YES;
				CLANG_WARN_DIRECT_OBJC_ISA_USAGE = YES_ERROR;
				CLANG_WARN_DOCUMENTATION_COMMENTS = YES;
				CLANG_WARN_EMPTY_BODY = YES;
				CLANG_WARN_ENUM_CONVERSION = YES;
				CLANG_WARN_INFINITE_RECURSION = YES;
				CLANG_WARN_INT_CONVERSION = YES;
				CLANG_WARN_NON_LITERAL_NULL_CONVERSION = YES;
				CLANG_WARN_OBJC_IMPLICIT_RETAIN_SELF = YES;
				CLANG_WARN_OBJC_LITERAL_CONVERSION = YES;
				CLANG_WARN_OBJC_ROOT_CLASS = YES_ERROR;
				CLANG_WARN_RANGE_LOOP_ANALYSIS = YES;
				CLANG_WARN_STRICT_PROTOTYPES = YES;
				CLANG_WARN_SUSPICIOUS_MOVE = YES;
				CLANG_WARN_UNGUARDED_AVAILABILITY = YES_AGGRESSIVE;
				CLANG_WARN_UNREACHABLE_CODE = YES;
				CLANG_WARN__DUPLICATE_METHOD_MATCH = YES;
				COPY_PHASE_STRIP = NO;
				DEBUG_INFORMATION_FORMAT = dwarf;
				ENABLE_STRICT_OBJC_MSGSEND = YES;
				ENABLE_TESTABILITY = YES;
				GCC_C_LANGUAGE_STANDARD = gnu11;
				GCC_DYNAMIC_NO_PIC = NO;
				GCC_NO_COMMON_BLOCKS = YES;
				GCC_OPTIMIZATION_LEVEL = 0;
				GCC_PREPROCESSOR_DEFINITIONS = (
					"DEBUG=1",
					"$(inherited)",
				);
				GCC_WARN_64_TO_32_BIT_CONVERSION = YES;
				GCC_WARN_ABOUT_RETURN_TYPE = YES_ERROR;
				GCC_WARN_UNDECLARED_SELECTOR = YES;
				GCC_WARN_UNINITIALIZED_AUTOS = YES_AGGRESSIVE;
				GCC_WARN_UNUSED_FUNCTION = YES;
				GCC_WARN_UNUSED_VARIABLE = YES;
				IPHONEOS_DEPLOYMENT_TARGET = 13.0;
				MTL_ENABLE_DEBUG_INFO = INCLUDE_SOURCE;
				MTL_FAST_MATH = YES;
				ONLY_ACTIVE_ARCH = YES;
				SDKROOT = iphoneos;
				SWIFT_ACTIVE_COMPILATION_CONDITIONS = DEBUG;
				SWIFT_OPTIMIZATION_LEVEL = "-Onone";
			};
			name = Debug;
		};
		5249E486234558CC00063A16 /* Release */ = {
			isa = XCBuildConfiguration;
			buildSettings = {
				ALWAYS_SEARCH_USER_PATHS = NO;
				CLANG_ANALYZER_NONNULL = YES;
				CLANG_ANALYZER_NUMBER_OBJECT_CONVERSION = YES_AGGRESSIVE;
				CLANG_CXX_LANGUAGE_STANDARD = "gnu++14";
				CLANG_CXX_LIBRARY = "libc++";
				CLANG_ENABLE_MODULES = YES;
				CLANG_ENABLE_OBJC_ARC = YES;
				CLANG_ENABLE_OBJC_WEAK = YES;
				CLANG_WARN_BLOCK_CAPTURE_AUTORELEASING = YES;
				CLANG_WARN_BOOL_CONVERSION = YES;
				CLANG_WARN_COMMA = YES;
				CLANG_WARN_CONSTANT_CONVERSION = YES;
				CLANG_WARN_DEPRECATED_OBJC_IMPLEMENTATIONS = YES;
				CLANG_WARN_DIRECT_OBJC_ISA_USAGE = YES_ERROR;
				CLANG_WARN_DOCUMENTATION_COMMENTS = YES;
				CLANG_WARN_EMPTY_BODY = YES;
				CLANG_WARN_ENUM_CONVERSION = YES;
				CLANG_WARN_INFINITE_RECURSION = YES;
				CLANG_WARN_INT_CONVERSION = YES;
				CLANG_WARN_NON_LITERAL_NULL_CONVERSION = YES;
				CLANG_WARN_OBJC_IMPLICIT_RETAIN_SELF = YES;
				CLANG_WARN_OBJC_LITERAL_CONVERSION = YES;
				CLANG_WARN_OBJC_ROOT_CLASS = YES_ERROR;
				CLANG_WARN_RANGE_LOOP_ANALYSIS = YES;
				CLANG_WARN_STRICT_PROTOTYPES = YES;
				CLANG_WARN_SUSPICIOUS_MOVE = YES;
				CLANG_WARN_UNGUARDED_AVAILABILITY = YES_AGGRESSIVE;
				CLANG_WARN_UNREACHABLE_CODE = YES;
				CLANG_WARN__DUPLICATE_METHOD_MATCH = YES;
				COPY_PHASE_STRIP = NO;
				DEBUG_INFORMATION_FORMAT = "dwarf-with-dsym";
				ENABLE_NS_ASSERTIONS = NO;
				ENABLE_STRICT_OBJC_MSGSEND = YES;
				GCC_C_LANGUAGE_STANDARD = gnu11;
				GCC_NO_COMMON_BLOCKS = YES;
				GCC_WARN_64_TO_32_BIT_CONVERSION = YES;
				GCC_WARN_ABOUT_RETURN_TYPE = YES_ERROR;
				GCC_WARN_UNDECLARED_SELECTOR = YES;
				GCC_WARN_UNINITIALIZED_AUTOS = YES_AGGRESSIVE;
				GCC_WARN_UNUSED_FUNCTION = YES;
				GCC_WARN_UNUSED_VARIABLE = YES;
				IPHONEOS_DEPLOYMENT_TARGET = 13.0;
				MTL_ENABLE_DEBUG_INFO = NO;
				MTL_FAST_MATH = YES;
				SDKROOT = iphoneos;
				SWIFT_COMPILATION_MODE = wholemodule;
				SWIFT_OPTIMIZATION_LEVEL = "-O";
				VALIDATE_PRODUCT = YES;
			};
			name = Release;
		};
		5249E488234558CC00063A16 /* Debug */ = {
			isa = XCBuildConfiguration;
			buildSettings = {
				ASSETCATALOG_COMPILER_APPICON_NAME = AppIcon;
				CODE_SIGN_STYLE = Automatic;
				DEVELOPMENT_TEAM = 645DPB2K5W;
				INFOPLIST_FILE = MultipleViews/Info.plist;
				LD_RUNPATH_SEARCH_PATHS = (
					"$(inherited)",
					"@executable_path/Frameworks",
				);
				PRODUCT_BUNDLE_IDENTIFIER = com.toddperkins.MultipleViews;
				PRODUCT_NAME = "$(TARGET_NAME)";
				SWIFT_VERSION = 5.0;
				TARGETED_DEVICE_FAMILY = "1,2";
			};
			name = Debug;
		};
		5249E489234558CC00063A16 /* Release */ = {
			isa = XCBuildConfiguration;
			buildSettings = {
				ASSETCATALOG_COMPILER_APPICON_NAME = AppIcon;
				CODE_SIGN_STYLE = Automatic;
				DEVELOPMENT_TEAM = 645DPB2K5W;
				INFOPLIST_FILE = MultipleViews/Info.plist;
				LD_RUNPATH_SEARCH_PATHS = (
					"$(inherited)",
					"@executable_path/Frameworks",
				);
				PRODUCT_BUNDLE_IDENTIFIER = com.toddperkins.MultipleViews;
				PRODUCT_NAME = "$(TARGET_NAME)";
				SWIFT_VERSION = 5.0;
				TARGETED_DEVICE_FAMILY = "1,2";
			};
			name = Release;
		};
/* End XCBuildConfiguration section */

/* Begin XCConfigurationList section */
		5249E46C234558CB00063A16 /* Build configuration list for PBXProject "MultipleViews" */ = {
			isa = XCConfigurationList;
			buildConfigurations = (
				5249E485234558CC00063A16 /* Debug */,
				5249E486234558CC00063A16 /* Release */,
			);
			defaultConfigurationIsVisible = 0;
			defaultConfigurationName = Release;
		};
		5249E487234558CC00063A16 /* Build configuration list for PBXNativeTarget "MultipleViews" */ = {
			isa = XCConfigurationList;
			buildConfigurations = (
				5249E488234558CC00063A16 /* Debug */,
				5249E489234558CC00063A16 /* Release */,
			);
			defaultConfigurationIsVisible = 0;
			defaultConfigurationName = Release;
		};
/* End XCConfigurationList section */
	};
	rootObject = 5249E469234558CB00063A16 /* Project object */;
}
